// !$*UTF8*$!
{
	archiveVersion = 1;
	classes = {
	};
	objectVersion = 46;
	objects = {

/* Begin PBXBuildFile section */
		C400450D1A81B3CE0084F8FF /* headerCollectionReusableView.m in Sources */ = {isa = PBXBuildFile; fileRef = C400450C1A81B3CE0084F8FF /* headerCollectionReusableView.m */; };
		C41BC5901A84C3F500DC6B59 /* Images.xcassets in Resources */ = {isa = PBXBuildFile; fileRef = C41BC58F1A84C3F500DC6B59 /* Images.xcassets */; };
		C41BC5921A84D1E300DC6B59 /* Social.framework in Frameworks */ = {isa = PBXBuildFile; fileRef = C41BC5911A84D1E300DC6B59 /* Social.framework */; };
		C41C76E21A860BD600824696 /* flat-ui-icons-regular.ttf in Resources */ = {isa = PBXBuildFile; fileRef = C41C76DD1A860BD600824696 /* flat-ui-icons-regular.ttf */; };
		C41C76E31A860BD600824696 /* Lato-Bold.ttf in Resources */ = {isa = PBXBuildFile; fileRef = C41C76DE1A860BD600824696 /* Lato-Bold.ttf */; };
		C41C76E41A860BD600824696 /* Lato-Italic.ttf in Resources */ = {isa = PBXBuildFile; fileRef = C41C76DF1A860BD600824696 /* Lato-Italic.ttf */; };
		C41C76E51A860BD600824696 /* Lato-Light.ttf in Resources */ = {isa = PBXBuildFile; fileRef = C41C76E01A860BD600824696 /* Lato-Light.ttf */; };
		C41C76E61A860BD600824696 /* Lato-Regular.ttf in Resources */ = {isa = PBXBuildFile; fileRef = C41C76E11A860BD600824696 /* Lato-Regular.ttf */; };
		C41C77121A860C5D00824696 /* FUIAlertView.m in Sources */ = {isa = PBXBuildFile; fileRef = C41C76EB1A860C5D00824696 /* FUIAlertView.m */; };
		C41C77131A860C5E00824696 /* FUIButton.m in Sources */ = {isa = PBXBuildFile; fileRef = C41C76ED1A860C5D00824696 /* FUIButton.m */; };
		C41C77141A860C5E00824696 /* FUICellBackgroundView.m in Sources */ = {isa = PBXBuildFile; fileRef = C41C76EF1A860C5D00824696 /* FUICellBackgroundView.m */; };
		C41C77151A860C5E00824696 /* FUIPopoverBackgroundView.m in Sources */ = {isa = PBXBuildFile; fileRef = C41C76F11A860C5D00824696 /* FUIPopoverBackgroundView.m */; };
		C41C77161A860C5E00824696 /* FUISegmentedControl.m in Sources */ = {isa = PBXBuildFile; fileRef = C41C76F31A860C5D00824696 /* FUISegmentedControl.m */; };
		C41C77171A860C5E00824696 /* FUISwitch.m in Sources */ = {isa = PBXBuildFile; fileRef = C41C76F51A860C5D00824696 /* FUISwitch.m */; };
		C41C77181A860C5E00824696 /* FUITextField.m in Sources */ = {isa = PBXBuildFile; fileRef = C41C76F71A860C5D00824696 /* FUITextField.m */; };
		C41C77191A860C5E00824696 /* NSString+Icons.m in Sources */ = {isa = PBXBuildFile; fileRef = C41C76F91A860C5D00824696 /* NSString+Icons.m */; };
		C41C771A1A860C5E00824696 /* UIBarButtonItem+FlatUI.m in Sources */ = {isa = PBXBuildFile; fileRef = C41C76FB1A860C5D00824696 /* UIBarButtonItem+FlatUI.m */; };
		C41C771B1A860C5E00824696 /* UIColor+FlatUI.m in Sources */ = {isa = PBXBuildFile; fileRef = C41C76FD1A860C5D00824696 /* UIColor+FlatUI.m */; };
		C41C771C1A860C5E00824696 /* UIFont+FlatUI.m in Sources */ = {isa = PBXBuildFile; fileRef = C41C76FF1A860C5D00824696 /* UIFont+FlatUI.m */; };
		C41C771D1A860C5E00824696 /* UIImage+FlatUI.m in Sources */ = {isa = PBXBuildFile; fileRef = C41C77011A860C5D00824696 /* UIImage+FlatUI.m */; };
		C41C771E1A860C5E00824696 /* UINavigationBar+FlatUI.m in Sources */ = {isa = PBXBuildFile; fileRef = C41C77031A860C5D00824696 /* UINavigationBar+FlatUI.m */; };
		C41C771F1A860C5E00824696 /* UIPopoverController+FlatUI.m in Sources */ = {isa = PBXBuildFile; fileRef = C41C77051A860C5D00824696 /* UIPopoverController+FlatUI.m */; };
		C41C77201A860C5E00824696 /* UIProgressView+FlatUI.m in Sources */ = {isa = PBXBuildFile; fileRef = C41C77071A860C5D00824696 /* UIProgressView+FlatUI.m */; };
		C41C77211A860C5E00824696 /* UISlider+FlatUI.m in Sources */ = {isa = PBXBuildFile; fileRef = C41C77091A860C5D00824696 /* UISlider+FlatUI.m */; };
		C41C77221A860C5E00824696 /* UIStepper+FlatUI.m in Sources */ = {isa = PBXBuildFile; fileRef = C41C770B1A860C5D00824696 /* UIStepper+FlatUI.m */; };
		C41C77231A860C5E00824696 /* UITabBar+FlatUI.m in Sources */ = {isa = PBXBuildFile; fileRef = C41C770D1A860C5D00824696 /* UITabBar+FlatUI.m */; };
		C41C77241A860C5E00824696 /* UITableViewCell+FlatUI.m in Sources */ = {isa = PBXBuildFile; fileRef = C41C770F1A860C5D00824696 /* UITableViewCell+FlatUI.m */; };
		C41C77251A860C5E00824696 /* UIToolbar+FlatUI.m in Sources */ = {isa = PBXBuildFile; fileRef = C41C77111A860C5D00824696 /* UIToolbar+FlatUI.m */; };
		C41C77271A860D2500824696 /* CoreText.framework in Frameworks */ = {isa = PBXBuildFile; fileRef = C41C77261A860D2500824696 /* CoreText.framework */; };
		C4250B7A1A7375A9005B5F27 /* playViewController.m in Sources */ = {isa = PBXBuildFile; fileRef = C4250B791A7375A9005B5F27 /* playViewController.m */; };
		C456DC951A76325F005E25B0 /* titleViewController.m in Sources */ = {isa = PBXBuildFile; fileRef = C456DC941A76325F005E25B0 /* titleViewController.m */; };
		C456DC981A763303005E25B0 /* pictureViewController.m in Sources */ = {isa = PBXBuildFile; fileRef = C456DC971A763303005E25B0 /* pictureViewController.m */; };
		C4598A6D1A7F91D300AEBBC9 /* hardPlayViewController.m in Sources */ = {isa = PBXBuildFile; fileRef = C4598A6C1A7F91D300AEBBC9 /* hardPlayViewController.m */; };
		C47118261B77A5270003B393 /* CLImageEditor.bundle in Resources */ = {isa = PBXBuildFile; fileRef = C47117D41B77A5270003B393 /* CLImageEditor.bundle */; };
		C47118271B77A5270003B393 /* CLImageEditor.m in Sources */ = {isa = PBXBuildFile; fileRef = C47117D61B77A5270003B393 /* CLImageEditor.m */; };
		C47118281B77A5270003B393 /* CLImageEditorTheme.m in Sources */ = {isa = PBXBuildFile; fileRef = C47117D81B77A5270003B393 /* CLImageEditorTheme.m */; };
		C47118291B77A5270003B393 /* CLImageToolInfo.m in Sources */ = {isa = PBXBuildFile; fileRef = C47117DA1B77A5270003B393 /* CLImageToolInfo.m */; };
		C471182A1B77A5270003B393 /* CLAdjustmentTool.m in Sources */ = {isa = PBXBuildFile; fileRef = C47117DE1B77A5270003B393 /* CLAdjustmentTool.m */; };
		C471182B1B77A5270003B393 /* CLBlurTool.m in Sources */ = {isa = PBXBuildFile; fileRef = C47117E11B77A5270003B393 /* CLBlurTool.m */; };
		C471182C1B77A5270003B393 /* CLClippingTool.m in Sources */ = {isa = PBXBuildFile; fileRef = C47117E41B77A5270003B393 /* CLClippingTool.m */; };
		C471182D1B77A5270003B393 /* CLDrawTool.m in Sources */ = {isa = PBXBuildFile; fileRef = C47117E71B77A5270003B393 /* CLDrawTool.m */; };
		C471182E1B77A5270003B393 /* CLBloomEffect.m in Sources */ = {isa = PBXBuildFile; fileRef = C47117EB1B77A5270003B393 /* CLBloomEffect.m */; };
		C471182F1B77A5270003B393 /* CLGloomEffect.m in Sources */ = {isa = PBXBuildFile; fileRef = C47117ED1B77A5270003B393 /* CLGloomEffect.m */; };
		C47118301B77A5270003B393 /* CLHighlightShadowEffect.m in Sources */ = {isa = PBXBuildFile; fileRef = C47117EF1B77A5270003B393 /* CLHighlightShadowEffect.m */; };
		C47118311B77A5270003B393 /* CLHueEffect.m in Sources */ = {isa = PBXBuildFile; fileRef = C47117F11B77A5270003B393 /* CLHueEffect.m */; };
		C47118321B77A5270003B393 /* CLPixellateEffect.m in Sources */ = {isa = PBXBuildFile; fileRef = C47117F31B77A5270003B393 /* CLPixellateEffect.m */; };
		C47118331B77A5270003B393 /* CLPosterizeEffect.m in Sources */ = {isa = PBXBuildFile; fileRef = C47117F51B77A5270003B393 /* CLPosterizeEffect.m */; };
		C47118341B77A5270003B393 /* CLSpotEffect.m in Sources */ = {isa = PBXBuildFile; fileRef = C47117F71B77A5270003B393 /* CLSpotEffect.m */; };
		C47118351B77A5270003B393 /* CLEffectBase.m in Sources */ = {isa = PBXBuildFile; fileRef = C47117F91B77A5270003B393 /* CLEffectBase.m */; };
		C47118361B77A5270003B393 /* CLEffectTool.m in Sources */ = {isa = PBXBuildFile; fileRef = C47117FB1B77A5270003B393 /* CLEffectTool.m */; };
		C47118371B77A5270003B393 /* CLFilterBase.m in Sources */ = {isa = PBXBuildFile; fileRef = C47117FE1B77A5270003B393 /* CLFilterBase.m */; };
		C47118381B77A5270003B393 /* CLFilterTool.m in Sources */ = {isa = PBXBuildFile; fileRef = C47118001B77A5270003B393 /* CLFilterTool.m */; };
		C47118391B77A5270003B393 /* CLImageToolBase.m in Sources */ = {isa = PBXBuildFile; fileRef = C47118021B77A5270003B393 /* CLImageToolBase.m */; };
		C471183A1B77A5270003B393 /* CLRotateTool.m in Sources */ = {isa = PBXBuildFile; fileRef = C47118051B77A5270003B393 /* CLRotateTool.m */; };
		C471183B1B77A5270003B393 /* CLToneCurveTool.m in Sources */ = {isa = PBXBuildFile; fileRef = C47118081B77A5270003B393 /* CLToneCurveTool.m */; };
		C471183C1B77A5270003B393 /* CLCircleView.m in Sources */ = {isa = PBXBuildFile; fileRef = C471180B1B77A5270003B393 /* CLCircleView.m */; };
		C471183D1B77A5270003B393 /* CLColorPickerView.m in Sources */ = {isa = PBXBuildFile; fileRef = C471180D1B77A5270003B393 /* CLColorPickerView.m */; };
		C471183E1B77A5270003B393 /* CLImageEditorTheme+Private.m in Sources */ = {isa = PBXBuildFile; fileRef = C471180F1B77A5270003B393 /* CLImageEditorTheme+Private.m */; };
		C471183F1B77A5270003B393 /* CLImageToolInfo+Private.m in Sources */ = {isa = PBXBuildFile; fileRef = C47118111B77A5270003B393 /* CLImageToolInfo+Private.m */; };
		C47118401B77A5270003B393 /* CLToolbarMenuItem.m in Sources */ = {isa = PBXBuildFile; fileRef = C47118151B77A5270003B393 /* CLToolbarMenuItem.m */; };
		C47118411B77A5270003B393 /* UIView+CLImageToolInfo.m in Sources */ = {isa = PBXBuildFile; fileRef = C47118171B77A5270003B393 /* UIView+CLImageToolInfo.m */; };
		C47118421B77A5270003B393 /* CLClassList.m in Sources */ = {isa = PBXBuildFile; fileRef = C471181A1B77A5270003B393 /* CLClassList.m */; };
		C47118431B77A5270003B393 /* CLSplineInterpolator.m in Sources */ = {isa = PBXBuildFile; fileRef = C471181C1B77A5270003B393 /* CLSplineInterpolator.m */; };
		C47118441B77A5270003B393 /* UIDevice+SystemVersion.m in Sources */ = {isa = PBXBuildFile; fileRef = C471181E1B77A5270003B393 /* UIDevice+SystemVersion.m */; };
		C47118451B77A5270003B393 /* UIImage+Utility.m in Sources */ = {isa = PBXBuildFile; fileRef = C47118201B77A5270003B393 /* UIImage+Utility.m */; };
		C47118461B77A5270003B393 /* UIView+Frame.m in Sources */ = {isa = PBXBuildFile; fileRef = C47118221B77A5270003B393 /* UIView+Frame.m */; };
		C47118471B77A5270003B393 /* _CLImageEditorViewController.m in Sources */ = {isa = PBXBuildFile; fileRef = C47118251B77A5270003B393 /* _CLImageEditorViewController.m */; };
		C47865BE1A790E790090350E /* QuartzCore.framework in Frameworks */ = {isa = PBXBuildFile; fileRef = C47865BC1A790E480090350E /* QuartzCore.framework */; };
		C47D05751A8B003500D06781 /* iAd.framework in Frameworks */ = {isa = PBXBuildFile; fileRef = C47D05741A8B003500D06781 /* iAd.framework */; };
		C4A9D4F21A736D0900DA4AEA /* main.m in Sources */ = {isa = PBXBuildFile; fileRef = C4A9D4F11A736D0900DA4AEA /* main.m */; };
		C4A9D4F51A736D0900DA4AEA /* AppDelegate.m in Sources */ = {isa = PBXBuildFile; fileRef = C4A9D4F41A736D0900DA4AEA /* AppDelegate.m */; };
		C4A9D4F81A736D0A00DA4AEA /* originalSlideGame.xcdatamodeld in Sources */ = {isa = PBXBuildFile; fileRef = C4A9D4F61A736D0900DA4AEA /* originalSlideGame.xcdatamodeld */; };
		C4A9D4FE1A736D0A00DA4AEA /* Main.storyboard in Resources */ = {isa = PBXBuildFile; fileRef = C4A9D4FC1A736D0A00DA4AEA /* Main.storyboard */; };
		C4A9D5031A736D0A00DA4AEA /* LaunchScreen.xib in Resources */ = {isa = PBXBuildFile; fileRef = C4A9D5011A736D0A00DA4AEA /* LaunchScreen.xib */; };
		C4A9D50F1A736D0A00DA4AEA /* originalSlideGameTests.m in Sources */ = {isa = PBXBuildFile; fileRef = C4A9D50E1A736D0A00DA4AEA /* originalSlideGameTests.m */; };
		C4BE68321A7BA5F400815D1D /* listCollectionViewController.m in Sources */ = {isa = PBXBuildFile; fileRef = C4BE68311A7BA5F400815D1D /* listCollectionViewController.m */; };
		C4BE68351A7BA73600815D1D /* gameCollectionViewCell.m in Sources */ = {isa = PBXBuildFile; fileRef = C4BE68341A7BA73600815D1D /* gameCollectionViewCell.m */; };
		C4F332811A771C1700374362 /* resultViewController.m in Sources */ = {isa = PBXBuildFile; fileRef = C4F332801A771C1700374362 /* resultViewController.m */; };
/* End PBXBuildFile section */

/* Begin PBXContainerItemProxy section */
		C4A9D5091A736D0A00DA4AEA /* PBXContainerItemProxy */ = {
			isa = PBXContainerItemProxy;
			containerPortal = C4A9D4E41A736D0900DA4AEA /* Project object */;
			proxyType = 1;
			remoteGlobalIDString = C4A9D4EB1A736D0900DA4AEA;
			remoteInfo = originalSlideGame;
		};
/* End PBXContainerItemProxy section */

/* Begin PBXFileReference section */
		C400450B1A81B3CE0084F8FF /* headerCollectionReusableView.h */ = {isa = PBXFileReference; fileEncoding = 4; lastKnownFileType = sourcecode.c.h; path = headerCollectionReusableView.h; sourceTree = "<group>"; };
		C400450C1A81B3CE0084F8FF /* headerCollectionReusableView.m */ = {isa = PBXFileReference; fileEncoding = 4; lastKnownFileType = sourcecode.c.objc; path = headerCollectionReusableView.m; sourceTree = "<group>"; };
		C41BC58F1A84C3F500DC6B59 /* Images.xcassets */ = {isa = PBXFileReference; lastKnownFileType = folder.assetcatalog; path = Images.xcassets; sourceTree = "<group>"; };
		C41BC5911A84D1E300DC6B59 /* Social.framework */ = {isa = PBXFileReference; lastKnownFileType = wrapper.framework; name = Social.framework; path = System/Library/Frameworks/Social.framework; sourceTree = SDKROOT; };
		C41C76DD1A860BD600824696 /* flat-ui-icons-regular.ttf */ = {isa = PBXFileReference; lastKnownFileType = file; path = "flat-ui-icons-regular.ttf"; sourceTree = "<group>"; };
		C41C76DE1A860BD600824696 /* Lato-Bold.ttf */ = {isa = PBXFileReference; lastKnownFileType = file; path = "Lato-Bold.ttf"; sourceTree = "<group>"; };
		C41C76DF1A860BD600824696 /* Lato-Italic.ttf */ = {isa = PBXFileReference; lastKnownFileType = file; path = "Lato-Italic.ttf"; sourceTree = "<group>"; };
		C41C76E01A860BD600824696 /* Lato-Light.ttf */ = {isa = PBXFileReference; lastKnownFileType = file; path = "Lato-Light.ttf"; sourceTree = "<group>"; };
		C41C76E11A860BD600824696 /* Lato-Regular.ttf */ = {isa = PBXFileReference; lastKnownFileType = file; path = "Lato-Regular.ttf"; sourceTree = "<group>"; };
		C41C76E91A860C5D00824696 /* FlatUIKit.h */ = {isa = PBXFileReference; fileEncoding = 4; lastKnownFileType = sourcecode.c.h; path = FlatUIKit.h; sourceTree = "<group>"; };
		C41C76EA1A860C5D00824696 /* FUIAlertView.h */ = {isa = PBXFileReference; fileEncoding = 4; lastKnownFileType = sourcecode.c.h; path = FUIAlertView.h; sourceTree = "<group>"; };
		C41C76EB1A860C5D00824696 /* FUIAlertView.m */ = {isa = PBXFileReference; fileEncoding = 4; lastKnownFileType = sourcecode.c.objc; path = FUIAlertView.m; sourceTree = "<group>"; };
		C41C76EC1A860C5D00824696 /* FUIButton.h */ = {isa = PBXFileReference; fileEncoding = 4; lastKnownFileType = sourcecode.c.h; path = FUIButton.h; sourceTree = "<group>"; };
		C41C76ED1A860C5D00824696 /* FUIButton.m */ = {isa = PBXFileReference; fileEncoding = 4; lastKnownFileType = sourcecode.c.objc; path = FUIButton.m; sourceTree = "<group>"; };
		C41C76EE1A860C5D00824696 /* FUICellBackgroundView.h */ = {isa = PBXFileReference; fileEncoding = 4; lastKnownFileType = sourcecode.c.h; path = FUICellBackgroundView.h; sourceTree = "<group>"; };
		C41C76EF1A860C5D00824696 /* FUICellBackgroundView.m */ = {isa = PBXFileReference; fileEncoding = 4; lastKnownFileType = sourcecode.c.objc; path = FUICellBackgroundView.m; sourceTree = "<group>"; };
		C41C76F01A860C5D00824696 /* FUIPopoverBackgroundView.h */ = {isa = PBXFileReference; fileEncoding = 4; lastKnownFileType = sourcecode.c.h; path = FUIPopoverBackgroundView.h; sourceTree = "<group>"; };
		C41C76F11A860C5D00824696 /* FUIPopoverBackgroundView.m */ = {isa = PBXFileReference; fileEncoding = 4; lastKnownFileType = sourcecode.c.objc; path = FUIPopoverBackgroundView.m; sourceTree = "<group>"; };
		C41C76F21A860C5D00824696 /* FUISegmentedControl.h */ = {isa = PBXFileReference; fileEncoding = 4; lastKnownFileType = sourcecode.c.h; path = FUISegmentedControl.h; sourceTree = "<group>"; };
		C41C76F31A860C5D00824696 /* FUISegmentedControl.m */ = {isa = PBXFileReference; fileEncoding = 4; lastKnownFileType = sourcecode.c.objc; path = FUISegmentedControl.m; sourceTree = "<group>"; };
		C41C76F41A860C5D00824696 /* FUISwitch.h */ = {isa = PBXFileReference; fileEncoding = 4; lastKnownFileType = sourcecode.c.h; path = FUISwitch.h; sourceTree = "<group>"; };
		C41C76F51A860C5D00824696 /* FUISwitch.m */ = {isa = PBXFileReference; fileEncoding = 4; lastKnownFileType = sourcecode.c.objc; path = FUISwitch.m; sourceTree = "<group>"; };
		C41C76F61A860C5D00824696 /* FUITextField.h */ = {isa = PBXFileReference; fileEncoding = 4; lastKnownFileType = sourcecode.c.h; path = FUITextField.h; sourceTree = "<group>"; };
		C41C76F71A860C5D00824696 /* FUITextField.m */ = {isa = PBXFileReference; fileEncoding = 4; lastKnownFileType = sourcecode.c.objc; path = FUITextField.m; sourceTree = "<group>"; };
		C41C76F81A860C5D00824696 /* NSString+Icons.h */ = {isa = PBXFileReference; fileEncoding = 4; lastKnownFileType = sourcecode.c.h; path = "NSString+Icons.h"; sourceTree = "<group>"; };
		C41C76F91A860C5D00824696 /* NSString+Icons.m */ = {isa = PBXFileReference; fileEncoding = 4; lastKnownFileType = sourcecode.c.objc; path = "NSString+Icons.m"; sourceTree = "<group>"; };
		C41C76FA1A860C5D00824696 /* UIBarButtonItem+FlatUI.h */ = {isa = PBXFileReference; fileEncoding = 4; lastKnownFileType = sourcecode.c.h; path = "UIBarButtonItem+FlatUI.h"; sourceTree = "<group>"; };
		C41C76FB1A860C5D00824696 /* UIBarButtonItem+FlatUI.m */ = {isa = PBXFileReference; fileEncoding = 4; lastKnownFileType = sourcecode.c.objc; path = "UIBarButtonItem+FlatUI.m"; sourceTree = "<group>"; };
		C41C76FC1A860C5D00824696 /* UIColor+FlatUI.h */ = {isa = PBXFileReference; fileEncoding = 4; lastKnownFileType = sourcecode.c.h; path = "UIColor+FlatUI.h"; sourceTree = "<group>"; };
		C41C76FD1A860C5D00824696 /* UIColor+FlatUI.m */ = {isa = PBXFileReference; fileEncoding = 4; lastKnownFileType = sourcecode.c.objc; path = "UIColor+FlatUI.m"; sourceTree = "<group>"; };
		C41C76FE1A860C5D00824696 /* UIFont+FlatUI.h */ = {isa = PBXFileReference; fileEncoding = 4; lastKnownFileType = sourcecode.c.h; path = "UIFont+FlatUI.h"; sourceTree = "<group>"; };
		C41C76FF1A860C5D00824696 /* UIFont+FlatUI.m */ = {isa = PBXFileReference; fileEncoding = 4; lastKnownFileType = sourcecode.c.objc; path = "UIFont+FlatUI.m"; sourceTree = "<group>"; };
		C41C77001A860C5D00824696 /* UIImage+FlatUI.h */ = {isa = PBXFileReference; fileEncoding = 4; lastKnownFileType = sourcecode.c.h; path = "UIImage+FlatUI.h"; sourceTree = "<group>"; };
		C41C77011A860C5D00824696 /* UIImage+FlatUI.m */ = {isa = PBXFileReference; fileEncoding = 4; lastKnownFileType = sourcecode.c.objc; path = "UIImage+FlatUI.m"; sourceTree = "<group>"; };
		C41C77021A860C5D00824696 /* UINavigationBar+FlatUI.h */ = {isa = PBXFileReference; fileEncoding = 4; lastKnownFileType = sourcecode.c.h; path = "UINavigationBar+FlatUI.h"; sourceTree = "<group>"; };
		C41C77031A860C5D00824696 /* UINavigationBar+FlatUI.m */ = {isa = PBXFileReference; fileEncoding = 4; lastKnownFileType = sourcecode.c.objc; path = "UINavigationBar+FlatUI.m"; sourceTree = "<group>"; };
		C41C77041A860C5D00824696 /* UIPopoverController+FlatUI.h */ = {isa = PBXFileReference; fileEncoding = 4; lastKnownFileType = sourcecode.c.h; path = "UIPopoverController+FlatUI.h"; sourceTree = "<group>"; };
		C41C77051A860C5D00824696 /* UIPopoverController+FlatUI.m */ = {isa = PBXFileReference; fileEncoding = 4; lastKnownFileType = sourcecode.c.objc; path = "UIPopoverController+FlatUI.m"; sourceTree = "<group>"; };
		C41C77061A860C5D00824696 /* UIProgressView+FlatUI.h */ = {isa = PBXFileReference; fileEncoding = 4; lastKnownFileType = sourcecode.c.h; path = "UIProgressView+FlatUI.h"; sourceTree = "<group>"; };
		C41C77071A860C5D00824696 /* UIProgressView+FlatUI.m */ = {isa = PBXFileReference; fileEncoding = 4; lastKnownFileType = sourcecode.c.objc; path = "UIProgressView+FlatUI.m"; sourceTree = "<group>"; };
		C41C77081A860C5D00824696 /* UISlider+FlatUI.h */ = {isa = PBXFileReference; fileEncoding = 4; lastKnownFileType = sourcecode.c.h; path = "UISlider+FlatUI.h"; sourceTree = "<group>"; };
		C41C77091A860C5D00824696 /* UISlider+FlatUI.m */ = {isa = PBXFileReference; fileEncoding = 4; lastKnownFileType = sourcecode.c.objc; path = "UISlider+FlatUI.m"; sourceTree = "<group>"; };
		C41C770A1A860C5D00824696 /* UIStepper+FlatUI.h */ = {isa = PBXFileReference; fileEncoding = 4; lastKnownFileType = sourcecode.c.h; path = "UIStepper+FlatUI.h"; sourceTree = "<group>"; };
		C41C770B1A860C5D00824696 /* UIStepper+FlatUI.m */ = {isa = PBXFileReference; fileEncoding = 4; lastKnownFileType = sourcecode.c.objc; path = "UIStepper+FlatUI.m"; sourceTree = "<group>"; };
		C41C770C1A860C5D00824696 /* UITabBar+FlatUI.h */ = {isa = PBXFileReference; fileEncoding = 4; lastKnownFileType = sourcecode.c.h; path = "UITabBar+FlatUI.h"; sourceTree = "<group>"; };
		C41C770D1A860C5D00824696 /* UITabBar+FlatUI.m */ = {isa = PBXFileReference; fileEncoding = 4; lastKnownFileType = sourcecode.c.objc; path = "UITabBar+FlatUI.m"; sourceTree = "<group>"; };
		C41C770E1A860C5D00824696 /* UITableViewCell+FlatUI.h */ = {isa = PBXFileReference; fileEncoding = 4; lastKnownFileType = sourcecode.c.h; path = "UITableViewCell+FlatUI.h"; sourceTree = "<group>"; };
		C41C770F1A860C5D00824696 /* UITableViewCell+FlatUI.m */ = {isa = PBXFileReference; fileEncoding = 4; lastKnownFileType = sourcecode.c.objc; path = "UITableViewCell+FlatUI.m"; sourceTree = "<group>"; };
		C41C77101A860C5D00824696 /* UIToolbar+FlatUI.h */ = {isa = PBXFileReference; fileEncoding = 4; lastKnownFileType = sourcecode.c.h; path = "UIToolbar+FlatUI.h"; sourceTree = "<group>"; };
		C41C77111A860C5D00824696 /* UIToolbar+FlatUI.m */ = {isa = PBXFileReference; fileEncoding = 4; lastKnownFileType = sourcecode.c.objc; path = "UIToolbar+FlatUI.m"; sourceTree = "<group>"; };
		C41C77261A860D2500824696 /* CoreText.framework */ = {isa = PBXFileReference; lastKnownFileType = wrapper.framework; name = CoreText.framework; path = System/Library/Frameworks/CoreText.framework; sourceTree = SDKROOT; };
		C4250B781A7375A9005B5F27 /* playViewController.h */ = {isa = PBXFileReference; fileEncoding = 4; lastKnownFileType = sourcecode.c.h; path = playViewController.h; sourceTree = "<group>"; };
		C4250B791A7375A9005B5F27 /* playViewController.m */ = {isa = PBXFileReference; fileEncoding = 4; lastKnownFileType = sourcecode.c.objc; path = playViewController.m; sourceTree = "<group>"; };
		C456DC931A76325F005E25B0 /* titleViewController.h */ = {isa = PBXFileReference; fileEncoding = 4; lastKnownFileType = sourcecode.c.h; path = titleViewController.h; sourceTree = "<group>"; };
		C456DC941A76325F005E25B0 /* titleViewController.m */ = {isa = PBXFileReference; fileEncoding = 4; lastKnownFileType = sourcecode.c.objc; path = titleViewController.m; sourceTree = "<group>"; };
		C456DC961A763303005E25B0 /* pictureViewController.h */ = {isa = PBXFileReference; fileEncoding = 4; lastKnownFileType = sourcecode.c.h; path = pictureViewController.h; sourceTree = "<group>"; };
		C456DC971A763303005E25B0 /* pictureViewController.m */ = {isa = PBXFileReference; fileEncoding = 4; lastKnownFileType = sourcecode.c.objc; path = pictureViewController.m; sourceTree = "<group>"; };
		C4598A6B1A7F91D300AEBBC9 /* hardPlayViewController.h */ = {isa = PBXFileReference; fileEncoding = 4; lastKnownFileType = sourcecode.c.h; path = hardPlayViewController.h; sourceTree = "<group>"; };
		C4598A6C1A7F91D300AEBBC9 /* hardPlayViewController.m */ = {isa = PBXFileReference; fileEncoding = 4; lastKnownFileType = sourcecode.c.objc; path = hardPlayViewController.m; sourceTree = "<group>"; };
		C47117D41B77A5270003B393 /* CLImageEditor.bundle */ = {isa = PBXFileReference; lastKnownFileType = "wrapper.plug-in"; path = CLImageEditor.bundle; sourceTree = "<group>"; };
		C47117D51B77A5270003B393 /* CLImageEditor.h */ = {isa = PBXFileReference; fileEncoding = 4; lastKnownFileType = sourcecode.c.h; path = CLImageEditor.h; sourceTree = "<group>"; };
		C47117D61B77A5270003B393 /* CLImageEditor.m */ = {isa = PBXFileReference; fileEncoding = 4; lastKnownFileType = sourcecode.c.objc; path = CLImageEditor.m; sourceTree = "<group>"; };
		C47117D71B77A5270003B393 /* CLImageEditorTheme.h */ = {isa = PBXFileReference; fileEncoding = 4; lastKnownFileType = sourcecode.c.h; path = CLImageEditorTheme.h; sourceTree = "<group>"; };
		C47117D81B77A5270003B393 /* CLImageEditorTheme.m */ = {isa = PBXFileReference; fileEncoding = 4; lastKnownFileType = sourcecode.c.objc; path = CLImageEditorTheme.m; sourceTree = "<group>"; };
		C47117D91B77A5270003B393 /* CLImageToolInfo.h */ = {isa = PBXFileReference; fileEncoding = 4; lastKnownFileType = sourcecode.c.h; path = CLImageToolInfo.h; sourceTree = "<group>"; };
		C47117DA1B77A5270003B393 /* CLImageToolInfo.m */ = {isa = PBXFileReference; fileEncoding = 4; lastKnownFileType = sourcecode.c.objc; path = CLImageToolInfo.m; sourceTree = "<group>"; };
		C47117DD1B77A5270003B393 /* CLAdjustmentTool.h */ = {isa = PBXFileReference; fileEncoding = 4; lastKnownFileType = sourcecode.c.h; path = CLAdjustmentTool.h; sourceTree = "<group>"; };
		C47117DE1B77A5270003B393 /* CLAdjustmentTool.m */ = {isa = PBXFileReference; fileEncoding = 4; lastKnownFileType = sourcecode.c.objc; path = CLAdjustmentTool.m; sourceTree = "<group>"; };
		C47117E01B77A5270003B393 /* CLBlurTool.h */ = {isa = PBXFileReference; fileEncoding = 4; lastKnownFileType = sourcecode.c.h; path = CLBlurTool.h; sourceTree = "<group>"; };
		C47117E11B77A5270003B393 /* CLBlurTool.m */ = {isa = PBXFileReference; fileEncoding = 4; lastKnownFileType = sourcecode.c.objc; path = CLBlurTool.m; sourceTree = "<group>"; };
		C47117E31B77A5270003B393 /* CLClippingTool.h */ = {isa = PBXFileReference; fileEncoding = 4; lastKnownFileType = sourcecode.c.h; path = CLClippingTool.h; sourceTree = "<group>"; };
		C47117E41B77A5270003B393 /* CLClippingTool.m */ = {isa = PBXFileReference; fileEncoding = 4; lastKnownFileType = sourcecode.c.objc; path = CLClippingTool.m; sourceTree = "<group>"; };
		C47117E61B77A5270003B393 /* CLDrawTool.h */ = {isa = PBXFileReference; fileEncoding = 4; lastKnownFileType = sourcecode.c.h; path = CLDrawTool.h; sourceTree = "<group>"; };
		C47117E71B77A5270003B393 /* CLDrawTool.m */ = {isa = PBXFileReference; fileEncoding = 4; lastKnownFileType = sourcecode.c.objc; path = CLDrawTool.m; sourceTree = "<group>"; };
		C47117EA1B77A5270003B393 /* CLBloomEffect.h */ = {isa = PBXFileReference; fileEncoding = 4; lastKnownFileType = sourcecode.c.h; path = CLBloomEffect.h; sourceTree = "<group>"; };
		C47117EB1B77A5270003B393 /* CLBloomEffect.m */ = {isa = PBXFileReference; fileEncoding = 4; lastKnownFileType = sourcecode.c.objc; path = CLBloomEffect.m; sourceTree = "<group>"; };
		C47117EC1B77A5270003B393 /* CLGloomEffect.h */ = {isa = PBXFileReference; fileEncoding = 4; lastKnownFileType = sourcecode.c.h; path = CLGloomEffect.h; sourceTree = "<group>"; };
		C47117ED1B77A5270003B393 /* CLGloomEffect.m */ = {isa = PBXFileReference; fileEncoding = 4; lastKnownFileType = sourcecode.c.objc; path = CLGloomEffect.m; sourceTree = "<group>"; };
		C47117EE1B77A5270003B393 /* CLHighlightShadowEffect.h */ = {isa = PBXFileReference; fileEncoding = 4; lastKnownFileType = sourcecode.c.h; path = CLHighlightShadowEffect.h; sourceTree = "<group>"; };
		C47117EF1B77A5270003B393 /* CLHighlightShadowEffect.m */ = {isa = PBXFileReference; fileEncoding = 4; lastKnownFileType = sourcecode.c.objc; path = CLHighlightShadowEffect.m; sourceTree = "<group>"; };
		C47117F01B77A5270003B393 /* CLHueEffect.h */ = {isa = PBXFileReference; fileEncoding = 4; lastKnownFileType = sourcecode.c.h; path = CLHueEffect.h; sourceTree = "<group>"; };
		C47117F11B77A5270003B393 /* CLHueEffect.m */ = {isa = PBXFileReference; fileEncoding = 4; lastKnownFileType = sourcecode.c.objc; path = CLHueEffect.m; sourceTree = "<group>"; };
		C47117F21B77A5270003B393 /* CLPixellateEffect.h */ = {isa = PBXFileReference; fileEncoding = 4; lastKnownFileType = sourcecode.c.h; path = CLPixellateEffect.h; sourceTree = "<group>"; };
		C47117F31B77A5270003B393 /* CLPixellateEffect.m */ = {isa = PBXFileReference; fileEncoding = 4; lastKnownFileType = sourcecode.c.objc; path = CLPixellateEffect.m; sourceTree = "<group>"; };
		C47117F41B77A5270003B393 /* CLPosterizeEffect.h */ = {isa = PBXFileReference; fileEncoding = 4; lastKnownFileType = sourcecode.c.h; path = CLPosterizeEffect.h; sourceTree = "<group>"; };
		C47117F51B77A5270003B393 /* CLPosterizeEffect.m */ = {isa = PBXFileReference; fileEncoding = 4; lastKnownFileType = sourcecode.c.objc; path = CLPosterizeEffect.m; sourceTree = "<group>"; };
		C47117F61B77A5270003B393 /* CLSpotEffect.h */ = {isa = PBXFileReference; fileEncoding = 4; lastKnownFileType = sourcecode.c.h; path = CLSpotEffect.h; sourceTree = "<group>"; };
		C47117F71B77A5270003B393 /* CLSpotEffect.m */ = {isa = PBXFileReference; fileEncoding = 4; lastKnownFileType = sourcecode.c.objc; path = CLSpotEffect.m; sourceTree = "<group>"; };
		C47117F81B77A5270003B393 /* CLEffectBase.h */ = {isa = PBXFileReference; fileEncoding = 4; lastKnownFileType = sourcecode.c.h; path = CLEffectBase.h; sourceTree = "<group>"; };
		C47117F91B77A5270003B393 /* CLEffectBase.m */ = {isa = PBXFileReference; fileEncoding = 4; lastKnownFileType = sourcecode.c.objc; path = CLEffectBase.m; sourceTree = "<group>"; };
		C47117FA1B77A5270003B393 /* CLEffectTool.h */ = {isa = PBXFileReference; fileEncoding = 4; lastKnownFileType = sourcecode.c.h; path = CLEffectTool.h; sourceTree = "<group>"; };
		C47117FB1B77A5270003B393 /* CLEffectTool.m */ = {isa = PBXFileReference; fileEncoding = 4; lastKnownFileType = sourcecode.c.objc; path = CLEffectTool.m; sourceTree = "<group>"; };
		C47117FD1B77A5270003B393 /* CLFilterBase.h */ = {isa = PBXFileReference; fileEncoding = 4; lastKnownFileType = sourcecode.c.h; path = CLFilterBase.h; sourceTree = "<group>"; };
		C47117FE1B77A5270003B393 /* CLFilterBase.m */ = {isa = PBXFileReference; fileEncoding = 4; lastKnownFileType = sourcecode.c.objc; path = CLFilterBase.m; sourceTree = "<group>"; };
		C47117FF1B77A5270003B393 /* CLFilterTool.h */ = {isa = PBXFileReference; fileEncoding = 4; lastKnownFileType = sourcecode.c.h; path = CLFilterTool.h; sourceTree = "<group>"; };
		C47118001B77A5270003B393 /* CLFilterTool.m */ = {isa = PBXFileReference; fileEncoding = 4; lastKnownFileType = sourcecode.c.objc; path = CLFilterTool.m; sourceTree = "<group>"; };
		C47118011B77A5270003B393 /* CLImageToolBase.h */ = {isa = PBXFileReference; fileEncoding = 4; lastKnownFileType = sourcecode.c.h; path = CLImageToolBase.h; sourceTree = "<group>"; };
		C47118021B77A5270003B393 /* CLImageToolBase.m */ = {isa = PBXFileReference; fileEncoding = 4; lastKnownFileType = sourcecode.c.objc; path = CLImageToolBase.m; sourceTree = "<group>"; };
		C47118041B77A5270003B393 /* CLRotateTool.h */ = {isa = PBXFileReference; fileEncoding = 4; lastKnownFileType = sourcecode.c.h; path = CLRotateTool.h; sourceTree = "<group>"; };
		C47118051B77A5270003B393 /* CLRotateTool.m */ = {isa = PBXFileReference; fileEncoding = 4; lastKnownFileType = sourcecode.c.objc; path = CLRotateTool.m; sourceTree = "<group>"; };
		C47118071B77A5270003B393 /* CLToneCurveTool.h */ = {isa = PBXFileReference; fileEncoding = 4; lastKnownFileType = sourcecode.c.h; path = CLToneCurveTool.h; sourceTree = "<group>"; };
		C47118081B77A5270003B393 /* CLToneCurveTool.m */ = {isa = PBXFileReference; fileEncoding = 4; lastKnownFileType = sourcecode.c.objc; path = CLToneCurveTool.m; sourceTree = "<group>"; };
		C471180A1B77A5270003B393 /* CLCircleView.h */ = {isa = PBXFileReference; fileEncoding = 4; lastKnownFileType = sourcecode.c.h; path = CLCircleView.h; sourceTree = "<group>"; };
		C471180B1B77A5270003B393 /* CLCircleView.m */ = {isa = PBXFileReference; fileEncoding = 4; lastKnownFileType = sourcecode.c.objc; path = CLCircleView.m; sourceTree = "<group>"; };
		C471180C1B77A5270003B393 /* CLColorPickerView.h */ = {isa = PBXFileReference; fileEncoding = 4; lastKnownFileType = sourcecode.c.h; path = CLColorPickerView.h; sourceTree = "<group>"; };
		C471180D1B77A5270003B393 /* CLColorPickerView.m */ = {isa = PBXFileReference; fileEncoding = 4; lastKnownFileType = sourcecode.c.objc; path = CLColorPickerView.m; sourceTree = "<group>"; };
		C471180E1B77A5270003B393 /* CLImageEditorTheme+Private.h */ = {isa = PBXFileReference; fileEncoding = 4; lastKnownFileType = sourcecode.c.h; path = "CLImageEditorTheme+Private.h"; sourceTree = "<group>"; };
		C471180F1B77A5270003B393 /* CLImageEditorTheme+Private.m */ = {isa = PBXFileReference; fileEncoding = 4; lastKnownFileType = sourcecode.c.objc; path = "CLImageEditorTheme+Private.m"; sourceTree = "<group>"; };
		C47118101B77A5270003B393 /* CLImageToolInfo+Private.h */ = {isa = PBXFileReference; fileEncoding = 4; lastKnownFileType = sourcecode.c.h; path = "CLImageToolInfo+Private.h"; sourceTree = "<group>"; };
		C47118111B77A5270003B393 /* CLImageToolInfo+Private.m */ = {isa = PBXFileReference; fileEncoding = 4; lastKnownFileType = sourcecode.c.objc; path = "CLImageToolInfo+Private.m"; sourceTree = "<group>"; };
		C47118121B77A5270003B393 /* CLImageToolProtocol.h */ = {isa = PBXFileReference; fileEncoding = 4; lastKnownFileType = sourcecode.c.h; path = CLImageToolProtocol.h; sourceTree = "<group>"; };
		C47118131B77A5270003B393 /* CLImageToolSettings.h */ = {isa = PBXFileReference; fileEncoding = 4; lastKnownFileType = sourcecode.c.h; path = CLImageToolSettings.h; sourceTree = "<group>"; };
		C47118141B77A5270003B393 /* CLToolbarMenuItem.h */ = {isa = PBXFileReference; fileEncoding = 4; lastKnownFileType = sourcecode.c.h; path = CLToolbarMenuItem.h; sourceTree = "<group>"; };
		C47118151B77A5270003B393 /* CLToolbarMenuItem.m */ = {isa = PBXFileReference; fileEncoding = 4; lastKnownFileType = sourcecode.c.objc; path = CLToolbarMenuItem.m; sourceTree = "<group>"; };
		C47118161B77A5270003B393 /* UIView+CLImageToolInfo.h */ = {isa = PBXFileReference; fileEncoding = 4; lastKnownFileType = sourcecode.c.h; path = "UIView+CLImageToolInfo.h"; sourceTree = "<group>"; };
		C47118171B77A5270003B393 /* UIView+CLImageToolInfo.m */ = {isa = PBXFileReference; fileEncoding = 4; lastKnownFileType = sourcecode.c.objc; path = "UIView+CLImageToolInfo.m"; sourceTree = "<group>"; };
		C47118191B77A5270003B393 /* CLClassList.h */ = {isa = PBXFileReference; fileEncoding = 4; lastKnownFileType = sourcecode.c.h; path = CLClassList.h; sourceTree = "<group>"; };
		C471181A1B77A5270003B393 /* CLClassList.m */ = {isa = PBXFileReference; fileEncoding = 4; lastKnownFileType = sourcecode.c.objc; path = CLClassList.m; sourceTree = "<group>"; };
		C471181B1B77A5270003B393 /* CLSplineInterpolator.h */ = {isa = PBXFileReference; fileEncoding = 4; lastKnownFileType = sourcecode.c.h; path = CLSplineInterpolator.h; sourceTree = "<group>"; };
		C471181C1B77A5270003B393 /* CLSplineInterpolator.m */ = {isa = PBXFileReference; fileEncoding = 4; lastKnownFileType = sourcecode.c.objc; path = CLSplineInterpolator.m; sourceTree = "<group>"; };
		C471181D1B77A5270003B393 /* UIDevice+SystemVersion.h */ = {isa = PBXFileReference; fileEncoding = 4; lastKnownFileType = sourcecode.c.h; path = "UIDevice+SystemVersion.h"; sourceTree = "<group>"; };
		C471181E1B77A5270003B393 /* UIDevice+SystemVersion.m */ = {isa = PBXFileReference; fileEncoding = 4; lastKnownFileType = sourcecode.c.objc; path = "UIDevice+SystemVersion.m"; sourceTree = "<group>"; };
		C471181F1B77A5270003B393 /* UIImage+Utility.h */ = {isa = PBXFileReference; fileEncoding = 4; lastKnownFileType = sourcecode.c.h; path = "UIImage+Utility.h"; sourceTree = "<group>"; };
		C47118201B77A5270003B393 /* UIImage+Utility.m */ = {isa = PBXFileReference; fileEncoding = 4; lastKnownFileType = sourcecode.c.objc; path = "UIImage+Utility.m"; sourceTree = "<group>"; };
		C47118211B77A5270003B393 /* UIView+Frame.h */ = {isa = PBXFileReference; fileEncoding = 4; lastKnownFileType = sourcecode.c.h; path = "UIView+Frame.h"; sourceTree = "<group>"; };
		C47118221B77A5270003B393 /* UIView+Frame.m */ = {isa = PBXFileReference; fileEncoding = 4; lastKnownFileType = sourcecode.c.objc; path = "UIView+Frame.m"; sourceTree = "<group>"; };
		C47118241B77A5270003B393 /* _CLImageEditorViewController.h */ = {isa = PBXFileReference; fileEncoding = 4; lastKnownFileType = sourcecode.c.h; path = _CLImageEditorViewController.h; sourceTree = "<group>"; };
		C47118251B77A5270003B393 /* _CLImageEditorViewController.m */ = {isa = PBXFileReference; fileEncoding = 4; lastKnownFileType = sourcecode.c.objc; path = _CLImageEditorViewController.m; sourceTree = "<group>"; };
		C47865BC1A790E480090350E /* QuartzCore.framework */ = {isa = PBXFileReference; lastKnownFileType = wrapper.framework; name = QuartzCore.framework; path = System/Library/Frameworks/QuartzCore.framework; sourceTree = SDKROOT; };
		C47D05741A8B003500D06781 /* iAd.framework */ = {isa = PBXFileReference; lastKnownFileType = wrapper.framework; name = iAd.framework; path = System/Library/Frameworks/iAd.framework; sourceTree = SDKROOT; };
		C4A9D4EC1A736D0900DA4AEA /* originalSlideGame.app */ = {isa = PBXFileReference; explicitFileType = wrapper.application; includeInIndex = 0; path = originalSlideGame.app; sourceTree = BUILT_PRODUCTS_DIR; };
		C4A9D4F01A736D0900DA4AEA /* Info.plist */ = {isa = PBXFileReference; lastKnownFileType = text.plist.xml; path = Info.plist; sourceTree = "<group>"; };
		C4A9D4F11A736D0900DA4AEA /* main.m */ = {isa = PBXFileReference; lastKnownFileType = sourcecode.c.objc; path = main.m; sourceTree = "<group>"; };
		C4A9D4F31A736D0900DA4AEA /* AppDelegate.h */ = {isa = PBXFileReference; lastKnownFileType = sourcecode.c.h; path = AppDelegate.h; sourceTree = "<group>"; };
		C4A9D4F41A736D0900DA4AEA /* AppDelegate.m */ = {isa = PBXFileReference; lastKnownFileType = sourcecode.c.objc; path = AppDelegate.m; sourceTree = "<group>"; };
		C4A9D4F71A736D0900DA4AEA /* originalSlideGame.xcdatamodel */ = {isa = PBXFileReference; lastKnownFileType = wrapper.xcdatamodel; path = originalSlideGame.xcdatamodel; sourceTree = "<group>"; };
		C4A9D4FD1A736D0A00DA4AEA /* Base */ = {isa = PBXFileReference; lastKnownFileType = file.storyboard; name = Base; path = Base.lproj/Main.storyboard; sourceTree = "<group>"; };
		C4A9D5021A736D0A00DA4AEA /* Base */ = {isa = PBXFileReference; lastKnownFileType = file.xib; name = Base; path = Base.lproj/LaunchScreen.xib; sourceTree = "<group>"; };
		C4A9D5081A736D0A00DA4AEA /* originalSlideGameTests.xctest */ = {isa = PBXFileReference; explicitFileType = wrapper.cfbundle; includeInIndex = 0; path = originalSlideGameTests.xctest; sourceTree = BUILT_PRODUCTS_DIR; };
		C4A9D50D1A736D0A00DA4AEA /* Info.plist */ = {isa = PBXFileReference; lastKnownFileType = text.plist.xml; path = Info.plist; sourceTree = "<group>"; };
		C4A9D50E1A736D0A00DA4AEA /* originalSlideGameTests.m */ = {isa = PBXFileReference; lastKnownFileType = sourcecode.c.objc; path = originalSlideGameTests.m; sourceTree = "<group>"; };
		C4BE68301A7BA5F400815D1D /* listCollectionViewController.h */ = {isa = PBXFileReference; fileEncoding = 4; lastKnownFileType = sourcecode.c.h; path = listCollectionViewController.h; sourceTree = "<group>"; };
		C4BE68311A7BA5F400815D1D /* listCollectionViewController.m */ = {isa = PBXFileReference; fileEncoding = 4; lastKnownFileType = sourcecode.c.objc; path = listCollectionViewController.m; sourceTree = "<group>"; };
		C4BE68331A7BA73500815D1D /* gameCollectionViewCell.h */ = {isa = PBXFileReference; fileEncoding = 4; lastKnownFileType = sourcecode.c.h; path = gameCollectionViewCell.h; sourceTree = "<group>"; };
		C4BE68341A7BA73600815D1D /* gameCollectionViewCell.m */ = {isa = PBXFileReference; fileEncoding = 4; lastKnownFileType = sourcecode.c.objc; path = gameCollectionViewCell.m; sourceTree = "<group>"; };
		C4F3327F1A771C1700374362 /* resultViewController.h */ = {isa = PBXFileReference; fileEncoding = 4; lastKnownFileType = sourcecode.c.h; path = resultViewController.h; sourceTree = "<group>"; };
		C4F332801A771C1700374362 /* resultViewController.m */ = {isa = PBXFileReference; fileEncoding = 4; lastKnownFileType = sourcecode.c.objc; path = resultViewController.m; sourceTree = "<group>"; };
/* End PBXFileReference section */

/* Begin PBXFrameworksBuildPhase section */
		C4A9D4E91A736D0900DA4AEA /* Frameworks */ = {
			isa = PBXFrameworksBuildPhase;
			buildActionMask = 2147483647;
			files = (
				C47D05751A8B003500D06781 /* iAd.framework in Frameworks */,
				C41C77271A860D2500824696 /* CoreText.framework in Frameworks */,
				C41BC5921A84D1E300DC6B59 /* Social.framework in Frameworks */,
				C47865BE1A790E790090350E /* QuartzCore.framework in Frameworks */,
			);
			runOnlyForDeploymentPostprocessing = 0;
		};
		C4A9D5051A736D0A00DA4AEA /* Frameworks */ = {
			isa = PBXFrameworksBuildPhase;
			buildActionMask = 2147483647;
			files = (
			);
			runOnlyForDeploymentPostprocessing = 0;
		};
/* End PBXFrameworksBuildPhase section */

/* Begin PBXGroup section */
		C41C76DC1A860BD600824696 /* Resources */ = {
			isa = PBXGroup;
			children = (
				C41C76DD1A860BD600824696 /* flat-ui-icons-regular.ttf */,
				C41C76DE1A860BD600824696 /* Lato-Bold.ttf */,
				C41C76DF1A860BD600824696 /* Lato-Italic.ttf */,
				C41C76E01A860BD600824696 /* Lato-Light.ttf */,
				C41C76E11A860BD600824696 /* Lato-Regular.ttf */,
			);
			path = Resources;
			sourceTree = "<group>";
		};
		C41C76E71A860C5D00824696 /* Classes */ = {
			isa = PBXGroup;
			children = (
				C41C76E81A860C5D00824696 /* ios */,
			);
			name = Classes;
			path = "FlatUIKit-master/Classes";
			sourceTree = SOURCE_ROOT;
		};
		C41C76E81A860C5D00824696 /* ios */ = {
			isa = PBXGroup;
			children = (
				C41C76E91A860C5D00824696 /* FlatUIKit.h */,
				C41C76EA1A860C5D00824696 /* FUIAlertView.h */,
				C41C76EB1A860C5D00824696 /* FUIAlertView.m */,
				C41C76EC1A860C5D00824696 /* FUIButton.h */,
				C41C76ED1A860C5D00824696 /* FUIButton.m */,
				C41C76EE1A860C5D00824696 /* FUICellBackgroundView.h */,
				C41C76EF1A860C5D00824696 /* FUICellBackgroundView.m */,
				C41C76F01A860C5D00824696 /* FUIPopoverBackgroundView.h */,
				C41C76F11A860C5D00824696 /* FUIPopoverBackgroundView.m */,
				C41C76F21A860C5D00824696 /* FUISegmentedControl.h */,
				C41C76F31A860C5D00824696 /* FUISegmentedControl.m */,
				C41C76F41A860C5D00824696 /* FUISwitch.h */,
				C41C76F51A860C5D00824696 /* FUISwitch.m */,
				C41C76F61A860C5D00824696 /* FUITextField.h */,
				C41C76F71A860C5D00824696 /* FUITextField.m */,
				C41C76F81A860C5D00824696 /* NSString+Icons.h */,
				C41C76F91A860C5D00824696 /* NSString+Icons.m */,
				C41C76FA1A860C5D00824696 /* UIBarButtonItem+FlatUI.h */,
				C41C76FB1A860C5D00824696 /* UIBarButtonItem+FlatUI.m */,
				C41C76FC1A860C5D00824696 /* UIColor+FlatUI.h */,
				C41C76FD1A860C5D00824696 /* UIColor+FlatUI.m */,
				C41C76FE1A860C5D00824696 /* UIFont+FlatUI.h */,
				C41C76FF1A860C5D00824696 /* UIFont+FlatUI.m */,
				C41C77001A860C5D00824696 /* UIImage+FlatUI.h */,
				C41C77011A860C5D00824696 /* UIImage+FlatUI.m */,
				C41C77021A860C5D00824696 /* UINavigationBar+FlatUI.h */,
				C41C77031A860C5D00824696 /* UINavigationBar+FlatUI.m */,
				C41C77041A860C5D00824696 /* UIPopoverController+FlatUI.h */,
				C41C77051A860C5D00824696 /* UIPopoverController+FlatUI.m */,
				C41C77061A860C5D00824696 /* UIProgressView+FlatUI.h */,
				C41C77071A860C5D00824696 /* UIProgressView+FlatUI.m */,
				C41C77081A860C5D00824696 /* UISlider+FlatUI.h */,
				C41C77091A860C5D00824696 /* UISlider+FlatUI.m */,
				C41C770A1A860C5D00824696 /* UIStepper+FlatUI.h */,
				C41C770B1A860C5D00824696 /* UIStepper+FlatUI.m */,
				C41C770C1A860C5D00824696 /* UITabBar+FlatUI.h */,
				C41C770D1A860C5D00824696 /* UITabBar+FlatUI.m */,
				C41C770E1A860C5D00824696 /* UITableViewCell+FlatUI.h */,
				C41C770F1A860C5D00824696 /* UITableViewCell+FlatUI.m */,
				C41C77101A860C5D00824696 /* UIToolbar+FlatUI.h */,
				C41C77111A860C5D00824696 /* UIToolbar+FlatUI.m */,
			);
			path = ios;
			sourceTree = "<group>";
		};
		C47117D31B77A5270003B393 /* CLImageEditor */ = {
			isa = PBXGroup;
			children = (
				C47117D41B77A5270003B393 /* CLImageEditor.bundle */,
				C47117D51B77A5270003B393 /* CLImageEditor.h */,
				C47117D61B77A5270003B393 /* CLImageEditor.m */,
				C47117D71B77A5270003B393 /* CLImageEditorTheme.h */,
				C47117D81B77A5270003B393 /* CLImageEditorTheme.m */,
				C47117D91B77A5270003B393 /* CLImageToolInfo.h */,
				C47117DA1B77A5270003B393 /* CLImageToolInfo.m */,
				C47117DB1B77A5270003B393 /* ImageTools */,
				C47118181B77A5270003B393 /* Utils */,
				C47118231B77A5270003B393 /* ViewController */,
			);
			path = CLImageEditor;
			sourceTree = "<group>";
		};
		C47117DB1B77A5270003B393 /* ImageTools */ = {
			isa = PBXGroup;
			children = (
				C47117DC1B77A5270003B393 /* CLAdjustmentTool */,
				C47117DF1B77A5270003B393 /* CLBlurTool */,
				C47117E21B77A5270003B393 /* CLClippingTool */,
				C47117E51B77A5270003B393 /* CLDrawTool */,
				C47117E81B77A5270003B393 /* CLEffectTool */,
				C47117FC1B77A5270003B393 /* CLFilterTool */,
				C47118011B77A5270003B393 /* CLImageToolBase.h */,
				C47118021B77A5270003B393 /* CLImageToolBase.m */,
				C47118031B77A5270003B393 /* CLRotateTool */,
				C47118061B77A5270003B393 /* CLToneCurveTool */,
				C47118091B77A5270003B393 /* ToolSettings */,
			);
			path = ImageTools;
			sourceTree = "<group>";
		};
		C47117DC1B77A5270003B393 /* CLAdjustmentTool */ = {
			isa = PBXGroup;
			children = (
				C47117DD1B77A5270003B393 /* CLAdjustmentTool.h */,
				C47117DE1B77A5270003B393 /* CLAdjustmentTool.m */,
			);
			path = CLAdjustmentTool;
			sourceTree = "<group>";
		};
		C47117DF1B77A5270003B393 /* CLBlurTool */ = {
			isa = PBXGroup;
			children = (
				C47117E01B77A5270003B393 /* CLBlurTool.h */,
				C47117E11B77A5270003B393 /* CLBlurTool.m */,
			);
			path = CLBlurTool;
			sourceTree = "<group>";
		};
		C47117E21B77A5270003B393 /* CLClippingTool */ = {
			isa = PBXGroup;
			children = (
				C47117E31B77A5270003B393 /* CLClippingTool.h */,
				C47117E41B77A5270003B393 /* CLClippingTool.m */,
			);
			path = CLClippingTool;
			sourceTree = "<group>";
		};
		C47117E51B77A5270003B393 /* CLDrawTool */ = {
			isa = PBXGroup;
			children = (
				C47117E61B77A5270003B393 /* CLDrawTool.h */,
				C47117E71B77A5270003B393 /* CLDrawTool.m */,
			);
			path = CLDrawTool;
			sourceTree = "<group>";
		};
		C47117E81B77A5270003B393 /* CLEffectTool */ = {
			isa = PBXGroup;
			children = (
				C47117E91B77A5270003B393 /* CLEffect */,
				C47117F81B77A5270003B393 /* CLEffectBase.h */,
				C47117F91B77A5270003B393 /* CLEffectBase.m */,
				C47117FA1B77A5270003B393 /* CLEffectTool.h */,
				C47117FB1B77A5270003B393 /* CLEffectTool.m */,
			);
			path = CLEffectTool;
			sourceTree = "<group>";
		};
		C47117E91B77A5270003B393 /* CLEffect */ = {
			isa = PBXGroup;
			children = (
				C47117EA1B77A5270003B393 /* CLBloomEffect.h */,
				C47117EB1B77A5270003B393 /* CLBloomEffect.m */,
				C47117EC1B77A5270003B393 /* CLGloomEffect.h */,
				C47117ED1B77A5270003B393 /* CLGloomEffect.m */,
				C47117EE1B77A5270003B393 /* CLHighlightShadowEffect.h */,
				C47117EF1B77A5270003B393 /* CLHighlightShadowEffect.m */,
				C47117F01B77A5270003B393 /* CLHueEffect.h */,
				C47117F11B77A5270003B393 /* CLHueEffect.m */,
				C47117F21B77A5270003B393 /* CLPixellateEffect.h */,
				C47117F31B77A5270003B393 /* CLPixellateEffect.m */,
				C47117F41B77A5270003B393 /* CLPosterizeEffect.h */,
				C47117F51B77A5270003B393 /* CLPosterizeEffect.m */,
				C47117F61B77A5270003B393 /* CLSpotEffect.h */,
				C47117F71B77A5270003B393 /* CLSpotEffect.m */,
			);
			path = CLEffect;
			sourceTree = "<group>";
		};
		C47117FC1B77A5270003B393 /* CLFilterTool */ = {
			isa = PBXGroup;
			children = (
				C47117FD1B77A5270003B393 /* CLFilterBase.h */,
				C47117FE1B77A5270003B393 /* CLFilterBase.m */,
				C47117FF1B77A5270003B393 /* CLFilterTool.h */,
				C47118001B77A5270003B393 /* CLFilterTool.m */,
			);
			path = CLFilterTool;
			sourceTree = "<group>";
		};
		C47118031B77A5270003B393 /* CLRotateTool */ = {
			isa = PBXGroup;
			children = (
				C47118041B77A5270003B393 /* CLRotateTool.h */,
				C47118051B77A5270003B393 /* CLRotateTool.m */,
			);
			path = CLRotateTool;
			sourceTree = "<group>";
		};
		C47118061B77A5270003B393 /* CLToneCurveTool */ = {
			isa = PBXGroup;
			children = (
				C47118071B77A5270003B393 /* CLToneCurveTool.h */,
				C47118081B77A5270003B393 /* CLToneCurveTool.m */,
			);
			path = CLToneCurveTool;
			sourceTree = "<group>";
		};
		C47118091B77A5270003B393 /* ToolSettings */ = {
			isa = PBXGroup;
			children = (
				C471180A1B77A5270003B393 /* CLCircleView.h */,
				C471180B1B77A5270003B393 /* CLCircleView.m */,
				C471180C1B77A5270003B393 /* CLColorPickerView.h */,
				C471180D1B77A5270003B393 /* CLColorPickerView.m */,
				C471180E1B77A5270003B393 /* CLImageEditorTheme+Private.h */,
				C471180F1B77A5270003B393 /* CLImageEditorTheme+Private.m */,
				C47118101B77A5270003B393 /* CLImageToolInfo+Private.h */,
				C47118111B77A5270003B393 /* CLImageToolInfo+Private.m */,
				C47118121B77A5270003B393 /* CLImageToolProtocol.h */,
				C47118131B77A5270003B393 /* CLImageToolSettings.h */,
				C47118141B77A5270003B393 /* CLToolbarMenuItem.h */,
				C47118151B77A5270003B393 /* CLToolbarMenuItem.m */,
				C47118161B77A5270003B393 /* UIView+CLImageToolInfo.h */,
				C47118171B77A5270003B393 /* UIView+CLImageToolInfo.m */,
			);
			path = ToolSettings;
			sourceTree = "<group>";
		};
		C47118181B77A5270003B393 /* Utils */ = {
			isa = PBXGroup;
			children = (
				C47118191B77A5270003B393 /* CLClassList.h */,
				C471181A1B77A5270003B393 /* CLClassList.m */,
				C471181B1B77A5270003B393 /* CLSplineInterpolator.h */,
				C471181C1B77A5270003B393 /* CLSplineInterpolator.m */,
				C471181D1B77A5270003B393 /* UIDevice+SystemVersion.h */,
				C471181E1B77A5270003B393 /* UIDevice+SystemVersion.m */,
				C471181F1B77A5270003B393 /* UIImage+Utility.h */,
				C47118201B77A5270003B393 /* UIImage+Utility.m */,
				C47118211B77A5270003B393 /* UIView+Frame.h */,
				C47118221B77A5270003B393 /* UIView+Frame.m */,
			);
			path = Utils;
			sourceTree = "<group>";
		};
		C47118231B77A5270003B393 /* ViewController */ = {
			isa = PBXGroup;
			children = (
				C47118241B77A5270003B393 /* _CLImageEditorViewController.h */,
				C47118251B77A5270003B393 /* _CLImageEditorViewController.m */,
			);
			path = ViewController;
			sourceTree = "<group>";
		};
		C4A9D4E31A736D0900DA4AEA = {
			isa = PBXGroup;
			children = (
				C4A9D4EE1A736D0900DA4AEA /* originalSlideGame */,
				C4A9D50B1A736D0A00DA4AEA /* originalSlideGameTests */,
				C4A9D4ED1A736D0900DA4AEA /* Products */,
				C47D05741A8B003500D06781 /* iAd.framework */,
				C41C77261A860D2500824696 /* CoreText.framework */,
				C41BC5911A84D1E300DC6B59 /* Social.framework */,
				C47865BC1A790E480090350E /* QuartzCore.framework */,
			);
			sourceTree = "<group>";
		};
		C4A9D4ED1A736D0900DA4AEA /* Products */ = {
			isa = PBXGroup;
			children = (
				C4A9D4EC1A736D0900DA4AEA /* originalSlideGame.app */,
				C4A9D5081A736D0A00DA4AEA /* originalSlideGameTests.xctest */,
			);
			name = Products;
			sourceTree = "<group>";
		};
		C4A9D4EE1A736D0900DA4AEA /* originalSlideGame */ = {
			isa = PBXGroup;
			children = (
				C4A9D4FC1A736D0A00DA4AEA /* Main.storyboard */,
				C4A9D4F31A736D0900DA4AEA /* AppDelegate.h */,
				C4A9D4F41A736D0900DA4AEA /* AppDelegate.m */,
				C456DC931A76325F005E25B0 /* titleViewController.h */,
				C456DC941A76325F005E25B0 /* titleViewController.m */,
				C4BE68301A7BA5F400815D1D /* listCollectionViewController.h */,
				C4BE68311A7BA5F400815D1D /* listCollectionViewController.m */,
				C4250B781A7375A9005B5F27 /* playViewController.h */,
				C4250B791A7375A9005B5F27 /* playViewController.m */,
				C456DC961A763303005E25B0 /* pictureViewController.h */,
				C456DC971A763303005E25B0 /* pictureViewController.m */,
				C4F3327F1A771C1700374362 /* resultViewController.h */,
				C4F332801A771C1700374362 /* resultViewController.m */,
				C4BE68331A7BA73500815D1D /* gameCollectionViewCell.h */,
				C4BE68341A7BA73600815D1D /* gameCollectionViewCell.m */,
				C400450B1A81B3CE0084F8FF /* headerCollectionReusableView.h */,
				C400450C1A81B3CE0084F8FF /* headerCollectionReusableView.m */,
				C4598A6B1A7F91D300AEBBC9 /* hardPlayViewController.h */,
				C4598A6C1A7F91D300AEBBC9 /* hardPlayViewController.m */,
				C4A9D5011A736D0A00DA4AEA /* LaunchScreen.xib */,
				C47117D31B77A5270003B393 /* CLImageEditor */,
				C41C76E71A860C5D00824696 /* Classes */,
				C41C76DC1A860BD600824696 /* Resources */,
				C41BC58F1A84C3F500DC6B59 /* Images.xcassets */,
				C4A9D4F61A736D0900DA4AEA /* originalSlideGame.xcdatamodeld */,
				C4A9D4EF1A736D0900DA4AEA /* Supporting Files */,
			);
			path = originalSlideGame;
			sourceTree = "<group>";
		};
		C4A9D4EF1A736D0900DA4AEA /* Supporting Files */ = {
			isa = PBXGroup;
			children = (
				C4A9D4F01A736D0900DA4AEA /* Info.plist */,
				C4A9D4F11A736D0900DA4AEA /* main.m */,
			);
			name = "Supporting Files";
			sourceTree = "<group>";
		};
		C4A9D50B1A736D0A00DA4AEA /* originalSlideGameTests */ = {
			isa = PBXGroup;
			children = (
				C4A9D50E1A736D0A00DA4AEA /* originalSlideGameTests.m */,
				C4A9D50C1A736D0A00DA4AEA /* Supporting Files */,
			);
			path = originalSlideGameTests;
			sourceTree = "<group>";
		};
		C4A9D50C1A736D0A00DA4AEA /* Supporting Files */ = {
			isa = PBXGroup;
			children = (
				C4A9D50D1A736D0A00DA4AEA /* Info.plist */,
			);
			name = "Supporting Files";
			sourceTree = "<group>";
		};
/* End PBXGroup section */

/* Begin PBXNativeTarget section */
		C4A9D4EB1A736D0900DA4AEA /* originalSlideGame */ = {
			isa = PBXNativeTarget;
			buildConfigurationList = C4A9D5121A736D0A00DA4AEA /* Build configuration list for PBXNativeTarget "originalSlideGame" */;
			buildPhases = (
				C4A9D4E81A736D0900DA4AEA /* Sources */,
				C4A9D4E91A736D0900DA4AEA /* Frameworks */,
				C4A9D4EA1A736D0900DA4AEA /* Resources */,
			);
			buildRules = (
			);
			dependencies = (
			);
			name = originalSlideGame;
			productName = originalSlideGame;
			productReference = C4A9D4EC1A736D0900DA4AEA /* originalSlideGame.app */;
			productType = "com.apple.product-type.application";
		};
		C4A9D5071A736D0A00DA4AEA /* originalSlideGameTests */ = {
			isa = PBXNativeTarget;
			buildConfigurationList = C4A9D5151A736D0A00DA4AEA /* Build configuration list for PBXNativeTarget "originalSlideGameTests" */;
			buildPhases = (
				C4A9D5041A736D0A00DA4AEA /* Sources */,
				C4A9D5051A736D0A00DA4AEA /* Frameworks */,
				C4A9D5061A736D0A00DA4AEA /* Resources */,
			);
			buildRules = (
			);
			dependencies = (
				C4A9D50A1A736D0A00DA4AEA /* PBXTargetDependency */,
			);
			name = originalSlideGameTests;
			productName = originalSlideGameTests;
			productReference = C4A9D5081A736D0A00DA4AEA /* originalSlideGameTests.xctest */;
			productType = "com.apple.product-type.bundle.unit-test";
		};
/* End PBXNativeTarget section */

/* Begin PBXProject section */
		C4A9D4E41A736D0900DA4AEA /* Project object */ = {
			isa = PBXProject;
			attributes = {
				LastUpgradeCheck = 0610;
				ORGANIZATIONNAME = "Tomohide Nakahsima";
				TargetAttributes = {
					C4A9D4EB1A736D0900DA4AEA = {
						CreatedOnToolsVersion = 6.1.1;
						DevelopmentTeam = MKFY78BFZP;
					};
					C4A9D5071A736D0A00DA4AEA = {
						CreatedOnToolsVersion = 6.1.1;
						TestTargetID = C4A9D4EB1A736D0900DA4AEA;
					};
				};
			};
			buildConfigurationList = C4A9D4E71A736D0900DA4AEA /* Build configuration list for PBXProject "originalSlideGame" */;
			compatibilityVersion = "Xcode 3.2";
			developmentRegion = English;
			hasScannedForEncodings = 0;
			knownRegions = (
				en,
				Base,
			);
			mainGroup = C4A9D4E31A736D0900DA4AEA;
			productRefGroup = C4A9D4ED1A736D0900DA4AEA /* Products */;
			projectDirPath = "";
			projectRoot = "";
			targets = (
				C4A9D4EB1A736D0900DA4AEA /* originalSlideGame */,
				C4A9D5071A736D0A00DA4AEA /* originalSlideGameTests */,
			);
		};
/* End PBXProject section */

/* Begin PBXResourcesBuildPhase section */
		C4A9D4EA1A736D0900DA4AEA /* Resources */ = {
			isa = PBXResourcesBuildPhase;
			buildActionMask = 2147483647;
			files = (
				C41BC5901A84C3F500DC6B59 /* Images.xcassets in Resources */,
				C41C76E41A860BD600824696 /* Lato-Italic.ttf in Resources */,
				C41C76E31A860BD600824696 /* Lato-Bold.ttf in Resources */,
				C41C76E61A860BD600824696 /* Lato-Regular.ttf in Resources */,
				C4A9D4FE1A736D0A00DA4AEA /* Main.storyboard in Resources */,
				C41C76E21A860BD600824696 /* flat-ui-icons-regular.ttf in Resources */,
				C47118261B77A5270003B393 /* CLImageEditor.bundle in Resources */,
				C4A9D5031A736D0A00DA4AEA /* LaunchScreen.xib in Resources */,
				C41C76E51A860BD600824696 /* Lato-Light.ttf in Resources */,
			);
			runOnlyForDeploymentPostprocessing = 0;
		};
		C4A9D5061A736D0A00DA4AEA /* Resources */ = {
			isa = PBXResourcesBuildPhase;
			buildActionMask = 2147483647;
			files = (
			);
			runOnlyForDeploymentPostprocessing = 0;
		};
/* End PBXResourcesBuildPhase section */

/* Begin PBXSourcesBuildPhase section */
		C4A9D4E81A736D0900DA4AEA /* Sources */ = {
			isa = PBXSourcesBuildPhase;
			buildActionMask = 2147483647;
			files = (
				C456DC951A76325F005E25B0 /* titleViewController.m in Sources */,
				C4250B7A1A7375A9005B5F27 /* playViewController.m in Sources */,
				C41C771F1A860C5E00824696 /* UIPopoverController+FlatUI.m in Sources */,
				C471183F1B77A5270003B393 /* CLImageToolInfo+Private.m in Sources */,
				C47118321B77A5270003B393 /* CLPixellateEffect.m in Sources */,
				C41C77231A860C5E00824696 /* UITabBar+FlatUI.m in Sources */,
				C41C77191A860C5E00824696 /* NSString+Icons.m in Sources */,
				C471183D1B77A5270003B393 /* CLColorPickerView.m in Sources */,
				C47118381B77A5270003B393 /* CLFilterTool.m in Sources */,
				C471182C1B77A5270003B393 /* CLClippingTool.m in Sources */,
				C47118421B77A5270003B393 /* CLClassList.m in Sources */,
				C41C77211A860C5E00824696 /* UISlider+FlatUI.m in Sources */,
				C41C77241A860C5E00824696 /* UITableViewCell+FlatUI.m in Sources */,
				C47118461B77A5270003B393 /* UIView+Frame.m in Sources */,
				C41C77221A860C5E00824696 /* UIStepper+FlatUI.m in Sources */,
				C4BE68321A7BA5F400815D1D /* listCollectionViewController.m in Sources */,
				C41C77171A860C5E00824696 /* FUISwitch.m in Sources */,
				C4A9D4F51A736D0900DA4AEA /* AppDelegate.m in Sources */,
				C41C77151A860C5E00824696 /* FUIPopoverBackgroundView.m in Sources */,
				C47118301B77A5270003B393 /* CLHighlightShadowEffect.m in Sources */,
				C41C77161A860C5E00824696 /* FUISegmentedControl.m in Sources */,
				C41C771E1A860C5E00824696 /* UINavigationBar+FlatUI.m in Sources */,
				C456DC981A763303005E25B0 /* pictureViewController.m in Sources */,
				C41C771B1A860C5E00824696 /* UIColor+FlatUI.m in Sources */,
				C47118311B77A5270003B393 /* CLHueEffect.m in Sources */,
				C47118471B77A5270003B393 /* _CLImageEditorViewController.m in Sources */,
				C4BE68351A7BA73600815D1D /* gameCollectionViewCell.m in Sources */,
				C471182F1B77A5270003B393 /* CLGloomEffect.m in Sources */,
				C471182E1B77A5270003B393 /* CLBloomEffect.m in Sources */,
				C471182B1B77A5270003B393 /* CLBlurTool.m in Sources */,
				C41C771D1A860C5E00824696 /* UIImage+FlatUI.m in Sources */,
				C471183B1B77A5270003B393 /* CLToneCurveTool.m in Sources */,
				C41C77121A860C5D00824696 /* FUIAlertView.m in Sources */,
				C471182A1B77A5270003B393 /* CLAdjustmentTool.m in Sources */,
				C47118351B77A5270003B393 /* CLEffectBase.m in Sources */,
				C47118371B77A5270003B393 /* CLFilterBase.m in Sources */,
				C47118441B77A5270003B393 /* UIDevice+SystemVersion.m in Sources */,
				C4A9D4F81A736D0A00DA4AEA /* originalSlideGame.xcdatamodeld in Sources */,
				C471183C1B77A5270003B393 /* CLCircleView.m in Sources */,
				C47118361B77A5270003B393 /* CLEffectTool.m in Sources */,
				C47118291B77A5270003B393 /* CLImageToolInfo.m in Sources */,
				C41C77201A860C5E00824696 /* UIProgressView+FlatUI.m in Sources */,
				C41C77181A860C5E00824696 /* FUITextField.m in Sources */,
				C47118431B77A5270003B393 /* CLSplineInterpolator.m in Sources */,
				C4A9D4F21A736D0900DA4AEA /* main.m in Sources */,
				C47118341B77A5270003B393 /* CLSpotEffect.m in Sources */,
				C4F332811A771C1700374362 /* resultViewController.m in Sources */,
				C400450D1A81B3CE0084F8FF /* headerCollectionReusableView.m in Sources */,
				C47118271B77A5270003B393 /* CLImageEditor.m in Sources */,
				C471182D1B77A5270003B393 /* CLDrawTool.m in Sources */,
				C47118401B77A5270003B393 /* CLToolbarMenuItem.m in Sources */,
				C41C77141A860C5E00824696 /* FUICellBackgroundView.m in Sources */,
				C41C771A1A860C5E00824696 /* UIBarButtonItem+FlatUI.m in Sources */,
				C41C77131A860C5E00824696 /* FUIButton.m in Sources */,
				C47118391B77A5270003B393 /* CLImageToolBase.m in Sources */,
				C4598A6D1A7F91D300AEBBC9 /* hardPlayViewController.m in Sources */,
				C471183E1B77A5270003B393 /* CLImageEditorTheme+Private.m in Sources */,
				C47118411B77A5270003B393 /* UIView+CLImageToolInfo.m in Sources */,
				C47118281B77A5270003B393 /* CLImageEditorTheme.m in Sources */,
				C41C771C1A860C5E00824696 /* UIFont+FlatUI.m in Sources */,
				C47118331B77A5270003B393 /* CLPosterizeEffect.m in Sources */,
				C41C77251A860C5E00824696 /* UIToolbar+FlatUI.m in Sources */,
				C47118451B77A5270003B393 /* UIImage+Utility.m in Sources */,
				C471183A1B77A5270003B393 /* CLRotateTool.m in Sources */,
			);
			runOnlyForDeploymentPostprocessing = 0;
		};
		C4A9D5041A736D0A00DA4AEA /* Sources */ = {
			isa = PBXSourcesBuildPhase;
			buildActionMask = 2147483647;
			files = (
				C4A9D50F1A736D0A00DA4AEA /* originalSlideGameTests.m in Sources */,
			);
			runOnlyForDeploymentPostprocessing = 0;
		};
/* End PBXSourcesBuildPhase section */

/* Begin PBXTargetDependency section */
		C4A9D50A1A736D0A00DA4AEA /* PBXTargetDependency */ = {
			isa = PBXTargetDependency;
			target = C4A9D4EB1A736D0900DA4AEA /* originalSlideGame */;
			targetProxy = C4A9D5091A736D0A00DA4AEA /* PBXContainerItemProxy */;
		};
/* End PBXTargetDependency section */

/* Begin PBXVariantGroup section */
		C4A9D4FC1A736D0A00DA4AEA /* Main.storyboard */ = {
			isa = PBXVariantGroup;
			children = (
				C4A9D4FD1A736D0A00DA4AEA /* Base */,
			);
			name = Main.storyboard;
			sourceTree = "<group>";
		};
		C4A9D5011A736D0A00DA4AEA /* LaunchScreen.xib */ = {
			isa = PBXVariantGroup;
			children = (
				C4A9D5021A736D0A00DA4AEA /* Base */,
			);
			name = LaunchScreen.xib;
			sourceTree = "<group>";
		};
/* End PBXVariantGroup section */

/* Begin XCBuildConfiguration section */
		C4A9D5101A736D0A00DA4AEA /* Debug */ = {
			isa = XCBuildConfiguration;
			buildSettings = {
				ALWAYS_SEARCH_USER_PATHS = NO;
				CLANG_CXX_LANGUAGE_STANDARD = "gnu++0x";
				CLANG_CXX_LIBRARY = "libc++";
				CLANG_ENABLE_MODULES = YES;
				CLANG_ENABLE_OBJC_ARC = YES;
				CLANG_WARN_BOOL_CONVERSION = YES;
				CLANG_WARN_CONSTANT_CONVERSION = YES;
				CLANG_WARN_DIRECT_OBJC_ISA_USAGE = YES_ERROR;
				CLANG_WARN_EMPTY_BODY = YES;
				CLANG_WARN_ENUM_CONVERSION = YES;
				CLANG_WARN_INT_CONVERSION = YES;
				CLANG_WARN_OBJC_ROOT_CLASS = YES_ERROR;
				CLANG_WARN_UNREACHABLE_CODE = YES;
				CLANG_WARN__DUPLICATE_METHOD_MATCH = YES;
				"CODE_SIGN_IDENTITY[sdk=iphoneos*]" = "iPhone Developer";
				COPY_PHASE_STRIP = NO;
				ENABLE_STRICT_OBJC_MSGSEND = YES;
				GCC_C_LANGUAGE_STANDARD = gnu99;
				GCC_DYNAMIC_NO_PIC = NO;
				GCC_OPTIMIZATION_LEVEL = 0;
				GCC_PREPROCESSOR_DEFINITIONS = (
					"DEBUG=1",
					"$(inherited)",
				);
				GCC_SYMBOLS_PRIVATE_EXTERN = NO;
				GCC_WARN_64_TO_32_BIT_CONVERSION = YES;
				GCC_WARN_ABOUT_RETURN_TYPE = YES_ERROR;
				GCC_WARN_UNDECLARED_SELECTOR = YES;
				GCC_WARN_UNINITIALIZED_AUTOS = YES_AGGRESSIVE;
				GCC_WARN_UNUSED_FUNCTION = YES;
				GCC_WARN_UNUSED_VARIABLE = YES;
				IPHONEOS_DEPLOYMENT_TARGET = 8.1;
				MTL_ENABLE_DEBUG_INFO = YES;
				ONLY_ACTIVE_ARCH = YES;
				SDKROOT = iphoneos;
			};
			name = Debug;
		};
		C4A9D5111A736D0A00DA4AEA /* Release */ = {
			isa = XCBuildConfiguration;
			buildSettings = {
				ALWAYS_SEARCH_USER_PATHS = NO;
				CLANG_CXX_LANGUAGE_STANDARD = "gnu++0x";
				CLANG_CXX_LIBRARY = "libc++";
				CLANG_ENABLE_MODULES = YES;
				CLANG_ENABLE_OBJC_ARC = YES;
				CLANG_WARN_BOOL_CONVERSION = YES;
				CLANG_WARN_CONSTANT_CONVERSION = YES;
				CLANG_WARN_DIRECT_OBJC_ISA_USAGE = YES_ERROR;
				CLANG_WARN_EMPTY_BODY = YES;
				CLANG_WARN_ENUM_CONVERSION = YES;
				CLANG_WARN_INT_CONVERSION = YES;
				CLANG_WARN_OBJC_ROOT_CLASS = YES_ERROR;
				CLANG_WARN_UNREACHABLE_CODE = YES;
				CLANG_WARN__DUPLICATE_METHOD_MATCH = YES;
				"CODE_SIGN_IDENTITY[sdk=iphoneos*]" = "iPhone Developer";
				COPY_PHASE_STRIP = YES;
				ENABLE_NS_ASSERTIONS = NO;
				ENABLE_STRICT_OBJC_MSGSEND = YES;
				GCC_C_LANGUAGE_STANDARD = gnu99;
				GCC_WARN_64_TO_32_BIT_CONVERSION = YES;
				GCC_WARN_ABOUT_RETURN_TYPE = YES_ERROR;
				GCC_WARN_UNDECLARED_SELECTOR = YES;
				GCC_WARN_UNINITIALIZED_AUTOS = YES_AGGRESSIVE;
				GCC_WARN_UNUSED_FUNCTION = YES;
				GCC_WARN_UNUSED_VARIABLE = YES;
				IPHONEOS_DEPLOYMENT_TARGET = 8.1;
				MTL_ENABLE_DEBUG_INFO = NO;
				SDKROOT = iphoneos;
				VALIDATE_PRODUCT = YES;
			};
			name = Release;
		};
		C4A9D5131A736D0A00DA4AEA /* Debug */ = {
			isa = XCBuildConfiguration;
			buildSettings = {
				ASSETCATALOG_COMPILER_APPICON_NAME = AppIcon;
				CODE_SIGN_IDENTITY = "iPhone Developer";
				"CODE_SIGN_IDENTITY[sdk=iphoneos*]" = "iPhone Developer";
				INFOPLIST_FILE = originalSlideGame/Info.plist;
				IPHONEOS_DEPLOYMENT_TARGET = 9.2;
				LD_RUNPATH_SEARCH_PATHS = "$(inherited) @executable_path/Frameworks";
				PRODUCT_NAME = "$(TARGET_NAME)";
				PROVISIONING_PROFILE = "";
			};
			name = Debug;
		};
		C4A9D5141A736D0A00DA4AEA /* Release */ = {
			isa = XCBuildConfiguration;
			buildSettings = {
				ASSETCATALOG_COMPILER_APPICON_NAME = AppIcon;
				CODE_SIGN_IDENTITY = "iPhone Developer";
				"CODE_SIGN_IDENTITY[sdk=iphoneos*]" = "iPhone Developer";
				INFOPLIST_FILE = originalSlideGame/Info.plist;
				IPHONEOS_DEPLOYMENT_TARGET = 9.2;
				LD_RUNPATH_SEARCH_PATHS = "$(inherited) @executable_path/Frameworks";
				PRODUCT_NAME = "$(TARGET_NAME)";
				PROVISIONING_PROFILE = "";
			};
			name = Release;
		};
		C4A9D5161A736D0A00DA4AEA /* Debug */ = {
			isa = XCBuildConfiguration;
			buildSettings = {
				BUNDLE_LOADER = "$(TEST_HOST)";
				FRAMEWORK_SEARCH_PATHS = (
					"$(SDKROOT)/Developer/Library/Frameworks",
					"$(inherited)",
				);
				GCC_PREPROCESSOR_DEFINITIONS = (
					"DEBUG=1",
					"$(inherited)",
				);
				INFOPLIST_FILE = originalSlideGameTests/Info.plist;
				LD_RUNPATH_SEARCH_PATHS = "$(inherited) @executable_path/Frameworks @loader_path/Frameworks";
				PRODUCT_NAME = "$(TARGET_NAME)";
				TEST_HOST = "$(BUILT_PRODUCTS_DIR)/originalSlideGame.app/originalSlideGame";
			};
			name = Debug;
		};
		C4A9D5171A736D0A00DA4AEA /* Release */ = {
			isa = XCBuildConfiguration;
			buildSettings = {
				BUNDLE_LOADER = "$(TEST_HOST)";
				FRAMEWORK_SEARCH_PATHS = (
					"$(SDKROOT)/Developer/Library/Frameworks",
					"$(inherited)",
				);
				INFOPLIST_FILE = originalSlideGameTests/Info.plist;
				LD_RUNPATH_SEARCH_PATHS = "$(inherited) @executable_path/Frameworks @loader_path/Frameworks";
				PRODUCT_NAME = "$(TARGET_NAME)";
				TEST_HOST = "$(BUILT_PRODUCTS_DIR)/originalSlideGame.app/originalSlideGame";
			};
			name = Release;
		};
/* End XCBuildConfiguration section */

/* Begin XCConfigurationList section */
		C4A9D4E71A736D0900DA4AEA /* Build configuration list for PBXProject "originalSlideGame" */ = {
			isa = XCConfigurationList;
			buildConfigurations = (
				C4A9D5101A736D0A00DA4AEA /* Debug */,
				C4A9D5111A736D0A00DA4AEA /* Release */,
			);
			defaultConfigurationIsVisible = 0;
			defaultConfigurationName = Release;
		};
		C4A9D5121A736D0A00DA4AEA /* Build configuration list for PBXNativeTarget "originalSlideGame" */ = {
			isa = XCConfigurationList;
			buildConfigurations = (
				C4A9D5131A736D0A00DA4AEA /* Debug */,
				C4A9D5141A736D0A00DA4AEA /* Release */,
			);
			defaultConfigurationIsVisible = 0;
			defaultConfigurationName = Release;
		};
		C4A9D5151A736D0A00DA4AEA /* Build configuration list for PBXNativeTarget "originalSlideGameTests" */ = {
			isa = XCConfigurationList;
			buildConfigurations = (
				C4A9D5161A736D0A00DA4AEA /* Debug */,
				C4A9D5171A736D0A00DA4AEA /* Release */,
			);
			defaultConfigurationIsVisible = 0;
			defaultConfigurationName = Release;
		};
/* End XCConfigurationList section */

/* Begin XCVersionGroup section */
		C4A9D4F61A736D0900DA4AEA /* originalSlideGame.xcdatamodeld */ = {
			isa = XCVersionGroup;
			children = (
				C4A9D4F71A736D0900DA4AEA /* originalSlideGame.xcdatamodel */,
			);
			currentVersion = C4A9D4F71A736D0900DA4AEA /* originalSlideGame.xcdatamodel */;
			path = originalSlideGame.xcdatamodeld;
			sourceTree = "<group>";
			versionGroupType = wrapper.xcdatamodel;
		};
/* End XCVersionGroup section */
	};
	rootObject = C4A9D4E41A736D0900DA4AEA /* Project object */;
}
