// !$*UTF8*$!
{
	archiveVersion = 1;
	classes = {
	};
	objectVersion = 46;
	objects = {

/* Begin PBXBuildFile section */
		C400450D1A81B3CE0084F8FF /* headerCollectionReusableView.m in Sources */ = {isa = PBXBuildFile; fileRef = C400450C1A81B3CE0084F8FF /* headerCollectionReusableView.m */; };
		C41BC5901A84C3F500DC6B59 /* Images.xcassets in Resources */ = {isa = PBXBuildFile; fileRef = C41BC58F1A84C3F500DC6B59 /* Images.xcassets */; };
		C41BC5921A84D1E300DC6B59 /* Social.framework in Frameworks */ = {isa = PBXBuildFile; fileRef = C41BC5911A84D1E300DC6B59 /* Social.framework */; };
		C41C76E21A860BD600824696 /* flat-ui-icons-regular.ttf in Resources */ = {isa = PBXBuildFile; fileRef = C41C76DD1A860BD600824696 /* flat-ui-icons-regular.ttf */; };
		C41C76E31A860BD600824696 /* Lato-Bold.ttf in Resources */ = {isa = PBXBuildFile; fileRef = C41C76DE1A860BD600824696 /* Lato-Bold.ttf */; };
		C41C76E41A860BD600824696 /* Lato-Italic.ttf in Resources */ = {isa = PBXBuildFile; fileRef = C41C76DF1A860BD600824696 /* Lato-Italic.ttf */; };
		C41C76E51A860BD600824696 /* Lato-Light.ttf in Resources */ = {isa = PBXBuildFile; fileRef = C41C76E01A860BD600824696 /* Lato-Light.ttf */; };
		C41C76E61A860BD600824696 /* Lato-Regular.ttf in Resources */ = {isa = PBXBuildFile; fileRef = C41C76E11A860BD600824696 /* Lato-Regular.ttf */; };
		C41C77121A860C5D00824696 /* FUIAlertView.m in Sources */ = {isa = PBXBuildFile; fileRef = C41C76EB1A860C5D00824696 /* FUIAlertView.m */; };
		C41C77131A860C5E00824696 /* FUIButton.m in Sources */ = {isa = PBXBuildFile; fileRef = C41C76ED1A860C5D00824696 /* FUIButton.m */; };
		C41C77141A860C5E00824696 /* FUICellBackgroundView.m in Sources */ = {isa = PBXBuildFile; fileRef = C41C76EF1A860C5D00824696 /* FUICellBackgroundView.m */; };
		C41C77151A860C5E00824696 /* FUIPopoverBackgroundView.m in Sources */ = {isa = PBXBuildFile; fileRef = C41C76F11A860C5D00824696 /* FUIPopoverBackgroundView.m */; };
		C41C77161A860C5E00824696 /* FUISegmentedControl.m in Sources */ = {isa = PBXBuildFile; fileRef = C41C76F31A860C5D00824696 /* FUISegmentedControl.m */; };
		C41C77171A860C5E00824696 /* FUISwitch.m in Sources */ = {isa = PBXBuildFile; fileRef = C41C76F51A860C5D00824696 /* FUISwitch.m */; };
		C41C77181A860C5E00824696 /* FUITextField.m in Sources */ = {isa = PBXBuildFile; fileRef = C41C76F71A860C5D00824696 /* FUITextField.m */; };
		C41C77191A860C5E00824696 /* NSString+Icons.m in Sources */ = {isa = PBXBuildFile; fileRef = C41C76F91A860C5D00824696 /* NSString+Icons.m */; };
		C41C771A1A860C5E00824696 /* UIBarButtonItem+FlatUI.m in Sources */ = {isa = PBXBuildFile; fileRef = C41C76FB1A860C5D00824696 /* UIBarButtonItem+FlatUI.m */; };
		C41C771B1A860C5E00824696 /* UIColor+FlatUI.m in Sources */ = {isa = PBXBuildFile; fileRef = C41C76FD1A860C5D00824696 /* UIColor+FlatUI.m */; };
		C41C771C1A860C5E00824696 /* UIFont+FlatUI.m in Sources */ = {isa = PBXBuildFile; fileRef = C41C76FF1A860C5D00824696 /* UIFont+FlatUI.m */; };
		C41C771D1A860C5E00824696 /* UIImage+FlatUI.m in Sources */ = {isa = PBXBuildFile; fileRef = C41C77011A860C5D00824696 /* UIImage+FlatUI.m */; };
		C41C771E1A860C5E00824696 /* UINavigationBar+FlatUI.m in Sources */ = {isa = PBXBuildFile; fileRef = C41C77031A860C5D00824696 /* UINavigationBar+FlatUI.m */; };
		C41C771F1A860C5E00824696 /* UIPopoverController+FlatUI.m in Sources */ = {isa = PBXBuildFile; fileRef = C41C77051A860C5D00824696 /* UIPopoverController+FlatUI.m */; };
		C41C77201A860C5E00824696 /* UIProgressView+FlatUI.m in Sources */ = {isa = PBXBuildFile; fileRef = C41C77071A860C5D00824696 /* UIProgressView+FlatUI.m */; };
		C41C77211A860C5E00824696 /* UISlider+FlatUI.m in Sources */ = {isa = PBXBuildFile; fileRef = C41C77091A860C5D00824696 /* UISlider+FlatUI.m */; };
		C41C77221A860C5E00824696 /* UIStepper+FlatUI.m in Sources */ = {isa = PBXBuildFile; fileRef = C41C770B1A860C5D00824696 /* UIStepper+FlatUI.m */; };
		C41C77231A860C5E00824696 /* UITabBar+FlatUI.m in Sources */ = {isa = PBXBuildFile; fileRef = C41C770D1A860C5D00824696 /* UITabBar+FlatUI.m */; };
		C41C77241A860C5E00824696 /* UITableViewCell+FlatUI.m in Sources */ = {isa = PBXBuildFile; fileRef = C41C770F1A860C5D00824696 /* UITableViewCell+FlatUI.m */; };
		C41C77251A860C5E00824696 /* UIToolbar+FlatUI.m in Sources */ = {isa = PBXBuildFile; fileRef = C41C77111A860C5D00824696 /* UIToolbar+FlatUI.m */; };
		C41C77271A860D2500824696 /* CoreText.framework in Frameworks */ = {isa = PBXBuildFile; fileRef = C41C77261A860D2500824696 /* CoreText.framework */; };
		C4250B7A1A7375A9005B5F27 /* playViewController.m in Sources */ = {isa = PBXBuildFile; fileRef = C4250B791A7375A9005B5F27 /* playViewController.m */; };
		C456DC951A76325F005E25B0 /* titleViewController.m in Sources */ = {isa = PBXBuildFile; fileRef = C456DC941A76325F005E25B0 /* titleViewController.m */; };
		C456DC981A763303005E25B0 /* pictureViewController.m in Sources */ = {isa = PBXBuildFile; fileRef = C456DC971A763303005E25B0 /* pictureViewController.m */; };
		C4598A6D1A7F91D300AEBBC9 /* hardPlayViewController.m in Sources */ = {isa = PBXBuildFile; fileRef = C4598A6C1A7F91D300AEBBC9 /* hardPlayViewController.m */; };
		C47865BE1A790E790090350E /* QuartzCore.framework in Frameworks */ = {isa = PBXBuildFile; fileRef = C47865BC1A790E480090350E /* QuartzCore.framework */; };
		C4A9D4F21A736D0900DA4AEA /* main.m in Sources */ = {isa = PBXBuildFile; fileRef = C4A9D4F11A736D0900DA4AEA /* main.m */; };
		C4A9D4F51A736D0900DA4AEA /* AppDelegate.m in Sources */ = {isa = PBXBuildFile; fileRef = C4A9D4F41A736D0900DA4AEA /* AppDelegate.m */; };
		C4A9D4F81A736D0A00DA4AEA /* originalSlideGame.xcdatamodeld in Sources */ = {isa = PBXBuildFile; fileRef = C4A9D4F61A736D0900DA4AEA /* originalSlideGame.xcdatamodeld */; };
		C4A9D4FE1A736D0A00DA4AEA /* Main.storyboard in Resources */ = {isa = PBXBuildFile; fileRef = C4A9D4FC1A736D0A00DA4AEA /* Main.storyboard */; };
		C4A9D5031A736D0A00DA4AEA /* LaunchScreen.xib in Resources */ = {isa = PBXBuildFile; fileRef = C4A9D5011A736D0A00DA4AEA /* LaunchScreen.xib */; };
		C4A9D50F1A736D0A00DA4AEA /* originalSlideGameTests.m in Sources */ = {isa = PBXBuildFile; fileRef = C4A9D50E1A736D0A00DA4AEA /* originalSlideGameTests.m */; };
		C4B489491A83C3950012EA48 /* CLImageEditor.bundle in Resources */ = {isa = PBXBuildFile; fileRef = C4B488F71A83C3950012EA48 /* CLImageEditor.bundle */; };
		C4B4894A1A83C3950012EA48 /* CLImageEditor.m in Sources */ = {isa = PBXBuildFile; fileRef = C4B488F91A83C3950012EA48 /* CLImageEditor.m */; };
		C4B4894B1A83C3950012EA48 /* CLImageEditorTheme.m in Sources */ = {isa = PBXBuildFile; fileRef = C4B488FB1A83C3950012EA48 /* CLImageEditorTheme.m */; };
		C4B4894C1A83C3950012EA48 /* CLImageToolInfo.m in Sources */ = {isa = PBXBuildFile; fileRef = C4B488FD1A83C3950012EA48 /* CLImageToolInfo.m */; };
		C4B489501A83C3950012EA48 /* CLDrawTool.m in Sources */ = {isa = PBXBuildFile; fileRef = C4B4890A1A83C3950012EA48 /* CLDrawTool.m */; };
		C4B489511A83C3950012EA48 /* CLBloomEffect.m in Sources */ = {isa = PBXBuildFile; fileRef = C4B4890E1A83C3950012EA48 /* CLBloomEffect.m */; };
		C4B489521A83C3950012EA48 /* CLGloomEffect.m in Sources */ = {isa = PBXBuildFile; fileRef = C4B489101A83C3950012EA48 /* CLGloomEffect.m */; };
		C4B489531A83C3950012EA48 /* CLHighlightShadowEffect.m in Sources */ = {isa = PBXBuildFile; fileRef = C4B489121A83C3950012EA48 /* CLHighlightShadowEffect.m */; };
		C4B489541A83C3950012EA48 /* CLHueEffect.m in Sources */ = {isa = PBXBuildFile; fileRef = C4B489141A83C3950012EA48 /* CLHueEffect.m */; };
		C4B489551A83C3950012EA48 /* CLPixellateEffect.m in Sources */ = {isa = PBXBuildFile; fileRef = C4B489161A83C3950012EA48 /* CLPixellateEffect.m */; };
		C4B489561A83C3950012EA48 /* CLPosterizeEffect.m in Sources */ = {isa = PBXBuildFile; fileRef = C4B489181A83C3950012EA48 /* CLPosterizeEffect.m */; };
		C4B489571A83C3950012EA48 /* CLSpotEffect.m in Sources */ = {isa = PBXBuildFile; fileRef = C4B4891A1A83C3950012EA48 /* CLSpotEffect.m */; };
		C4B489581A83C3950012EA48 /* CLEffectBase.m in Sources */ = {isa = PBXBuildFile; fileRef = C4B4891C1A83C3950012EA48 /* CLEffectBase.m */; };
		C4B489591A83C3950012EA48 /* CLEffectTool.m in Sources */ = {isa = PBXBuildFile; fileRef = C4B4891E1A83C3950012EA48 /* CLEffectTool.m */; };
		C4B4895A1A83C3950012EA48 /* CLFilterBase.m in Sources */ = {isa = PBXBuildFile; fileRef = C4B489211A83C3950012EA48 /* CLFilterBase.m */; };
		C4B4895B1A83C3950012EA48 /* CLFilterTool.m in Sources */ = {isa = PBXBuildFile; fileRef = C4B489231A83C3950012EA48 /* CLFilterTool.m */; };
		C4B4895C1A83C3950012EA48 /* CLImageToolBase.m in Sources */ = {isa = PBXBuildFile; fileRef = C4B489251A83C3950012EA48 /* CLImageToolBase.m */; };
		C4B4895F1A83C3950012EA48 /* CLCircleView.m in Sources */ = {isa = PBXBuildFile; fileRef = C4B4892E1A83C3950012EA48 /* CLCircleView.m */; };
		C4B489601A83C3950012EA48 /* CLColorPickerView.m in Sources */ = {isa = PBXBuildFile; fileRef = C4B489301A83C3950012EA48 /* CLColorPickerView.m */; };
		C4B489611A83C3950012EA48 /* CLImageEditorTheme+Private.m in Sources */ = {isa = PBXBuildFile; fileRef = C4B489321A83C3950012EA48 /* CLImageEditorTheme+Private.m */; };
		C4B489621A83C3950012EA48 /* CLImageToolInfo+Private.m in Sources */ = {isa = PBXBuildFile; fileRef = C4B489341A83C3950012EA48 /* CLImageToolInfo+Private.m */; };
		C4B489631A83C3950012EA48 /* CLToolbarMenuItem.m in Sources */ = {isa = PBXBuildFile; fileRef = C4B489381A83C3950012EA48 /* CLToolbarMenuItem.m */; };
		C4B489641A83C3950012EA48 /* UIView+CLImageToolInfo.m in Sources */ = {isa = PBXBuildFile; fileRef = C4B4893A1A83C3950012EA48 /* UIView+CLImageToolInfo.m */; };
		C4B489651A83C3950012EA48 /* CLClassList.m in Sources */ = {isa = PBXBuildFile; fileRef = C4B4893D1A83C3950012EA48 /* CLClassList.m */; };
		C4B489661A83C3950012EA48 /* CLSplineInterpolator.m in Sources */ = {isa = PBXBuildFile; fileRef = C4B4893F1A83C3950012EA48 /* CLSplineInterpolator.m */; };
		C4B489671A83C3950012EA48 /* UIDevice+SystemVersion.m in Sources */ = {isa = PBXBuildFile; fileRef = C4B489411A83C3950012EA48 /* UIDevice+SystemVersion.m */; };
		C4B489681A83C3950012EA48 /* UIImage+Utility.m in Sources */ = {isa = PBXBuildFile; fileRef = C4B489431A83C3950012EA48 /* UIImage+Utility.m */; };
		C4B489691A83C3950012EA48 /* UIView+Frame.m in Sources */ = {isa = PBXBuildFile; fileRef = C4B489451A83C3950012EA48 /* UIView+Frame.m */; };
		C4B4896A1A83C3950012EA48 /* _CLImageEditorViewController.m in Sources */ = {isa = PBXBuildFile; fileRef = C4B489481A83C3950012EA48 /* _CLImageEditorViewController.m */; };
		C4B4897B1A83CF3E0012EA48 /* CLFontPickerView.m in Sources */ = {isa = PBXBuildFile; fileRef = C4B489701A83CF3E0012EA48 /* CLFontPickerView.m */; };
		C4B4897C1A83CF3E0012EA48 /* CLPickerDrum.m in Sources */ = {isa = PBXBuildFile; fileRef = C4B489721A83CF3E0012EA48 /* CLPickerDrum.m */; };
		C4B4897D1A83CF3E0012EA48 /* CLPickerView.m in Sources */ = {isa = PBXBuildFile; fileRef = C4B489741A83CF3E0012EA48 /* CLPickerView.m */; };
		C4B4897E1A83CF3E0012EA48 /* CLTextLabel.m in Sources */ = {isa = PBXBuildFile; fileRef = C4B489761A83CF3E0012EA48 /* CLTextLabel.m */; };
		C4B4897F1A83CF3E0012EA48 /* CLTextSettingView.m in Sources */ = {isa = PBXBuildFile; fileRef = C4B489781A83CF3E0012EA48 /* CLTextSettingView.m */; };
		C4B489801A83CF3E0012EA48 /* CLTextTool.m in Sources */ = {isa = PBXBuildFile; fileRef = C4B4897A1A83CF3E0012EA48 /* CLTextTool.m */; };
		C4B489841A83E2690012EA48 /* CLBlurTool.m in Sources */ = {isa = PBXBuildFile; fileRef = C4B489831A83E2690012EA48 /* CLBlurTool.m */; };
		C4BE68321A7BA5F400815D1D /* listCollectionViewController.m in Sources */ = {isa = PBXBuildFile; fileRef = C4BE68311A7BA5F400815D1D /* listCollectionViewController.m */; };
		C4BE68351A7BA73600815D1D /* gameCollectionViewCell.m in Sources */ = {isa = PBXBuildFile; fileRef = C4BE68341A7BA73600815D1D /* gameCollectionViewCell.m */; };
		C4F332811A771C1700374362 /* resultViewController.m in Sources */ = {isa = PBXBuildFile; fileRef = C4F332801A771C1700374362 /* resultViewController.m */; };
/* End PBXBuildFile section */

/* Begin PBXContainerItemProxy section */
		C4A9D5091A736D0A00DA4AEA /* PBXContainerItemProxy */ = {
			isa = PBXContainerItemProxy;
			containerPortal = C4A9D4E41A736D0900DA4AEA /* Project object */;
			proxyType = 1;
			remoteGlobalIDString = C4A9D4EB1A736D0900DA4AEA;
			remoteInfo = originalSlideGame;
		};
/* End PBXContainerItemProxy section */

/* Begin PBXFileReference section */
		C400450B1A81B3CE0084F8FF /* headerCollectionReusableView.h */ = {isa = PBXFileReference; fileEncoding = 4; lastKnownFileType = sourcecode.c.h; path = headerCollectionReusableView.h; sourceTree = "<group>"; };
		C400450C1A81B3CE0084F8FF /* headerCollectionReusableView.m */ = {isa = PBXFileReference; fileEncoding = 4; lastKnownFileType = sourcecode.c.objc; path = headerCollectionReusableView.m; sourceTree = "<group>"; };
		C41BC58F1A84C3F500DC6B59 /* Images.xcassets */ = {isa = PBXFileReference; lastKnownFileType = folder.assetcatalog; path = Images.xcassets; sourceTree = "<group>"; };
		C41BC5911A84D1E300DC6B59 /* Social.framework */ = {isa = PBXFileReference; lastKnownFileType = wrapper.framework; name = Social.framework; path = System/Library/Frameworks/Social.framework; sourceTree = SDKROOT; };
		C41C76DD1A860BD600824696 /* flat-ui-icons-regular.ttf */ = {isa = PBXFileReference; lastKnownFileType = file; path = "flat-ui-icons-regular.ttf"; sourceTree = "<group>"; };
		C41C76DE1A860BD600824696 /* Lato-Bold.ttf */ = {isa = PBXFileReference; lastKnownFileType = file; path = "Lato-Bold.ttf"; sourceTree = "<group>"; };
		C41C76DF1A860BD600824696 /* Lato-Italic.ttf */ = {isa = PBXFileReference; lastKnownFileType = file; path = "Lato-Italic.ttf"; sourceTree = "<group>"; };
		C41C76E01A860BD600824696 /* Lato-Light.ttf */ = {isa = PBXFileReference; lastKnownFileType = file; path = "Lato-Light.ttf"; sourceTree = "<group>"; };
		C41C76E11A860BD600824696 /* Lato-Regular.ttf */ = {isa = PBXFileReference; lastKnownFileType = file; path = "Lato-Regular.ttf"; sourceTree = "<group>"; };
		C41C76E91A860C5D00824696 /* FlatUIKit.h */ = {isa = PBXFileReference; fileEncoding = 4; lastKnownFileType = sourcecode.c.h; path = FlatUIKit.h; sourceTree = "<group>"; };
		C41C76EA1A860C5D00824696 /* FUIAlertView.h */ = {isa = PBXFileReference; fileEncoding = 4; lastKnownFileType = sourcecode.c.h; path = FUIAlertView.h; sourceTree = "<group>"; };
		C41C76EB1A860C5D00824696 /* FUIAlertView.m */ = {isa = PBXFileReference; fileEncoding = 4; lastKnownFileType = sourcecode.c.objc; path = FUIAlertView.m; sourceTree = "<group>"; };
		C41C76EC1A860C5D00824696 /* FUIButton.h */ = {isa = PBXFileReference; fileEncoding = 4; lastKnownFileType = sourcecode.c.h; path = FUIButton.h; sourceTree = "<group>"; };
		C41C76ED1A860C5D00824696 /* FUIButton.m */ = {isa = PBXFileReference; fileEncoding = 4; lastKnownFileType = sourcecode.c.objc; path = FUIButton.m; sourceTree = "<group>"; };
		C41C76EE1A860C5D00824696 /* FUICellBackgroundView.h */ = {isa = PBXFileReference; fileEncoding = 4; lastKnownFileType = sourcecode.c.h; path = FUICellBackgroundView.h; sourceTree = "<group>"; };
		C41C76EF1A860C5D00824696 /* FUICellBackgroundView.m */ = {isa = PBXFileReference; fileEncoding = 4; lastKnownFileType = sourcecode.c.objc; path = FUICellBackgroundView.m; sourceTree = "<group>"; };
		C41C76F01A860C5D00824696 /* FUIPopoverBackgroundView.h */ = {isa = PBXFileReference; fileEncoding = 4; lastKnownFileType = sourcecode.c.h; path = FUIPopoverBackgroundView.h; sourceTree = "<group>"; };
		C41C76F11A860C5D00824696 /* FUIPopoverBackgroundView.m */ = {isa = PBXFileReference; fileEncoding = 4; lastKnownFileType = sourcecode.c.objc; path = FUIPopoverBackgroundView.m; sourceTree = "<group>"; };
		C41C76F21A860C5D00824696 /* FUISegmentedControl.h */ = {isa = PBXFileReference; fileEncoding = 4; lastKnownFileType = sourcecode.c.h; path = FUISegmentedControl.h; sourceTree = "<group>"; };
		C41C76F31A860C5D00824696 /* FUISegmentedControl.m */ = {isa = PBXFileReference; fileEncoding = 4; lastKnownFileType = sourcecode.c.objc; path = FUISegmentedControl.m; sourceTree = "<group>"; };
		C41C76F41A860C5D00824696 /* FUISwitch.h */ = {isa = PBXFileReference; fileEncoding = 4; lastKnownFileType = sourcecode.c.h; path = FUISwitch.h; sourceTree = "<group>"; };
		C41C76F51A860C5D00824696 /* FUISwitch.m */ = {isa = PBXFileReference; fileEncoding = 4; lastKnownFileType = sourcecode.c.objc; path = FUISwitch.m; sourceTree = "<group>"; };
		C41C76F61A860C5D00824696 /* FUITextField.h */ = {isa = PBXFileReference; fileEncoding = 4; lastKnownFileType = sourcecode.c.h; path = FUITextField.h; sourceTree = "<group>"; };
		C41C76F71A860C5D00824696 /* FUITextField.m */ = {isa = PBXFileReference; fileEncoding = 4; lastKnownFileType = sourcecode.c.objc; path = FUITextField.m; sourceTree = "<group>"; };
		C41C76F81A860C5D00824696 /* NSString+Icons.h */ = {isa = PBXFileReference; fileEncoding = 4; lastKnownFileType = sourcecode.c.h; path = "NSString+Icons.h"; sourceTree = "<group>"; };
		C41C76F91A860C5D00824696 /* NSString+Icons.m */ = {isa = PBXFileReference; fileEncoding = 4; lastKnownFileType = sourcecode.c.objc; path = "NSString+Icons.m"; sourceTree = "<group>"; };
		C41C76FA1A860C5D00824696 /* UIBarButtonItem+FlatUI.h */ = {isa = PBXFileReference; fileEncoding = 4; lastKnownFileType = sourcecode.c.h; path = "UIBarButtonItem+FlatUI.h"; sourceTree = "<group>"; };
		C41C76FB1A860C5D00824696 /* UIBarButtonItem+FlatUI.m */ = {isa = PBXFileReference; fileEncoding = 4; lastKnownFileType = sourcecode.c.objc; path = "UIBarButtonItem+FlatUI.m"; sourceTree = "<group>"; };
		C41C76FC1A860C5D00824696 /* UIColor+FlatUI.h */ = {isa = PBXFileReference; fileEncoding = 4; lastKnownFileType = sourcecode.c.h; path = "UIColor+FlatUI.h"; sourceTree = "<group>"; };
		C41C76FD1A860C5D00824696 /* UIColor+FlatUI.m */ = {isa = PBXFileReference; fileEncoding = 4; lastKnownFileType = sourcecode.c.objc; path = "UIColor+FlatUI.m"; sourceTree = "<group>"; };
		C41C76FE1A860C5D00824696 /* UIFont+FlatUI.h */ = {isa = PBXFileReference; fileEncoding = 4; lastKnownFileType = sourcecode.c.h; path = "UIFont+FlatUI.h"; sourceTree = "<group>"; };
		C41C76FF1A860C5D00824696 /* UIFont+FlatUI.m */ = {isa = PBXFileReference; fileEncoding = 4; lastKnownFileType = sourcecode.c.objc; path = "UIFont+FlatUI.m"; sourceTree = "<group>"; };
		C41C77001A860C5D00824696 /* UIImage+FlatUI.h */ = {isa = PBXFileReference; fileEncoding = 4; lastKnownFileType = sourcecode.c.h; path = "UIImage+FlatUI.h"; sourceTree = "<group>"; };
		C41C77011A860C5D00824696 /* UIImage+FlatUI.m */ = {isa = PBXFileReference; fileEncoding = 4; lastKnownFileType = sourcecode.c.objc; path = "UIImage+FlatUI.m"; sourceTree = "<group>"; };
		C41C77021A860C5D00824696 /* UINavigationBar+FlatUI.h */ = {isa = PBXFileReference; fileEncoding = 4; lastKnownFileType = sourcecode.c.h; path = "UINavigationBar+FlatUI.h"; sourceTree = "<group>"; };
		C41C77031A860C5D00824696 /* UINavigationBar+FlatUI.m */ = {isa = PBXFileReference; fileEncoding = 4; lastKnownFileType = sourcecode.c.objc; path = "UINavigationBar+FlatUI.m"; sourceTree = "<group>"; };
		C41C77041A860C5D00824696 /* UIPopoverController+FlatUI.h */ = {isa = PBXFileReference; fileEncoding = 4; lastKnownFileType = sourcecode.c.h; path = "UIPopoverController+FlatUI.h"; sourceTree = "<group>"; };
		C41C77051A860C5D00824696 /* UIPopoverController+FlatUI.m */ = {isa = PBXFileReference; fileEncoding = 4; lastKnownFileType = sourcecode.c.objc; path = "UIPopoverController+FlatUI.m"; sourceTree = "<group>"; };
		C41C77061A860C5D00824696 /* UIProgressView+FlatUI.h */ = {isa = PBXFileReference; fileEncoding = 4; lastKnownFileType = sourcecode.c.h; path = "UIProgressView+FlatUI.h"; sourceTree = "<group>"; };
		C41C77071A860C5D00824696 /* UIProgressView+FlatUI.m */ = {isa = PBXFileReference; fileEncoding = 4; lastKnownFileType = sourcecode.c.objc; path = "UIProgressView+FlatUI.m"; sourceTree = "<group>"; };
		C41C77081A860C5D00824696 /* UISlider+FlatUI.h */ = {isa = PBXFileReference; fileEncoding = 4; lastKnownFileType = sourcecode.c.h; path = "UISlider+FlatUI.h"; sourceTree = "<group>"; };
		C41C77091A860C5D00824696 /* UISlider+FlatUI.m */ = {isa = PBXFileReference; fileEncoding = 4; lastKnownFileType = sourcecode.c.objc; path = "UISlider+FlatUI.m"; sourceTree = "<group>"; };
		C41C770A1A860C5D00824696 /* UIStepper+FlatUI.h */ = {isa = PBXFileReference; fileEncoding = 4; lastKnownFileType = sourcecode.c.h; path = "UIStepper+FlatUI.h"; sourceTree = "<group>"; };
		C41C770B1A860C5D00824696 /* UIStepper+FlatUI.m */ = {isa = PBXFileReference; fileEncoding = 4; lastKnownFileType = sourcecode.c.objc; path = "UIStepper+FlatUI.m"; sourceTree = "<group>"; };
		C41C770C1A860C5D00824696 /* UITabBar+FlatUI.h */ = {isa = PBXFileReference; fileEncoding = 4; lastKnownFileType = sourcecode.c.h; path = "UITabBar+FlatUI.h"; sourceTree = "<group>"; };
		C41C770D1A860C5D00824696 /* UITabBar+FlatUI.m */ = {isa = PBXFileReference; fileEncoding = 4; lastKnownFileType = sourcecode.c.objc; path = "UITabBar+FlatUI.m"; sourceTree = "<group>"; };
		C41C770E1A860C5D00824696 /* UITableViewCell+FlatUI.h */ = {isa = PBXFileReference; fileEncoding = 4; lastKnownFileType = sourcecode.c.h; path = "UITableViewCell+FlatUI.h"; sourceTree = "<group>"; };
		C41C770F1A860C5D00824696 /* UITableViewCell+FlatUI.m */ = {isa = PBXFileReference; fileEncoding = 4; lastKnownFileType = sourcecode.c.objc; path = "UITableViewCell+FlatUI.m"; sourceTree = "<group>"; };
		C41C77101A860C5D00824696 /* UIToolbar+FlatUI.h */ = {isa = PBXFileReference; fileEncoding = 4; lastKnownFileType = sourcecode.c.h; path = "UIToolbar+FlatUI.h"; sourceTree = "<group>"; };
		C41C77111A860C5D00824696 /* UIToolbar+FlatUI.m */ = {isa = PBXFileReference; fileEncoding = 4; lastKnownFileType = sourcecode.c.objc; path = "UIToolbar+FlatUI.m"; sourceTree = "<group>"; };
		C41C77261A860D2500824696 /* CoreText.framework */ = {isa = PBXFileReference; lastKnownFileType = wrapper.framework; name = CoreText.framework; path = System/Library/Frameworks/CoreText.framework; sourceTree = SDKROOT; };
		C4250B781A7375A9005B5F27 /* playViewController.h */ = {isa = PBXFileReference; fileEncoding = 4; lastKnownFileType = sourcecode.c.h; path = playViewController.h; sourceTree = "<group>"; };
		C4250B791A7375A9005B5F27 /* playViewController.m */ = {isa = PBXFileReference; fileEncoding = 4; lastKnownFileType = sourcecode.c.objc; path = playViewController.m; sourceTree = "<group>"; };
		C456DC931A76325F005E25B0 /* titleViewController.h */ = {isa = PBXFileReference; fileEncoding = 4; lastKnownFileType = sourcecode.c.h; path = titleViewController.h; sourceTree = "<group>"; };
		C456DC941A76325F005E25B0 /* titleViewController.m */ = {isa = PBXFileReference; fileEncoding = 4; lastKnownFileType = sourcecode.c.objc; path = titleViewController.m; sourceTree = "<group>"; };
		C456DC961A763303005E25B0 /* pictureViewController.h */ = {isa = PBXFileReference; fileEncoding = 4; lastKnownFileType = sourcecode.c.h; path = pictureViewController.h; sourceTree = "<group>"; };
		C456DC971A763303005E25B0 /* pictureViewController.m */ = {isa = PBXFileReference; fileEncoding = 4; lastKnownFileType = sourcecode.c.objc; path = pictureViewController.m; sourceTree = "<group>"; };
		C4598A6B1A7F91D300AEBBC9 /* hardPlayViewController.h */ = {isa = PBXFileReference; fileEncoding = 4; lastKnownFileType = sourcecode.c.h; path = hardPlayViewController.h; sourceTree = "<group>"; };
		C4598A6C1A7F91D300AEBBC9 /* hardPlayViewController.m */ = {isa = PBXFileReference; fileEncoding = 4; lastKnownFileType = sourcecode.c.objc; path = hardPlayViewController.m; sourceTree = "<group>"; };
		C47865BC1A790E480090350E /* QuartzCore.framework */ = {isa = PBXFileReference; lastKnownFileType = wrapper.framework; name = QuartzCore.framework; path = System/Library/Frameworks/QuartzCore.framework; sourceTree = SDKROOT; };
		C4A9D4EC1A736D0900DA4AEA /* originalSlideGame.app */ = {isa = PBXFileReference; explicitFileType = wrapper.application; includeInIndex = 0; path = originalSlideGame.app; sourceTree = BUILT_PRODUCTS_DIR; };
		C4A9D4F01A736D0900DA4AEA /* Info.plist */ = {isa = PBXFileReference; lastKnownFileType = text.plist.xml; path = Info.plist; sourceTree = "<group>"; };
		C4A9D4F11A736D0900DA4AEA /* main.m */ = {isa = PBXFileReference; lastKnownFileType = sourcecode.c.objc; path = main.m; sourceTree = "<group>"; };
		C4A9D4F31A736D0900DA4AEA /* AppDelegate.h */ = {isa = PBXFileReference; lastKnownFileType = sourcecode.c.h; path = AppDelegate.h; sourceTree = "<group>"; };
		C4A9D4F41A736D0900DA4AEA /* AppDelegate.m */ = {isa = PBXFileReference; lastKnownFileType = sourcecode.c.objc; path = AppDelegate.m; sourceTree = "<group>"; };
		C4A9D4F71A736D0900DA4AEA /* originalSlideGame.xcdatamodel */ = {isa = PBXFileReference; lastKnownFileType = wrapper.xcdatamodel; path = originalSlideGame.xcdatamodel; sourceTree = "<group>"; };
		C4A9D4FD1A736D0A00DA4AEA /* Base */ = {isa = PBXFileReference; lastKnownFileType = file.storyboard; name = Base; path = Base.lproj/Main.storyboard; sourceTree = "<group>"; };
		C4A9D5021A736D0A00DA4AEA /* Base */ = {isa = PBXFileReference; lastKnownFileType = file.xib; name = Base; path = Base.lproj/LaunchScreen.xib; sourceTree = "<group>"; };
		C4A9D5081A736D0A00DA4AEA /* originalSlideGameTests.xctest */ = {isa = PBXFileReference; explicitFileType = wrapper.cfbundle; includeInIndex = 0; path = originalSlideGameTests.xctest; sourceTree = BUILT_PRODUCTS_DIR; };
		C4A9D50D1A736D0A00DA4AEA /* Info.plist */ = {isa = PBXFileReference; lastKnownFileType = text.plist.xml; path = Info.plist; sourceTree = "<group>"; };
		C4A9D50E1A736D0A00DA4AEA /* originalSlideGameTests.m */ = {isa = PBXFileReference; lastKnownFileType = sourcecode.c.objc; path = originalSlideGameTests.m; sourceTree = "<group>"; };
		C4B488F71A83C3950012EA48 /* CLImageEditor.bundle */ = {isa = PBXFileReference; lastKnownFileType = "wrapper.plug-in"; path = CLImageEditor.bundle; sourceTree = "<group>"; };
		C4B488F81A83C3950012EA48 /* CLImageEditor.h */ = {isa = PBXFileReference; fileEncoding = 4; lastKnownFileType = sourcecode.c.h; path = CLImageEditor.h; sourceTree = "<group>"; };
		C4B488F91A83C3950012EA48 /* CLImageEditor.m */ = {isa = PBXFileReference; fileEncoding = 4; lastKnownFileType = sourcecode.c.objc; path = CLImageEditor.m; sourceTree = "<group>"; };
		C4B488FA1A83C3950012EA48 /* CLImageEditorTheme.h */ = {isa = PBXFileReference; fileEncoding = 4; lastKnownFileType = sourcecode.c.h; path = CLImageEditorTheme.h; sourceTree = "<group>"; };
		C4B488FB1A83C3950012EA48 /* CLImageEditorTheme.m */ = {isa = PBXFileReference; fileEncoding = 4; lastKnownFileType = sourcecode.c.objc; path = CLImageEditorTheme.m; sourceTree = "<group>"; };
		C4B488FC1A83C3950012EA48 /* CLImageToolInfo.h */ = {isa = PBXFileReference; fileEncoding = 4; lastKnownFileType = sourcecode.c.h; path = CLImageToolInfo.h; sourceTree = "<group>"; };
		C4B488FD1A83C3950012EA48 /* CLImageToolInfo.m */ = {isa = PBXFileReference; fileEncoding = 4; lastKnownFileType = sourcecode.c.objc; path = CLImageToolInfo.m; sourceTree = "<group>"; };
		C4B489091A83C3950012EA48 /* CLDrawTool.h */ = {isa = PBXFileReference; fileEncoding = 4; lastKnownFileType = sourcecode.c.h; path = CLDrawTool.h; sourceTree = "<group>"; };
		C4B4890A1A83C3950012EA48 /* CLDrawTool.m */ = {isa = PBXFileReference; fileEncoding = 4; lastKnownFileType = sourcecode.c.objc; path = CLDrawTool.m; sourceTree = "<group>"; };
		C4B4890D1A83C3950012EA48 /* CLBloomEffect.h */ = {isa = PBXFileReference; fileEncoding = 4; lastKnownFileType = sourcecode.c.h; path = CLBloomEffect.h; sourceTree = "<group>"; };
		C4B4890E1A83C3950012EA48 /* CLBloomEffect.m */ = {isa = PBXFileReference; fileEncoding = 4; lastKnownFileType = sourcecode.c.objc; path = CLBloomEffect.m; sourceTree = "<group>"; };
		C4B4890F1A83C3950012EA48 /* CLGloomEffect.h */ = {isa = PBXFileReference; fileEncoding = 4; lastKnownFileType = sourcecode.c.h; path = CLGloomEffect.h; sourceTree = "<group>"; };
		C4B489101A83C3950012EA48 /* CLGloomEffect.m */ = {isa = PBXFileReference; fileEncoding = 4; lastKnownFileType = sourcecode.c.objc; path = CLGloomEffect.m; sourceTree = "<group>"; };
		C4B489111A83C3950012EA48 /* CLHighlightShadowEffect.h */ = {isa = PBXFileReference; fileEncoding = 4; lastKnownFileType = sourcecode.c.h; path = CLHighlightShadowEffect.h; sourceTree = "<group>"; };
		C4B489121A83C3950012EA48 /* CLHighlightShadowEffect.m */ = {isa = PBXFileReference; fileEncoding = 4; lastKnownFileType = sourcecode.c.objc; path = CLHighlightShadowEffect.m; sourceTree = "<group>"; };
		C4B489131A83C3950012EA48 /* CLHueEffect.h */ = {isa = PBXFileReference; fileEncoding = 4; lastKnownFileType = sourcecode.c.h; path = CLHueEffect.h; sourceTree = "<group>"; };
		C4B489141A83C3950012EA48 /* CLHueEffect.m */ = {isa = PBXFileReference; fileEncoding = 4; lastKnownFileType = sourcecode.c.objc; path = CLHueEffect.m; sourceTree = "<group>"; };
		C4B489151A83C3950012EA48 /* CLPixellateEffect.h */ = {isa = PBXFileReference; fileEncoding = 4; lastKnownFileType = sourcecode.c.h; path = CLPixellateEffect.h; sourceTree = "<group>"; };
		C4B489161A83C3950012EA48 /* CLPixellateEffect.m */ = {isa = PBXFileReference; fileEncoding = 4; lastKnownFileType = sourcecode.c.objc; path = CLPixellateEffect.m; sourceTree = "<group>"; };
		C4B489171A83C3950012EA48 /* CLPosterizeEffect.h */ = {isa = PBXFileReference; fileEncoding = 4; lastKnownFileType = sourcecode.c.h; path = CLPosterizeEffect.h; sourceTree = "<group>"; };
		C4B489181A83C3950012EA48 /* CLPosterizeEffect.m */ = {isa = PBXFileReference; fileEncoding = 4; lastKnownFileType = sourcecode.c.objc; path = CLPosterizeEffect.m; sourceTree = "<group>"; };
		C4B489191A83C3950012EA48 /* CLSpotEffect.h */ = {isa = PBXFileReference; fileEncoding = 4; lastKnownFileType = sourcecode.c.h; path = CLSpotEffect.h; sourceTree = "<group>"; };
		C4B4891A1A83C3950012EA48 /* CLSpotEffect.m */ = {isa = PBXFileReference; fileEncoding = 4; lastKnownFileType = sourcecode.c.objc; path = CLSpotEffect.m; sourceTree = "<group>"; };
		C4B4891B1A83C3950012EA48 /* CLEffectBase.h */ = {isa = PBXFileReference; fileEncoding = 4; lastKnownFileType = sourcecode.c.h; path = CLEffectBase.h; sourceTree = "<group>"; };
		C4B4891C1A83C3950012EA48 /* CLEffectBase.m */ = {isa = PBXFileReference; fileEncoding = 4; lastKnownFileType = sourcecode.c.objc; path = CLEffectBase.m; sourceTree = "<group>"; };
		C4B4891D1A83C3950012EA48 /* CLEffectTool.h */ = {isa = PBXFileReference; fileEncoding = 4; lastKnownFileType = sourcecode.c.h; path = CLEffectTool.h; sourceTree = "<group>"; };
		C4B4891E1A83C3950012EA48 /* CLEffectTool.m */ = {isa = PBXFileReference; fileEncoding = 4; lastKnownFileType = sourcecode.c.objc; path = CLEffectTool.m; sourceTree = "<group>"; };
		C4B489201A83C3950012EA48 /* CLFilterBase.h */ = {isa = PBXFileReference; fileEncoding = 4; lastKnownFileType = sourcecode.c.h; path = CLFilterBase.h; sourceTree = "<group>"; };
		C4B489211A83C3950012EA48 /* CLFilterBase.m */ = {isa = PBXFileReference; fileEncoding = 4; lastKnownFileType = sourcecode.c.objc; path = CLFilterBase.m; sourceTree = "<group>"; };
		C4B489221A83C3950012EA48 /* CLFilterTool.h */ = {isa = PBXFileReference; fileEncoding = 4; lastKnownFileType = sourcecode.c.h; path = CLFilterTool.h; sourceTree = "<group>"; };
		C4B489231A83C3950012EA48 /* CLFilterTool.m */ = {isa = PBXFileReference; fileEncoding = 4; lastKnownFileType = sourcecode.c.objc; path = CLFilterTool.m; sourceTree = "<group>"; };
		C4B489241A83C3950012EA48 /* CLImageToolBase.h */ = {isa = PBXFileReference; fileEncoding = 4; lastKnownFileType = sourcecode.c.h; path = CLImageToolBase.h; sourceTree = "<group>"; };
		C4B489251A83C3950012EA48 /* CLImageToolBase.m */ = {isa = PBXFileReference; fileEncoding = 4; lastKnownFileType = sourcecode.c.objc; path = CLImageToolBase.m; sourceTree = "<group>"; };
		C4B4892D1A83C3950012EA48 /* CLCircleView.h */ = {isa = PBXFileReference; fileEncoding = 4; lastKnownFileType = sourcecode.c.h; path = CLCircleView.h; sourceTree = "<group>"; };
		C4B4892E1A83C3950012EA48 /* CLCircleView.m */ = {isa = PBXFileReference; fileEncoding = 4; lastKnownFileType = sourcecode.c.objc; path = CLCircleView.m; sourceTree = "<group>"; };
		C4B4892F1A83C3950012EA48 /* CLColorPickerView.h */ = {isa = PBXFileReference; fileEncoding = 4; lastKnownFileType = sourcecode.c.h; path = CLColorPickerView.h; sourceTree = "<group>"; };
		C4B489301A83C3950012EA48 /* CLColorPickerView.m */ = {isa = PBXFileReference; fileEncoding = 4; lastKnownFileType = sourcecode.c.objc; path = CLColorPickerView.m; sourceTree = "<group>"; };
		C4B489311A83C3950012EA48 /* CLImageEditorTheme+Private.h */ = {isa = PBXFileReference; fileEncoding = 4; lastKnownFileType = sourcecode.c.h; path = "CLImageEditorTheme+Private.h"; sourceTree = "<group>"; };
		C4B489321A83C3950012EA48 /* CLImageEditorTheme+Private.m */ = {isa = PBXFileReference; fileEncoding = 4; lastKnownFileType = sourcecode.c.objc; path = "CLImageEditorTheme+Private.m"; sourceTree = "<group>"; };
		C4B489331A83C3950012EA48 /* CLImageToolInfo+Private.h */ = {isa = PBXFileReference; fileEncoding = 4; lastKnownFileType = sourcecode.c.h; path = "CLImageToolInfo+Private.h"; sourceTree = "<group>"; };
		C4B489341A83C3950012EA48 /* CLImageToolInfo+Private.m */ = {isa = PBXFileReference; fileEncoding = 4; lastKnownFileType = sourcecode.c.objc; path = "CLImageToolInfo+Private.m"; sourceTree = "<group>"; };
		C4B489351A83C3950012EA48 /* CLImageToolProtocol.h */ = {isa = PBXFileReference; fileEncoding = 4; lastKnownFileType = sourcecode.c.h; path = CLImageToolProtocol.h; sourceTree = "<group>"; };
		C4B489361A83C3950012EA48 /* CLImageToolSettings.h */ = {isa = PBXFileReference; fileEncoding = 4; lastKnownFileType = sourcecode.c.h; path = CLImageToolSettings.h; sourceTree = "<group>"; };
		C4B489371A83C3950012EA48 /* CLToolbarMenuItem.h */ = {isa = PBXFileReference; fileEncoding = 4; lastKnownFileType = sourcecode.c.h; path = CLToolbarMenuItem.h; sourceTree = "<group>"; };
		C4B489381A83C3950012EA48 /* CLToolbarMenuItem.m */ = {isa = PBXFileReference; fileEncoding = 4; lastKnownFileType = sourcecode.c.objc; path = CLToolbarMenuItem.m; sourceTree = "<group>"; };
		C4B489391A83C3950012EA48 /* UIView+CLImageToolInfo.h */ = {isa = PBXFileReference; fileEncoding = 4; lastKnownFileType = sourcecode.c.h; path = "UIView+CLImageToolInfo.h"; sourceTree = "<group>"; };
		C4B4893A1A83C3950012EA48 /* UIView+CLImageToolInfo.m */ = {isa = PBXFileReference; fileEncoding = 4; lastKnownFileType = sourcecode.c.objc; path = "UIView+CLImageToolInfo.m"; sourceTree = "<group>"; };
		C4B4893C1A83C3950012EA48 /* CLClassList.h */ = {isa = PBXFileReference; fileEncoding = 4; lastKnownFileType = sourcecode.c.h; path = CLClassList.h; sourceTree = "<group>"; };
		C4B4893D1A83C3950012EA48 /* CLClassList.m */ = {isa = PBXFileReference; fileEncoding = 4; lastKnownFileType = sourcecode.c.objc; path = CLClassList.m; sourceTree = "<group>"; };
		C4B4893E1A83C3950012EA48 /* CLSplineInterpolator.h */ = {isa = PBXFileReference; fileEncoding = 4; lastKnownFileType = sourcecode.c.h; path = CLSplineInterpolator.h; sourceTree = "<group>"; };
		C4B4893F1A83C3950012EA48 /* CLSplineInterpolator.m */ = {isa = PBXFileReference; fileEncoding = 4; lastKnownFileType = sourcecode.c.objc; path = CLSplineInterpolator.m; sourceTree = "<group>"; };
		C4B489401A83C3950012EA48 /* UIDevice+SystemVersion.h */ = {isa = PBXFileReference; fileEncoding = 4; lastKnownFileType = sourcecode.c.h; path = "UIDevice+SystemVersion.h"; sourceTree = "<group>"; };
		C4B489411A83C3950012EA48 /* UIDevice+SystemVersion.m */ = {isa = PBXFileReference; fileEncoding = 4; lastKnownFileType = sourcecode.c.objc; path = "UIDevice+SystemVersion.m"; sourceTree = "<group>"; };
		C4B489421A83C3950012EA48 /* UIImage+Utility.h */ = {isa = PBXFileReference; fileEncoding = 4; lastKnownFileType = sourcecode.c.h; path = "UIImage+Utility.h"; sourceTree = "<group>"; };
		C4B489431A83C3950012EA48 /* UIImage+Utility.m */ = {isa = PBXFileReference; fileEncoding = 4; lastKnownFileType = sourcecode.c.objc; path = "UIImage+Utility.m"; sourceTree = "<group>"; };
		C4B489441A83C3950012EA48 /* UIView+Frame.h */ = {isa = PBXFileReference; fileEncoding = 4; lastKnownFileType = sourcecode.c.h; path = "UIView+Frame.h"; sourceTree = "<group>"; };
		C4B489451A83C3950012EA48 /* UIView+Frame.m */ = {isa = PBXFileReference; fileEncoding = 4; lastKnownFileType = sourcecode.c.objc; path = "UIView+Frame.m"; sourceTree = "<group>"; };
		C4B489471A83C3950012EA48 /* _CLImageEditorViewController.h */ = {isa = PBXFileReference; fileEncoding = 4; lastKnownFileType = sourcecode.c.h; path = _CLImageEditorViewController.h; sourceTree = "<group>"; };
		C4B489481A83C3950012EA48 /* _CLImageEditorViewController.m */ = {isa = PBXFileReference; fileEncoding = 4; lastKnownFileType = sourcecode.c.objc; path = _CLImageEditorViewController.m; sourceTree = "<group>"; };
		C4B4896F1A83CF3E0012EA48 /* CLFontPickerView.h */ = {isa = PBXFileReference; fileEncoding = 4; lastKnownFileType = sourcecode.c.h; path = CLFontPickerView.h; sourceTree = "<group>"; };
		C4B489701A83CF3E0012EA48 /* CLFontPickerView.m */ = {isa = PBXFileReference; fileEncoding = 4; lastKnownFileType = sourcecode.c.objc; path = CLFontPickerView.m; sourceTree = "<group>"; };
		C4B489711A83CF3E0012EA48 /* CLPickerDrum.h */ = {isa = PBXFileReference; fileEncoding = 4; lastKnownFileType = sourcecode.c.h; path = CLPickerDrum.h; sourceTree = "<group>"; };
		C4B489721A83CF3E0012EA48 /* CLPickerDrum.m */ = {isa = PBXFileReference; fileEncoding = 4; lastKnownFileType = sourcecode.c.objc; path = CLPickerDrum.m; sourceTree = "<group>"; };
		C4B489731A83CF3E0012EA48 /* CLPickerView.h */ = {isa = PBXFileReference; fileEncoding = 4; lastKnownFileType = sourcecode.c.h; path = CLPickerView.h; sourceTree = "<group>"; };
		C4B489741A83CF3E0012EA48 /* CLPickerView.m */ = {isa = PBXFileReference; fileEncoding = 4; lastKnownFileType = sourcecode.c.objc; path = CLPickerView.m; sourceTree = "<group>"; };
		C4B489751A83CF3E0012EA48 /* CLTextLabel.h */ = {isa = PBXFileReference; fileEncoding = 4; lastKnownFileType = sourcecode.c.h; path = CLTextLabel.h; sourceTree = "<group>"; };
		C4B489761A83CF3E0012EA48 /* CLTextLabel.m */ = {isa = PBXFileReference; fileEncoding = 4; lastKnownFileType = sourcecode.c.objc; path = CLTextLabel.m; sourceTree = "<group>"; };
		C4B489771A83CF3E0012EA48 /* CLTextSettingView.h */ = {isa = PBXFileReference; fileEncoding = 4; lastKnownFileType = sourcecode.c.h; path = CLTextSettingView.h; sourceTree = "<group>"; };
		C4B489781A83CF3E0012EA48 /* CLTextSettingView.m */ = {isa = PBXFileReference; fileEncoding = 4; lastKnownFileType = sourcecode.c.objc; path = CLTextSettingView.m; sourceTree = "<group>"; };
		C4B489791A83CF3E0012EA48 /* CLTextTool.h */ = {isa = PBXFileReference; fileEncoding = 4; lastKnownFileType = sourcecode.c.h; path = CLTextTool.h; sourceTree = "<group>"; };
		C4B4897A1A83CF3E0012EA48 /* CLTextTool.m */ = {isa = PBXFileReference; fileEncoding = 4; lastKnownFileType = sourcecode.c.objc; path = CLTextTool.m; sourceTree = "<group>"; };
		C4B489821A83E2690012EA48 /* CLBlurTool.h */ = {isa = PBXFileReference; fileEncoding = 4; lastKnownFileType = sourcecode.c.h; path = CLBlurTool.h; sourceTree = "<group>"; };
		C4B489831A83E2690012EA48 /* CLBlurTool.m */ = {isa = PBXFileReference; fileEncoding = 4; lastKnownFileType = sourcecode.c.objc; path = CLBlurTool.m; sourceTree = "<group>"; };
		C4BE68301A7BA5F400815D1D /* listCollectionViewController.h */ = {isa = PBXFileReference; fileEncoding = 4; lastKnownFileType = sourcecode.c.h; path = listCollectionViewController.h; sourceTree = "<group>"; };
		C4BE68311A7BA5F400815D1D /* listCollectionViewController.m */ = {isa = PBXFileReference; fileEncoding = 4; lastKnownFileType = sourcecode.c.objc; path = listCollectionViewController.m; sourceTree = "<group>"; };
		C4BE68331A7BA73500815D1D /* gameCollectionViewCell.h */ = {isa = PBXFileReference; fileEncoding = 4; lastKnownFileType = sourcecode.c.h; path = gameCollectionViewCell.h; sourceTree = "<group>"; };
		C4BE68341A7BA73600815D1D /* gameCollectionViewCell.m */ = {isa = PBXFileReference; fileEncoding = 4; lastKnownFileType = sourcecode.c.objc; path = gameCollectionViewCell.m; sourceTree = "<group>"; };
		C4F3327F1A771C1700374362 /* resultViewController.h */ = {isa = PBXFileReference; fileEncoding = 4; lastKnownFileType = sourcecode.c.h; path = resultViewController.h; sourceTree = "<group>"; };
		C4F332801A771C1700374362 /* resultViewController.m */ = {isa = PBXFileReference; fileEncoding = 4; lastKnownFileType = sourcecode.c.objc; path = resultViewController.m; sourceTree = "<group>"; };
/* End PBXFileReference section */

/* Begin PBXFrameworksBuildPhase section */
		C4A9D4E91A736D0900DA4AEA /* Frameworks */ = {
			isa = PBXFrameworksBuildPhase;
			buildActionMask = 2147483647;
			files = (
				C41C77271A860D2500824696 /* CoreText.framework in Frameworks */,
				C41BC5921A84D1E300DC6B59 /* Social.framework in Frameworks */,
				C47865BE1A790E790090350E /* QuartzCore.framework in Frameworks */,
			);
			runOnlyForDeploymentPostprocessing = 0;
		};
		C4A9D5051A736D0A00DA4AEA /* Frameworks */ = {
			isa = PBXFrameworksBuildPhase;
			buildActionMask = 2147483647;
			files = (
			);
			runOnlyForDeploymentPostprocessing = 0;
		};
/* End PBXFrameworksBuildPhase section */

/* Begin PBXGroup section */
		C41C76DC1A860BD600824696 /* Resources */ = {
			isa = PBXGroup;
			children = (
				C41C76DD1A860BD600824696 /* flat-ui-icons-regular.ttf */,
				C41C76DE1A860BD600824696 /* Lato-Bold.ttf */,
				C41C76DF1A860BD600824696 /* Lato-Italic.ttf */,
				C41C76E01A860BD600824696 /* Lato-Light.ttf */,
				C41C76E11A860BD600824696 /* Lato-Regular.ttf */,
			);
			path = Resources;
			sourceTree = "<group>";
		};
		C41C76E71A860C5D00824696 /* Classes */ = {
			isa = PBXGroup;
			children = (
				C41C76E81A860C5D00824696 /* ios */,
			);
			name = Classes;
			path = "FlatUIKit-master/Classes";
			sourceTree = SOURCE_ROOT;
		};
		C41C76E81A860C5D00824696 /* ios */ = {
			isa = PBXGroup;
			children = (
				C41C76E91A860C5D00824696 /* FlatUIKit.h */,
				C41C76EA1A860C5D00824696 /* FUIAlertView.h */,
				C41C76EB1A860C5D00824696 /* FUIAlertView.m */,
				C41C76EC1A860C5D00824696 /* FUIButton.h */,
				C41C76ED1A860C5D00824696 /* FUIButton.m */,
				C41C76EE1A860C5D00824696 /* FUICellBackgroundView.h */,
				C41C76EF1A860C5D00824696 /* FUICellBackgroundView.m */,
				C41C76F01A860C5D00824696 /* FUIPopoverBackgroundView.h */,
				C41C76F11A860C5D00824696 /* FUIPopoverBackgroundView.m */,
				C41C76F21A860C5D00824696 /* FUISegmentedControl.h */,
				C41C76F31A860C5D00824696 /* FUISegmentedControl.m */,
				C41C76F41A860C5D00824696 /* FUISwitch.h */,
				C41C76F51A860C5D00824696 /* FUISwitch.m */,
				C41C76F61A860C5D00824696 /* FUITextField.h */,
				C41C76F71A860C5D00824696 /* FUITextField.m */,
				C41C76F81A860C5D00824696 /* NSString+Icons.h */,
				C41C76F91A860C5D00824696 /* NSString+Icons.m */,
				C41C76FA1A860C5D00824696 /* UIBarButtonItem+FlatUI.h */,
				C41C76FB1A860C5D00824696 /* UIBarButtonItem+FlatUI.m */,
				C41C76FC1A860C5D00824696 /* UIColor+FlatUI.h */,
				C41C76FD1A860C5D00824696 /* UIColor+FlatUI.m */,
				C41C76FE1A860C5D00824696 /* UIFont+FlatUI.h */,
				C41C76FF1A860C5D00824696 /* UIFont+FlatUI.m */,
				C41C77001A860C5D00824696 /* UIImage+FlatUI.h */,
				C41C77011A860C5D00824696 /* UIImage+FlatUI.m */,
				C41C77021A860C5D00824696 /* UINavigationBar+FlatUI.h */,
				C41C77031A860C5D00824696 /* UINavigationBar+FlatUI.m */,
				C41C77041A860C5D00824696 /* UIPopoverController+FlatUI.h */,
				C41C77051A860C5D00824696 /* UIPopoverController+FlatUI.m */,
				C41C77061A860C5D00824696 /* UIProgressView+FlatUI.h */,
				C41C77071A860C5D00824696 /* UIProgressView+FlatUI.m */,
				C41C77081A860C5D00824696 /* UISlider+FlatUI.h */,
				C41C77091A860C5D00824696 /* UISlider+FlatUI.m */,
				C41C770A1A860C5D00824696 /* UIStepper+FlatUI.h */,
				C41C770B1A860C5D00824696 /* UIStepper+FlatUI.m */,
				C41C770C1A860C5D00824696 /* UITabBar+FlatUI.h */,
				C41C770D1A860C5D00824696 /* UITabBar+FlatUI.m */,
				C41C770E1A860C5D00824696 /* UITableViewCell+FlatUI.h */,
				C41C770F1A860C5D00824696 /* UITableViewCell+FlatUI.m */,
				C41C77101A860C5D00824696 /* UIToolbar+FlatUI.h */,
				C41C77111A860C5D00824696 /* UIToolbar+FlatUI.m */,
			);
			path = ios;
			sourceTree = "<group>";
		};
		C4A9D4E31A736D0900DA4AEA = {
			isa = PBXGroup;
			children = (
				C4A9D4EE1A736D0900DA4AEA /* originalSlideGame */,
				C4A9D50B1A736D0A00DA4AEA /* originalSlideGameTests */,
				C4A9D4ED1A736D0900DA4AEA /* Products */,
				C41C77261A860D2500824696 /* CoreText.framework */,
				C41BC5911A84D1E300DC6B59 /* Social.framework */,
				C47865BC1A790E480090350E /* QuartzCore.framework */,
			);
			sourceTree = "<group>";
		};
		C4A9D4ED1A736D0900DA4AEA /* Products */ = {
			isa = PBXGroup;
			children = (
				C4A9D4EC1A736D0900DA4AEA /* originalSlideGame.app */,
				C4A9D5081A736D0A00DA4AEA /* originalSlideGameTests.xctest */,
			);
			name = Products;
			sourceTree = "<group>";
		};
		C4A9D4EE1A736D0900DA4AEA /* originalSlideGame */ = {
			isa = PBXGroup;
			children = (
				C4A9D4FC1A736D0A00DA4AEA /* Main.storyboard */,
				C4A9D4F31A736D0900DA4AEA /* AppDelegate.h */,
				C4A9D4F41A736D0900DA4AEA /* AppDelegate.m */,
				C456DC931A76325F005E25B0 /* titleViewController.h */,
				C456DC941A76325F005E25B0 /* titleViewController.m */,
				C4BE68301A7BA5F400815D1D /* listCollectionViewController.h */,
				C4BE68311A7BA5F400815D1D /* listCollectionViewController.m */,
				C4250B781A7375A9005B5F27 /* playViewController.h */,
				C4250B791A7375A9005B5F27 /* playViewController.m */,
				C456DC961A763303005E25B0 /* pictureViewController.h */,
				C456DC971A763303005E25B0 /* pictureViewController.m */,
				C4F3327F1A771C1700374362 /* resultViewController.h */,
				C4F332801A771C1700374362 /* resultViewController.m */,
				C4BE68331A7BA73500815D1D /* gameCollectionViewCell.h */,
				C4BE68341A7BA73600815D1D /* gameCollectionViewCell.m */,
				C400450B1A81B3CE0084F8FF /* headerCollectionReusableView.h */,
				C400450C1A81B3CE0084F8FF /* headerCollectionReusableView.m */,
				C4598A6B1A7F91D300AEBBC9 /* hardPlayViewController.h */,
				C4598A6C1A7F91D300AEBBC9 /* hardPlayViewController.m */,
				C4A9D5011A736D0A00DA4AEA /* LaunchScreen.xib */,
				C41C76E71A860C5D00824696 /* Classes */,
				C41C76DC1A860BD600824696 /* Resources */,
				C41BC58F1A84C3F500DC6B59 /* Images.xcassets */,
				C4A9D4F61A736D0900DA4AEA /* originalSlideGame.xcdatamodeld */,
				C4B488F61A83C3950012EA48 /* CLImageEditor */,
				C4A9D4EF1A736D0900DA4AEA /* Supporting Files */,
			);
			path = originalSlideGame;
			sourceTree = "<group>";
		};
		C4A9D4EF1A736D0900DA4AEA /* Supporting Files */ = {
			isa = PBXGroup;
			children = (
				C4A9D4F01A736D0900DA4AEA /* Info.plist */,
				C4A9D4F11A736D0900DA4AEA /* main.m */,
			);
			name = "Supporting Files";
			sourceTree = "<group>";
		};
		C4A9D50B1A736D0A00DA4AEA /* originalSlideGameTests */ = {
			isa = PBXGroup;
			children = (
				C4A9D50E1A736D0A00DA4AEA /* originalSlideGameTests.m */,
				C4A9D50C1A736D0A00DA4AEA /* Supporting Files */,
			);
			path = originalSlideGameTests;
			sourceTree = "<group>";
		};
		C4A9D50C1A736D0A00DA4AEA /* Supporting Files */ = {
			isa = PBXGroup;
			children = (
				C4A9D50D1A736D0A00DA4AEA /* Info.plist */,
			);
			name = "Supporting Files";
			sourceTree = "<group>";
		};
		C4B488F61A83C3950012EA48 /* CLImageEditor */ = {
			isa = PBXGroup;
			children = (
				C4B488F71A83C3950012EA48 /* CLImageEditor.bundle */,
				C4B488F81A83C3950012EA48 /* CLImageEditor.h */,
				C4B488F91A83C3950012EA48 /* CLImageEditor.m */,
				C4B488FA1A83C3950012EA48 /* CLImageEditorTheme.h */,
				C4B488FB1A83C3950012EA48 /* CLImageEditorTheme.m */,
				C4B488FC1A83C3950012EA48 /* CLImageToolInfo.h */,
				C4B488FD1A83C3950012EA48 /* CLImageToolInfo.m */,
				C4B488FE1A83C3950012EA48 /* ImageTools */,
				C4B4893B1A83C3950012EA48 /* Utils */,
				C4B489461A83C3950012EA48 /* ViewController */,
			);
			name = CLImageEditor;
			path = ../../../../../Desktop/CLImageEditor/CLImageEditor;
			sourceTree = "<group>";
		};
		C4B488FE1A83C3950012EA48 /* ImageTools */ = {
			isa = PBXGroup;
			children = (
				C4B489081A83C3950012EA48 /* CLDrawTool */,
				C4B4890B1A83C3950012EA48 /* CLEffectTool */,
				C4B4896E1A83CF3E0012EA48 /* CLTextTool */,
				C4B489811A83E2690012EA48 /* CLBlurTool */,
				C4B4891F1A83C3950012EA48 /* CLFilterTool */,
				C4B489241A83C3950012EA48 /* CLImageToolBase.h */,
				C4B489251A83C3950012EA48 /* CLImageToolBase.m */,
				C4B4892C1A83C3950012EA48 /* ToolSettings */,
			);
			path = ImageTools;
			sourceTree = "<group>";
		};
		C4B489081A83C3950012EA48 /* CLDrawTool */ = {
			isa = PBXGroup;
			children = (
				C4B489091A83C3950012EA48 /* CLDrawTool.h */,
				C4B4890A1A83C3950012EA48 /* CLDrawTool.m */,
			);
			path = CLDrawTool;
			sourceTree = "<group>";
		};
		C4B4890B1A83C3950012EA48 /* CLEffectTool */ = {
			isa = PBXGroup;
			children = (
				C4B4890C1A83C3950012EA48 /* CLEffect */,
				C4B4891B1A83C3950012EA48 /* CLEffectBase.h */,
				C4B4891C1A83C3950012EA48 /* CLEffectBase.m */,
				C4B4891D1A83C3950012EA48 /* CLEffectTool.h */,
				C4B4891E1A83C3950012EA48 /* CLEffectTool.m */,
			);
			path = CLEffectTool;
			sourceTree = "<group>";
		};
		C4B4890C1A83C3950012EA48 /* CLEffect */ = {
			isa = PBXGroup;
			children = (
				C4B4890D1A83C3950012EA48 /* CLBloomEffect.h */,
				C4B4890E1A83C3950012EA48 /* CLBloomEffect.m */,
				C4B4890F1A83C3950012EA48 /* CLGloomEffect.h */,
				C4B489101A83C3950012EA48 /* CLGloomEffect.m */,
				C4B489111A83C3950012EA48 /* CLHighlightShadowEffect.h */,
				C4B489121A83C3950012EA48 /* CLHighlightShadowEffect.m */,
				C4B489131A83C3950012EA48 /* CLHueEffect.h */,
				C4B489141A83C3950012EA48 /* CLHueEffect.m */,
				C4B489151A83C3950012EA48 /* CLPixellateEffect.h */,
				C4B489161A83C3950012EA48 /* CLPixellateEffect.m */,
				C4B489171A83C3950012EA48 /* CLPosterizeEffect.h */,
				C4B489181A83C3950012EA48 /* CLPosterizeEffect.m */,
				C4B489191A83C3950012EA48 /* CLSpotEffect.h */,
				C4B4891A1A83C3950012EA48 /* CLSpotEffect.m */,
			);
			path = CLEffect;
			sourceTree = "<group>";
		};
		C4B4891F1A83C3950012EA48 /* CLFilterTool */ = {
			isa = PBXGroup;
			children = (
				C4B489201A83C3950012EA48 /* CLFilterBase.h */,
				C4B489211A83C3950012EA48 /* CLFilterBase.m */,
				C4B489221A83C3950012EA48 /* CLFilterTool.h */,
				C4B489231A83C3950012EA48 /* CLFilterTool.m */,
			);
			path = CLFilterTool;
			sourceTree = "<group>";
		};
		C4B4892C1A83C3950012EA48 /* ToolSettings */ = {
			isa = PBXGroup;
			children = (
				C4B4892D1A83C3950012EA48 /* CLCircleView.h */,
				C4B4892E1A83C3950012EA48 /* CLCircleView.m */,
				C4B4892F1A83C3950012EA48 /* CLColorPickerView.h */,
				C4B489301A83C3950012EA48 /* CLColorPickerView.m */,
				C4B489311A83C3950012EA48 /* CLImageEditorTheme+Private.h */,
				C4B489321A83C3950012EA48 /* CLImageEditorTheme+Private.m */,
				C4B489331A83C3950012EA48 /* CLImageToolInfo+Private.h */,
				C4B489341A83C3950012EA48 /* CLImageToolInfo+Private.m */,
				C4B489351A83C3950012EA48 /* CLImageToolProtocol.h */,
				C4B489361A83C3950012EA48 /* CLImageToolSettings.h */,
				C4B489371A83C3950012EA48 /* CLToolbarMenuItem.h */,
				C4B489381A83C3950012EA48 /* CLToolbarMenuItem.m */,
				C4B489391A83C3950012EA48 /* UIView+CLImageToolInfo.h */,
				C4B4893A1A83C3950012EA48 /* UIView+CLImageToolInfo.m */,
			);
			path = ToolSettings;
			sourceTree = "<group>";
		};
		C4B4893B1A83C3950012EA48 /* Utils */ = {
			isa = PBXGroup;
			children = (
				C4B4893C1A83C3950012EA48 /* CLClassList.h */,
				C4B4893D1A83C3950012EA48 /* CLClassList.m */,
				C4B4893E1A83C3950012EA48 /* CLSplineInterpolator.h */,
				C4B4893F1A83C3950012EA48 /* CLSplineInterpolator.m */,
				C4B489401A83C3950012EA48 /* UIDevice+SystemVersion.h */,
				C4B489411A83C3950012EA48 /* UIDevice+SystemVersion.m */,
				C4B489421A83C3950012EA48 /* UIImage+Utility.h */,
				C4B489431A83C3950012EA48 /* UIImage+Utility.m */,
				C4B489441A83C3950012EA48 /* UIView+Frame.h */,
				C4B489451A83C3950012EA48 /* UIView+Frame.m */,
			);
			path = Utils;
			sourceTree = "<group>";
		};
		C4B489461A83C3950012EA48 /* ViewController */ = {
			isa = PBXGroup;
			children = (
				C4B489471A83C3950012EA48 /* _CLImageEditorViewController.h */,
				C4B489481A83C3950012EA48 /* _CLImageEditorViewController.m */,
			);
			path = ViewController;
			sourceTree = "<group>";
		};
		C4B4896E1A83CF3E0012EA48 /* CLTextTool */ = {
			isa = PBXGroup;
			children = (
				C4B4896F1A83CF3E0012EA48 /* CLFontPickerView.h */,
				C4B489701A83CF3E0012EA48 /* CLFontPickerView.m */,
				C4B489711A83CF3E0012EA48 /* CLPickerDrum.h */,
				C4B489721A83CF3E0012EA48 /* CLPickerDrum.m */,
				C4B489731A83CF3E0012EA48 /* CLPickerView.h */,
				C4B489741A83CF3E0012EA48 /* CLPickerView.m */,
				C4B489751A83CF3E0012EA48 /* CLTextLabel.h */,
				C4B489761A83CF3E0012EA48 /* CLTextLabel.m */,
				C4B489771A83CF3E0012EA48 /* CLTextSettingView.h */,
				C4B489781A83CF3E0012EA48 /* CLTextSettingView.m */,
				C4B489791A83CF3E0012EA48 /* CLTextTool.h */,
				C4B4897A1A83CF3E0012EA48 /* CLTextTool.m */,
			);
			name = CLTextTool;
			path = ../../OptionalImageTools/CLTextTool;
			sourceTree = "<group>";
		};
		C4B489811A83E2690012EA48 /* CLBlurTool */ = {
			isa = PBXGroup;
			children = (
				C4B489821A83E2690012EA48 /* CLBlurTool.h */,
				C4B489831A83E2690012EA48 /* CLBlurTool.m */,
			);
			name = CLBlurTool;
			path = CLImageEditor/CLImageEditor/ImageTools/CLBlurTool;
			sourceTree = SOURCE_ROOT;
		};
/* End PBXGroup section */

/* Begin PBXNativeTarget section */
		C4A9D4EB1A736D0900DA4AEA /* originalSlideGame */ = {
			isa = PBXNativeTarget;
			buildConfigurationList = C4A9D5121A736D0A00DA4AEA /* Build configuration list for PBXNativeTarget "originalSlideGame" */;
			buildPhases = (
				C4A9D4E81A736D0900DA4AEA /* Sources */,
				C4A9D4E91A736D0900DA4AEA /* Frameworks */,
				C4A9D4EA1A736D0900DA4AEA /* Resources */,
			);
			buildRules = (
			);
			dependencies = (
			);
			name = originalSlideGame;
			productName = originalSlideGame;
			productReference = C4A9D4EC1A736D0900DA4AEA /* originalSlideGame.app */;
			productType = "com.apple.product-type.application";
		};
		C4A9D5071A736D0A00DA4AEA /* originalSlideGameTests */ = {
			isa = PBXNativeTarget;
			buildConfigurationList = C4A9D5151A736D0A00DA4AEA /* Build configuration list for PBXNativeTarget "originalSlideGameTests" */;
			buildPhases = (
				C4A9D5041A736D0A00DA4AEA /* Sources */,
				C4A9D5051A736D0A00DA4AEA /* Frameworks */,
				C4A9D5061A736D0A00DA4AEA /* Resources */,
			);
			buildRules = (
			);
			dependencies = (
				C4A9D50A1A736D0A00DA4AEA /* PBXTargetDependency */,
			);
			name = originalSlideGameTests;
			productName = originalSlideGameTests;
			productReference = C4A9D5081A736D0A00DA4AEA /* originalSlideGameTests.xctest */;
			productType = "com.apple.product-type.bundle.unit-test";
		};
/* End PBXNativeTarget section */

/* Begin PBXProject section */
		C4A9D4E41A736D0900DA4AEA /* Project object */ = {
			isa = PBXProject;
			attributes = {
				LastUpgradeCheck = 0610;
				ORGANIZATIONNAME = "Tomohide Nakahsima";
				TargetAttributes = {
					C4A9D4EB1A736D0900DA4AEA = {
						CreatedOnToolsVersion = 6.1.1;
					};
					C4A9D5071A736D0A00DA4AEA = {
						CreatedOnToolsVersion = 6.1.1;
						TestTargetID = C4A9D4EB1A736D0900DA4AEA;
					};
				};
			};
			buildConfigurationList = C4A9D4E71A736D0900DA4AEA /* Build configuration list for PBXProject "originalSlideGame" */;
			compatibilityVersion = "Xcode 3.2";
			developmentRegion = English;
			hasScannedForEncodings = 0;
			knownRegions = (
				en,
				Base,
			);
			mainGroup = C4A9D4E31A736D0900DA4AEA;
			productRefGroup = C4A9D4ED1A736D0900DA4AEA /* Products */;
			projectDirPath = "";
			projectRoot = "";
			targets = (
				C4A9D4EB1A736D0900DA4AEA /* originalSlideGame */,
				C4A9D5071A736D0A00DA4AEA /* originalSlideGameTests */,
			);
		};
/* End PBXProject section */

/* Begin PBXResourcesBuildPhase section */
		C4A9D4EA1A736D0900DA4AEA /* Resources */ = {
			isa = PBXResourcesBuildPhase;
			buildActionMask = 2147483647;
			files = (
				C41BC5901A84C3F500DC6B59 /* Images.xcassets in Resources */,
				C41C76E41A860BD600824696 /* Lato-Italic.ttf in Resources */,
				C41C76E31A860BD600824696 /* Lato-Bold.ttf in Resources */,
				C4B489491A83C3950012EA48 /* CLImageEditor.bundle in Resources */,
				C41C76E61A860BD600824696 /* Lato-Regular.ttf in Resources */,
				C4A9D4FE1A736D0A00DA4AEA /* Main.storyboard in Resources */,
				C41C76E21A860BD600824696 /* flat-ui-icons-regular.ttf in Resources */,
				C4A9D5031A736D0A00DA4AEA /* LaunchScreen.xib in Resources */,
				C41C76E51A860BD600824696 /* Lato-Light.ttf in Resources */,
			);
			runOnlyForDeploymentPostprocessing = 0;
		};
		C4A9D5061A736D0A00DA4AEA /* Resources */ = {
			isa = PBXResourcesBuildPhase;
			buildActionMask = 2147483647;
			files = (
			);
			runOnlyForDeploymentPostprocessing = 0;
		};
/* End PBXResourcesBuildPhase section */

/* Begin PBXSourcesBuildPhase section */
		C4A9D4E81A736D0900DA4AEA /* Sources */ = {
			isa = PBXSourcesBuildPhase;
			buildActionMask = 2147483647;
			files = (
				C4B489541A83C3950012EA48 /* CLHueEffect.m in Sources */,
				C4B489841A83E2690012EA48 /* CLBlurTool.m in Sources */,
				C456DC951A76325F005E25B0 /* titleViewController.m in Sources */,
				C4250B7A1A7375A9005B5F27 /* playViewController.m in Sources */,
				C41C771F1A860C5E00824696 /* UIPopoverController+FlatUI.m in Sources */,
				C4B4894B1A83C3950012EA48 /* CLImageEditorTheme.m in Sources */,
				C41C77231A860C5E00824696 /* UITabBar+FlatUI.m in Sources */,
				C4B489551A83C3950012EA48 /* CLPixellateEffect.m in Sources */,
				C41C77191A860C5E00824696 /* NSString+Icons.m in Sources */,
				C4B4897C1A83CF3E0012EA48 /* CLPickerDrum.m in Sources */,
				C4B489581A83C3950012EA48 /* CLEffectBase.m in Sources */,
				C4B489521A83C3950012EA48 /* CLGloomEffect.m in Sources */,
				C4B4897B1A83CF3E0012EA48 /* CLFontPickerView.m in Sources */,
				C4B489641A83C3950012EA48 /* UIView+CLImageToolInfo.m in Sources */,
				C4B489531A83C3950012EA48 /* CLHighlightShadowEffect.m in Sources */,
				C4B4895A1A83C3950012EA48 /* CLFilterBase.m in Sources */,
				C41C77211A860C5E00824696 /* UISlider+FlatUI.m in Sources */,
				C41C77241A860C5E00824696 /* UITableViewCell+FlatUI.m in Sources */,
				C41C77221A860C5E00824696 /* UIStepper+FlatUI.m in Sources */,
				C4B4897D1A83CF3E0012EA48 /* CLPickerView.m in Sources */,
				C4BE68321A7BA5F400815D1D /* listCollectionViewController.m in Sources */,
				C4B489691A83C3950012EA48 /* UIView+Frame.m in Sources */,
				C41C77171A860C5E00824696 /* FUISwitch.m in Sources */,
				C4A9D4F51A736D0900DA4AEA /* AppDelegate.m in Sources */,
				C41C77151A860C5E00824696 /* FUIPopoverBackgroundView.m in Sources */,
				C41C77161A860C5E00824696 /* FUISegmentedControl.m in Sources */,
				C41C771E1A860C5E00824696 /* UINavigationBar+FlatUI.m in Sources */,
				C4B489801A83CF3E0012EA48 /* CLTextTool.m in Sources */,
				C4B489661A83C3950012EA48 /* CLSplineInterpolator.m in Sources */,
				C456DC981A763303005E25B0 /* pictureViewController.m in Sources */,
				C41C771B1A860C5E00824696 /* UIColor+FlatUI.m in Sources */,
				C4B489511A83C3950012EA48 /* CLBloomEffect.m in Sources */,
				C4BE68351A7BA73600815D1D /* gameCollectionViewCell.m in Sources */,
				C4B489501A83C3950012EA48 /* CLDrawTool.m in Sources */,
				C41C771D1A860C5E00824696 /* UIImage+FlatUI.m in Sources */,
				C4B489611A83C3950012EA48 /* CLImageEditorTheme+Private.m in Sources */,
				C41C77121A860C5D00824696 /* FUIAlertView.m in Sources */,
				C4B489591A83C3950012EA48 /* CLEffectTool.m in Sources */,
				C4B489681A83C3950012EA48 /* UIImage+Utility.m in Sources */,
				C4B489601A83C3950012EA48 /* CLColorPickerView.m in Sources */,
				C4A9D4F81A736D0A00DA4AEA /* originalSlideGame.xcdatamodeld in Sources */,
				C4B489631A83C3950012EA48 /* CLToolbarMenuItem.m in Sources */,
				C4B4897E1A83CF3E0012EA48 /* CLTextLabel.m in Sources */,
				C4B489621A83C3950012EA48 /* CLImageToolInfo+Private.m in Sources */,
				C41C77201A860C5E00824696 /* UIProgressView+FlatUI.m in Sources */,
				C41C77181A860C5E00824696 /* FUITextField.m in Sources */,
				C4B4895F1A83C3950012EA48 /* CLCircleView.m in Sources */,
				C4B489651A83C3950012EA48 /* CLClassList.m in Sources */,
				C4A9D4F21A736D0900DA4AEA /* main.m in Sources */,
				C4B4895C1A83C3950012EA48 /* CLImageToolBase.m in Sources */,
				C4F332811A771C1700374362 /* resultViewController.m in Sources */,
				C400450D1A81B3CE0084F8FF /* headerCollectionReusableView.m in Sources */,
				C41C77141A860C5E00824696 /* FUICellBackgroundView.m in Sources */,
				C41C771A1A860C5E00824696 /* UIBarButtonItem+FlatUI.m in Sources */,
				C41C77131A860C5E00824696 /* FUIButton.m in Sources */,
				C4598A6D1A7F91D300AEBBC9 /* hardPlayViewController.m in Sources */,
				C4B4895B1A83C3950012EA48 /* CLFilterTool.m in Sources */,
				C4B4894C1A83C3950012EA48 /* CLImageToolInfo.m in Sources */,
				C41C771C1A860C5E00824696 /* UIFont+FlatUI.m in Sources */,
				C4B4894A1A83C3950012EA48 /* CLImageEditor.m in Sources */,
				C4B4897F1A83CF3E0012EA48 /* CLTextSettingView.m in Sources */,
				C4B4896A1A83C3950012EA48 /* _CLImageEditorViewController.m in Sources */,
				C41C77251A860C5E00824696 /* UIToolbar+FlatUI.m in Sources */,
				C4B489671A83C3950012EA48 /* UIDevice+SystemVersion.m in Sources */,
				C4B489561A83C3950012EA48 /* CLPosterizeEffect.m in Sources */,
				C4B489571A83C3950012EA48 /* CLSpotEffect.m in Sources */,
			);
			runOnlyForDeploymentPostprocessing = 0;
		};
		C4A9D5041A736D0A00DA4AEA /* Sources */ = {
			isa = PBXSourcesBuildPhase;
			buildActionMask = 2147483647;
			files = (
				C4A9D50F1A736D0A00DA4AEA /* originalSlideGameTests.m in Sources */,
			);
			runOnlyForDeploymentPostprocessing = 0;
		};
/* End PBXSourcesBuildPhase section */

/* Begin PBXTargetDependency section */
		C4A9D50A1A736D0A00DA4AEA /* PBXTargetDependency */ = {
			isa = PBXTargetDependency;
			target = C4A9D4EB1A736D0900DA4AEA /* originalSlideGame */;
			targetProxy = C4A9D5091A736D0A00DA4AEA /* PBXContainerItemProxy */;
		};
/* End PBXTargetDependency section */

/* Begin PBXVariantGroup section */
		C4A9D4FC1A736D0A00DA4AEA /* Main.storyboard */ = {
			isa = PBXVariantGroup;
			children = (
				C4A9D4FD1A736D0A00DA4AEA /* Base */,
			);
			name = Main.storyboard;
			sourceTree = "<group>";
		};
		C4A9D5011A736D0A00DA4AEA /* LaunchScreen.xib */ = {
			isa = PBXVariantGroup;
			children = (
				C4A9D5021A736D0A00DA4AEA /* Base */,
			);
			name = LaunchScreen.xib;
			sourceTree = "<group>";
		};
/* End PBXVariantGroup section */

/* Begin XCBuildConfiguration section */
		C4A9D5101A736D0A00DA4AEA /* Debug */ = {
			isa = XCBuildConfiguration;
			buildSettings = {
				ALWAYS_SEARCH_USER_PATHS = NO;
				CLANG_CXX_LANGUAGE_STANDARD = "gnu++0x";
				CLANG_CXX_LIBRARY = "libc++";
				CLANG_ENABLE_MODULES = YES;
				CLANG_ENABLE_OBJC_ARC = YES;
				CLANG_WARN_BOOL_CONVERSION = YES;
				CLANG_WARN_CONSTANT_CONVERSION = YES;
				CLANG_WARN_DIRECT_OBJC_ISA_USAGE = YES_ERROR;
				CLANG_WARN_EMPTY_BODY = YES;
				CLANG_WARN_ENUM_CONVERSION = YES;
				CLANG_WARN_INT_CONVERSION = YES;
				CLANG_WARN_OBJC_ROOT_CLASS = YES_ERROR;
				CLANG_WARN_UNREACHABLE_CODE = YES;
				CLANG_WARN__DUPLICATE_METHOD_MATCH = YES;
				"CODE_SIGN_IDENTITY[sdk=iphoneos*]" = "iPhone Developer";
				COPY_PHASE_STRIP = NO;
				ENABLE_STRICT_OBJC_MSGSEND = YES;
				GCC_C_LANGUAGE_STANDARD = gnu99;
				GCC_DYNAMIC_NO_PIC = NO;
				GCC_OPTIMIZATION_LEVEL = 0;
				GCC_PREPROCESSOR_DEFINITIONS = (
					"DEBUG=1",
					"$(inherited)",
				);
				GCC_SYMBOLS_PRIVATE_EXTERN = NO;
				GCC_WARN_64_TO_32_BIT_CONVERSION = YES;
				GCC_WARN_ABOUT_RETURN_TYPE = YES_ERROR;
				GCC_WARN_UNDECLARED_SELECTOR = YES;
				GCC_WARN_UNINITIALIZED_AUTOS = YES_AGGRESSIVE;
				GCC_WARN_UNUSED_FUNCTION = YES;
				GCC_WARN_UNUSED_VARIABLE = YES;
				IPHONEOS_DEPLOYMENT_TARGET = 8.1;
				MTL_ENABLE_DEBUG_INFO = YES;
				ONLY_ACTIVE_ARCH = YES;
				SDKROOT = iphoneos;
			};
			name = Debug;
		};
		C4A9D5111A736D0A00DA4AEA /* Release */ = {
			isa = XCBuildConfiguration;
			buildSettings = {
				ALWAYS_SEARCH_USER_PATHS = NO;
				CLANG_CXX_LANGUAGE_STANDARD = "gnu++0x";
				CLANG_CXX_LIBRARY = "libc++";
				CLANG_ENABLE_MODULES = YES;
				CLANG_ENABLE_OBJC_ARC = YES;
				CLANG_WARN_BOOL_CONVERSION = YES;
				CLANG_WARN_CONSTANT_CONVERSION = YES;
				CLANG_WARN_DIRECT_OBJC_ISA_USAGE = YES_ERROR;
				CLANG_WARN_EMPTY_BODY = YES;
				CLANG_WARN_ENUM_CONVERSION = YES;
				CLANG_WARN_INT_CONVERSION = YES;
				CLANG_WARN_OBJC_ROOT_CLASS = YES_ERROR;
				CLANG_WARN_UNREACHABLE_CODE = YES;
				CLANG_WARN__DUPLICATE_METHOD_MATCH = YES;
				"CODE_SIGN_IDENTITY[sdk=iphoneos*]" = "iPhone Developer";
				COPY_PHASE_STRIP = YES;
				ENABLE_NS_ASSERTIONS = NO;
				ENABLE_STRICT_OBJC_MSGSEND = YES;
				GCC_C_LANGUAGE_STANDARD = gnu99;
				GCC_WARN_64_TO_32_BIT_CONVERSION = YES;
				GCC_WARN_ABOUT_RETURN_TYPE = YES_ERROR;
				GCC_WARN_UNDECLARED_SELECTOR = YES;
				GCC_WARN_UNINITIALIZED_AUTOS = YES_AGGRESSIVE;
				GCC_WARN_UNUSED_FUNCTION = YES;
				GCC_WARN_UNUSED_VARIABLE = YES;
				IPHONEOS_DEPLOYMENT_TARGET = 8.1;
				MTL_ENABLE_DEBUG_INFO = NO;
				SDKROOT = iphoneos;
				VALIDATE_PRODUCT = YES;
			};
			name = Release;
		};
		C4A9D5131A736D0A00DA4AEA /* Debug */ = {
			isa = XCBuildConfiguration;
			buildSettings = {
				ASSETCATALOG_COMPILER_APPICON_NAME = AppIcon;
				INFOPLIST_FILE = originalSlideGame/Info.plist;
				LD_RUNPATH_SEARCH_PATHS = "$(inherited) @executable_path/Frameworks";
				PRODUCT_NAME = "$(TARGET_NAME)";
			};
			name = Debug;
		};
		C4A9D5141A736D0A00DA4AEA /* Release */ = {
			isa = XCBuildConfiguration;
			buildSettings = {
				ASSETCATALOG_COMPILER_APPICON_NAME = AppIcon;
				INFOPLIST_FILE = originalSlideGame/Info.plist;
				LD_RUNPATH_SEARCH_PATHS = "$(inherited) @executable_path/Frameworks";
				PRODUCT_NAME = "$(TARGET_NAME)";
			};
			name = Release;
		};
		C4A9D5161A736D0A00DA4AEA /* Debug */ = {
			isa = XCBuildConfiguration;
			buildSettings = {
				BUNDLE_LOADER = "$(TEST_HOST)";
				FRAMEWORK_SEARCH_PATHS = (
					"$(SDKROOT)/Developer/Library/Frameworks",
					"$(inherited)",
				);
				GCC_PREPROCESSOR_DEFINITIONS = (
					"DEBUG=1",
					"$(inherited)",
				);
				INFOPLIST_FILE = originalSlideGameTests/Info.plist;
				LD_RUNPATH_SEARCH_PATHS = "$(inherited) @executable_path/Frameworks @loader_path/Frameworks";
				PRODUCT_NAME = "$(TARGET_NAME)";
				TEST_HOST = "$(BUILT_PRODUCTS_DIR)/originalSlideGame.app/originalSlideGame";
			};
			name = Debug;
		};
		C4A9D5171A736D0A00DA4AEA /* Release */ = {
			isa = XCBuildConfiguration;
			buildSettings = {
				BUNDLE_LOADER = "$(TEST_HOST)";
				FRAMEWORK_SEARCH_PATHS = (
					"$(SDKROOT)/Developer/Library/Frameworks",
					"$(inherited)",
				);
				INFOPLIST_FILE = originalSlideGameTests/Info.plist;
				LD_RUNPATH_SEARCH_PATHS = "$(inherited) @executable_path/Frameworks @loader_path/Frameworks";
				PRODUCT_NAME = "$(TARGET_NAME)";
				TEST_HOST = "$(BUILT_PRODUCTS_DIR)/originalSlideGame.app/originalSlideGame";
			};
			name = Release;
		};
/* End XCBuildConfiguration section */

/* Begin XCConfigurationList section */
		C4A9D4E71A736D0900DA4AEA /* Build configuration list for PBXProject "originalSlideGame" */ = {
			isa = XCConfigurationList;
			buildConfigurations = (
				C4A9D5101A736D0A00DA4AEA /* Debug */,
				C4A9D5111A736D0A00DA4AEA /* Release */,
			);
			defaultConfigurationIsVisible = 0;
			defaultConfigurationName = Release;
		};
		C4A9D5121A736D0A00DA4AEA /* Build configuration list for PBXNativeTarget "originalSlideGame" */ = {
			isa = XCConfigurationList;
			buildConfigurations = (
				C4A9D5131A736D0A00DA4AEA /* Debug */,
				C4A9D5141A736D0A00DA4AEA /* Release */,
			);
			defaultConfigurationIsVisible = 0;
			defaultConfigurationName = Release;
		};
		C4A9D5151A736D0A00DA4AEA /* Build configuration list for PBXNativeTarget "originalSlideGameTests" */ = {
			isa = XCConfigurationList;
			buildConfigurations = (
				C4A9D5161A736D0A00DA4AEA /* Debug */,
				C4A9D5171A736D0A00DA4AEA /* Release */,
			);
			defaultConfigurationIsVisible = 0;
			defaultConfigurationName = Release;
		};
/* End XCConfigurationList section */

/* Begin XCVersionGroup section */
		C4A9D4F61A736D0900DA4AEA /* originalSlideGame.xcdatamodeld */ = {
			isa = XCVersionGroup;
			children = (
				C4A9D4F71A736D0900DA4AEA /* originalSlideGame.xcdatamodel */,
			);
			currentVersion = C4A9D4F71A736D0900DA4AEA /* originalSlideGame.xcdatamodel */;
			path = originalSlideGame.xcdatamodeld;
			sourceTree = "<group>";
			versionGroupType = wrapper.xcdatamodel;
		};
/* End XCVersionGroup section */
	};
	rootObject = C4A9D4E41A736D0900DA4AEA /* Project object */;
}
