// !$*UTF8*$!
{
	archiveVersion = 1;
	classes = {
	};
	objectVersion = 46;
	objects = {

/* Begin PBXBuildFile section */
		C4250B7A1A7375A9005B5F27 /* playViewController.m in Sources */ = {isa = PBXBuildFile; fileRef = C4250B791A7375A9005B5F27 /* playViewController.m */; };
		C456DC951A76325F005E25B0 /* titleViewController.m in Sources */ = {isa = PBXBuildFile; fileRef = C456DC941A76325F005E25B0 /* titleViewController.m */; };
		C456DC981A763303005E25B0 /* pictureViewController.m in Sources */ = {isa = PBXBuildFile; fileRef = C456DC971A763303005E25B0 /* pictureViewController.m */; };
		C47865BE1A790E790090350E /* QuartzCore.framework in Frameworks */ = {isa = PBXBuildFile; fileRef = C47865BC1A790E480090350E /* QuartzCore.framework */; };
		C4A9D4F21A736D0900DA4AEA /* main.m in Sources */ = {isa = PBXBuildFile; fileRef = C4A9D4F11A736D0900DA4AEA /* main.m */; };
		C4A9D4F51A736D0900DA4AEA /* AppDelegate.m in Sources */ = {isa = PBXBuildFile; fileRef = C4A9D4F41A736D0900DA4AEA /* AppDelegate.m */; };
		C4A9D4F81A736D0A00DA4AEA /* originalSlideGame.xcdatamodeld in Sources */ = {isa = PBXBuildFile; fileRef = C4A9D4F61A736D0900DA4AEA /* originalSlideGame.xcdatamodeld */; };
		C4A9D4FE1A736D0A00DA4AEA /* Main.storyboard in Resources */ = {isa = PBXBuildFile; fileRef = C4A9D4FC1A736D0A00DA4AEA /* Main.storyboard */; };
		C4A9D5031A736D0A00DA4AEA /* LaunchScreen.xib in Resources */ = {isa = PBXBuildFile; fileRef = C4A9D5011A736D0A00DA4AEA /* LaunchScreen.xib */; };
		C4A9D50F1A736D0A00DA4AEA /* originalSlideGameTests.m in Sources */ = {isa = PBXBuildFile; fileRef = C4A9D50E1A736D0A00DA4AEA /* originalSlideGameTests.m */; };
		C4BE68321A7BA5F400815D1D /* listCollectionViewController.m in Sources */ = {isa = PBXBuildFile; fileRef = C4BE68311A7BA5F400815D1D /* listCollectionViewController.m */; };
		C4BE68351A7BA73600815D1D /* gameCollectionViewCell.m in Sources */ = {isa = PBXBuildFile; fileRef = C4BE68341A7BA73600815D1D /* gameCollectionViewCell.m */; };
		C4D5C6BD1A7E372A000C36F5 /* Images.xcassets in Resources */ = {isa = PBXBuildFile; fileRef = C4D5C6BC1A7E372A000C36F5 /* Images.xcassets */; };
		C4F332811A771C1700374362 /* resultViewController.m in Sources */ = {isa = PBXBuildFile; fileRef = C4F332801A771C1700374362 /* resultViewController.m */; };
/* End PBXBuildFile section */

/* Begin PBXContainerItemProxy section */
		C4A9D5091A736D0A00DA4AEA /* PBXContainerItemProxy */ = {
			isa = PBXContainerItemProxy;
			containerPortal = C4A9D4E41A736D0900DA4AEA /* Project object */;
			proxyType = 1;
			remoteGlobalIDString = C4A9D4EB1A736D0900DA4AEA;
			remoteInfo = originalSlideGame;
		};
/* End PBXContainerItemProxy section */

/* Begin PBXFileReference section */
		C4250B781A7375A9005B5F27 /* playViewController.h */ = {isa = PBXFileReference; fileEncoding = 4; lastKnownFileType = sourcecode.c.h; path = playViewController.h; sourceTree = "<group>"; };
		C4250B791A7375A9005B5F27 /* playViewController.m */ = {isa = PBXFileReference; fileEncoding = 4; lastKnownFileType = sourcecode.c.objc; path = playViewController.m; sourceTree = "<group>"; };
		C456DC931A76325F005E25B0 /* titleViewController.h */ = {isa = PBXFileReference; fileEncoding = 4; lastKnownFileType = sourcecode.c.h; path = titleViewController.h; sourceTree = "<group>"; };
		C456DC941A76325F005E25B0 /* titleViewController.m */ = {isa = PBXFileReference; fileEncoding = 4; lastKnownFileType = sourcecode.c.objc; path = titleViewController.m; sourceTree = "<group>"; };
		C456DC961A763303005E25B0 /* pictureViewController.h */ = {isa = PBXFileReference; fileEncoding = 4; lastKnownFileType = sourcecode.c.h; path = pictureViewController.h; sourceTree = "<group>"; };
		C456DC971A763303005E25B0 /* pictureViewController.m */ = {isa = PBXFileReference; fileEncoding = 4; lastKnownFileType = sourcecode.c.objc; path = pictureViewController.m; sourceTree = "<group>"; };
		C47865BC1A790E480090350E /* QuartzCore.framework */ = {isa = PBXFileReference; lastKnownFileType = wrapper.framework; name = QuartzCore.framework; path = System/Library/Frameworks/QuartzCore.framework; sourceTree = SDKROOT; };
		C4A9D4EC1A736D0900DA4AEA /* originalSlideGame.app */ = {isa = PBXFileReference; explicitFileType = wrapper.application; includeInIndex = 0; path = originalSlideGame.app; sourceTree = BUILT_PRODUCTS_DIR; };
		C4A9D4F01A736D0900DA4AEA /* Info.plist */ = {isa = PBXFileReference; lastKnownFileType = text.plist.xml; path = Info.plist; sourceTree = "<group>"; };
		C4A9D4F11A736D0900DA4AEA /* main.m */ = {isa = PBXFileReference; lastKnownFileType = sourcecode.c.objc; path = main.m; sourceTree = "<group>"; };
		C4A9D4F31A736D0900DA4AEA /* AppDelegate.h */ = {isa = PBXFileReference; lastKnownFileType = sourcecode.c.h; path = AppDelegate.h; sourceTree = "<group>"; };
		C4A9D4F41A736D0900DA4AEA /* AppDelegate.m */ = {isa = PBXFileReference; lastKnownFileType = sourcecode.c.objc; path = AppDelegate.m; sourceTree = "<group>"; };
		C4A9D4F71A736D0900DA4AEA /* originalSlideGame.xcdatamodel */ = {isa = PBXFileReference; lastKnownFileType = wrapper.xcdatamodel; path = originalSlideGame.xcdatamodel; sourceTree = "<group>"; };
		C4A9D4FD1A736D0A00DA4AEA /* Base */ = {isa = PBXFileReference; lastKnownFileType = file.storyboard; name = Base; path = Base.lproj/Main.storyboard; sourceTree = "<group>"; };
		C4A9D5021A736D0A00DA4AEA /* Base */ = {isa = PBXFileReference; lastKnownFileType = file.xib; name = Base; path = Base.lproj/LaunchScreen.xib; sourceTree = "<group>"; };
		C4A9D5081A736D0A00DA4AEA /* originalSlideGameTests.xctest */ = {isa = PBXFileReference; explicitFileType = wrapper.cfbundle; includeInIndex = 0; path = originalSlideGameTests.xctest; sourceTree = BUILT_PRODUCTS_DIR; };
		C4A9D50D1A736D0A00DA4AEA /* Info.plist */ = {isa = PBXFileReference; lastKnownFileType = text.plist.xml; path = Info.plist; sourceTree = "<group>"; };
		C4A9D50E1A736D0A00DA4AEA /* originalSlideGameTests.m */ = {isa = PBXFileReference; lastKnownFileType = sourcecode.c.objc; path = originalSlideGameTests.m; sourceTree = "<group>"; };
		C4BE68301A7BA5F400815D1D /* listCollectionViewController.h */ = {isa = PBXFileReference; fileEncoding = 4; lastKnownFileType = sourcecode.c.h; path = listCollectionViewController.h; sourceTree = "<group>"; };
		C4BE68311A7BA5F400815D1D /* listCollectionViewController.m */ = {isa = PBXFileReference; fileEncoding = 4; lastKnownFileType = sourcecode.c.objc; path = listCollectionViewController.m; sourceTree = "<group>"; };
		C4BE68331A7BA73500815D1D /* gameCollectionViewCell.h */ = {isa = PBXFileReference; fileEncoding = 4; lastKnownFileType = sourcecode.c.h; path = gameCollectionViewCell.h; sourceTree = "<group>"; };
		C4BE68341A7BA73600815D1D /* gameCollectionViewCell.m */ = {isa = PBXFileReference; fileEncoding = 4; lastKnownFileType = sourcecode.c.objc; path = gameCollectionViewCell.m; sourceTree = "<group>"; };
		C4D5C6BC1A7E372A000C36F5 /* Images.xcassets */ = {isa = PBXFileReference; lastKnownFileType = folder.assetcatalog; name = Images.xcassets; path = ../../../../../.Trash/Images.xcassets; sourceTree = "<group>"; };
		C4F3327F1A771C1700374362 /* resultViewController.h */ = {isa = PBXFileReference; fileEncoding = 4; lastKnownFileType = sourcecode.c.h; path = resultViewController.h; sourceTree = "<group>"; };
		C4F332801A771C1700374362 /* resultViewController.m */ = {isa = PBXFileReference; fileEncoding = 4; lastKnownFileType = sourcecode.c.objc; path = resultViewController.m; sourceTree = "<group>"; };
/* End PBXFileReference section */

/* Begin PBXFrameworksBuildPhase section */
		C4A9D4E91A736D0900DA4AEA /* Frameworks */ = {
			isa = PBXFrameworksBuildPhase;
			buildActionMask = 2147483647;
			files = (
				C47865BE1A790E790090350E /* QuartzCore.framework in Frameworks */,
			);
			runOnlyForDeploymentPostprocessing = 0;
		};
		C4A9D5051A736D0A00DA4AEA /* Frameworks */ = {
			isa = PBXFrameworksBuildPhase;
			buildActionMask = 2147483647;
			files = (
			);
			runOnlyForDeploymentPostprocessing = 0;
		};
/* End PBXFrameworksBuildPhase section */

/* Begin PBXGroup section */
		C4A9D4E31A736D0900DA4AEA = {
			isa = PBXGroup;
			children = (
				C4A9D4EE1A736D0900DA4AEA /* originalSlideGame */,
				C4A9D50B1A736D0A00DA4AEA /* originalSlideGameTests */,
				C4A9D4ED1A736D0900DA4AEA /* Products */,
				C47865BC1A790E480090350E /* QuartzCore.framework */,
			);
			sourceTree = "<group>";
		};
		C4A9D4ED1A736D0900DA4AEA /* Products */ = {
			isa = PBXGroup;
			children = (
				C4A9D4EC1A736D0900DA4AEA /* originalSlideGame.app */,
				C4A9D5081A736D0A00DA4AEA /* originalSlideGameTests.xctest */,
			);
			name = Products;
			sourceTree = "<group>";
		};
		C4A9D4EE1A736D0900DA4AEA /* originalSlideGame */ = {
			isa = PBXGroup;
			children = (
				C4A9D4FC1A736D0A00DA4AEA /* Main.storyboard */,
				C4A9D4F31A736D0900DA4AEA /* AppDelegate.h */,
				C4A9D4F41A736D0900DA4AEA /* AppDelegate.m */,
				C456DC931A76325F005E25B0 /* titleViewController.h */,
				C456DC941A76325F005E25B0 /* titleViewController.m */,
				C4BE68301A7BA5F400815D1D /* listCollectionViewController.h */,
				C4BE68311A7BA5F400815D1D /* listCollectionViewController.m */,
				C4250B781A7375A9005B5F27 /* playViewController.h */,
				C4250B791A7375A9005B5F27 /* playViewController.m */,
				C456DC961A763303005E25B0 /* pictureViewController.h */,
				C456DC971A763303005E25B0 /* pictureViewController.m */,
				C4F3327F1A771C1700374362 /* resultViewController.h */,
				C4F332801A771C1700374362 /* resultViewController.m */,
				C4BE68331A7BA73500815D1D /* gameCollectionViewCell.h */,
				C4BE68341A7BA73600815D1D /* gameCollectionViewCell.m */,
				C4A9D5011A736D0A00DA4AEA /* LaunchScreen.xib */,
				C4D5C6BC1A7E372A000C36F5 /* Images.xcassets */,
				C4A9D4F61A736D0900DA4AEA /* originalSlideGame.xcdatamodeld */,
				C4A9D4EF1A736D0900DA4AEA /* Supporting Files */,
			);
			path = originalSlideGame;
			sourceTree = "<group>";
		};
		C4A9D4EF1A736D0900DA4AEA /* Supporting Files */ = {
			isa = PBXGroup;
			children = (
				C4A9D4F01A736D0900DA4AEA /* Info.plist */,
				C4A9D4F11A736D0900DA4AEA /* main.m */,
			);
			name = "Supporting Files";
			sourceTree = "<group>";
		};
		C4A9D50B1A736D0A00DA4AEA /* originalSlideGameTests */ = {
			isa = PBXGroup;
			children = (
				C4A9D50E1A736D0A00DA4AEA /* originalSlideGameTests.m */,
				C4A9D50C1A736D0A00DA4AEA /* Supporting Files */,
			);
			path = originalSlideGameTests;
			sourceTree = "<group>";
		};
		C4A9D50C1A736D0A00DA4AEA /* Supporting Files */ = {
			isa = PBXGroup;
			children = (
				C4A9D50D1A736D0A00DA4AEA /* Info.plist */,
			);
			name = "Supporting Files";
			sourceTree = "<group>";
		};
/* End PBXGroup section */

/* Begin PBXNativeTarget section */
		C4A9D4EB1A736D0900DA4AEA /* originalSlideGame */ = {
			isa = PBXNativeTarget;
			buildConfigurationList = C4A9D5121A736D0A00DA4AEA /* Build configuration list for PBXNativeTarget "originalSlideGame" */;
			buildPhases = (
				C4A9D4E81A736D0900DA4AEA /* Sources */,
				C4A9D4E91A736D0900DA4AEA /* Frameworks */,
				C4A9D4EA1A736D0900DA4AEA /* Resources */,
			);
			buildRules = (
			);
			dependencies = (
			);
			name = originalSlideGame;
			productName = originalSlideGame;
			productReference = C4A9D4EC1A736D0900DA4AEA /* originalSlideGame.app */;
			productType = "com.apple.product-type.application";
		};
		C4A9D5071A736D0A00DA4AEA /* originalSlideGameTests */ = {
			isa = PBXNativeTarget;
			buildConfigurationList = C4A9D5151A736D0A00DA4AEA /* Build configuration list for PBXNativeTarget "originalSlideGameTests" */;
			buildPhases = (
				C4A9D5041A736D0A00DA4AEA /* Sources */,
				C4A9D5051A736D0A00DA4AEA /* Frameworks */,
				C4A9D5061A736D0A00DA4AEA /* Resources */,
			);
			buildRules = (
			);
			dependencies = (
				C4A9D50A1A736D0A00DA4AEA /* PBXTargetDependency */,
			);
			name = originalSlideGameTests;
			productName = originalSlideGameTests;
			productReference = C4A9D5081A736D0A00DA4AEA /* originalSlideGameTests.xctest */;
			productType = "com.apple.product-type.bundle.unit-test";
		};
/* End PBXNativeTarget section */

/* Begin PBXProject section */
		C4A9D4E41A736D0900DA4AEA /* Project object */ = {
			isa = PBXProject;
			attributes = {
				LastUpgradeCheck = 0610;
				ORGANIZATIONNAME = "Tomohide Nakahsima";
				TargetAttributes = {
					C4A9D4EB1A736D0900DA4AEA = {
						CreatedOnToolsVersion = 6.1.1;
					};
					C4A9D5071A736D0A00DA4AEA = {
						CreatedOnToolsVersion = 6.1.1;
						TestTargetID = C4A9D4EB1A736D0900DA4AEA;
					};
				};
			};
			buildConfigurationList = C4A9D4E71A736D0900DA4AEA /* Build configuration list for PBXProject "originalSlideGame" */;
			compatibilityVersion = "Xcode 3.2";
			developmentRegion = English;
			hasScannedForEncodings = 0;
			knownRegions = (
				en,
				Base,
			);
			mainGroup = C4A9D4E31A736D0900DA4AEA;
			productRefGroup = C4A9D4ED1A736D0900DA4AEA /* Products */;
			projectDirPath = "";
			projectRoot = "";
			targets = (
				C4A9D4EB1A736D0900DA4AEA /* originalSlideGame */,
				C4A9D5071A736D0A00DA4AEA /* originalSlideGameTests */,
			);
		};
/* End PBXProject section */

/* Begin PBXResourcesBuildPhase section */
		C4A9D4EA1A736D0900DA4AEA /* Resources */ = {
			isa = PBXResourcesBuildPhase;
			buildActionMask = 2147483647;
			files = (
				C4D5C6BD1A7E372A000C36F5 /* Images.xcassets in Resources */,
				C4A9D4FE1A736D0A00DA4AEA /* Main.storyboard in Resources */,
				C4A9D5031A736D0A00DA4AEA /* LaunchScreen.xib in Resources */,
			);
			runOnlyForDeploymentPostprocessing = 0;
		};
		C4A9D5061A736D0A00DA4AEA /* Resources */ = {
			isa = PBXResourcesBuildPhase;
			buildActionMask = 2147483647;
			files = (
			);
			runOnlyForDeploymentPostprocessing = 0;
		};
/* End PBXResourcesBuildPhase section */

/* Begin PBXSourcesBuildPhase section */
		C4A9D4E81A736D0900DA4AEA /* Sources */ = {
			isa = PBXSourcesBuildPhase;
			buildActionMask = 2147483647;
			files = (
				C456DC951A76325F005E25B0 /* titleViewController.m in Sources */,
				C4250B7A1A7375A9005B5F27 /* playViewController.m in Sources */,
				C4BE68321A7BA5F400815D1D /* listCollectionViewController.m in Sources */,
				C4A9D4F51A736D0900DA4AEA /* AppDelegate.m in Sources */,
				C456DC981A763303005E25B0 /* pictureViewController.m in Sources */,
				C4BE68351A7BA73600815D1D /* gameCollectionViewCell.m in Sources */,
				C4A9D4F81A736D0A00DA4AEA /* originalSlideGame.xcdatamodeld in Sources */,
				C4A9D4F21A736D0900DA4AEA /* main.m in Sources */,
				C4F332811A771C1700374362 /* resultViewController.m in Sources */,
			);
			runOnlyForDeploymentPostprocessing = 0;
		};
		C4A9D5041A736D0A00DA4AEA /* Sources */ = {
			isa = PBXSourcesBuildPhase;
			buildActionMask = 2147483647;
			files = (
				C4A9D50F1A736D0A00DA4AEA /* originalSlideGameTests.m in Sources */,
			);
			runOnlyForDeploymentPostprocessing = 0;
		};
/* End PBXSourcesBuildPhase section */

/* Begin PBXTargetDependency section */
		C4A9D50A1A736D0A00DA4AEA /* PBXTargetDependency */ = {
			isa = PBXTargetDependency;
			target = C4A9D4EB1A736D0900DA4AEA /* originalSlideGame */;
			targetProxy = C4A9D5091A736D0A00DA4AEA /* PBXContainerItemProxy */;
		};
/* End PBXTargetDependency section */

/* Begin PBXVariantGroup section */
		C4A9D4FC1A736D0A00DA4AEA /* Main.storyboard */ = {
			isa = PBXVariantGroup;
			children = (
				C4A9D4FD1A736D0A00DA4AEA /* Base */,
			);
			name = Main.storyboard;
			sourceTree = "<group>";
		};
		C4A9D5011A736D0A00DA4AEA /* LaunchScreen.xib */ = {
			isa = PBXVariantGroup;
			children = (
				C4A9D5021A736D0A00DA4AEA /* Base */,
			);
			name = LaunchScreen.xib;
			sourceTree = "<group>";
		};
/* End PBXVariantGroup section */

/* Begin XCBuildConfiguration section */
		C4A9D5101A736D0A00DA4AEA /* Debug */ = {
			isa = XCBuildConfiguration;
			buildSettings = {
				ALWAYS_SEARCH_USER_PATHS = NO;
				CLANG_CXX_LANGUAGE_STANDARD = "gnu++0x";
				CLANG_CXX_LIBRARY = "libc++";
				CLANG_ENABLE_MODULES = YES;
				CLANG_ENABLE_OBJC_ARC = YES;
				CLANG_WARN_BOOL_CONVERSION = YES;
				CLANG_WARN_CONSTANT_CONVERSION = YES;
				CLANG_WARN_DIRECT_OBJC_ISA_USAGE = YES_ERROR;
				CLANG_WARN_EMPTY_BODY = YES;
				CLANG_WARN_ENUM_CONVERSION = YES;
				CLANG_WARN_INT_CONVERSION = YES;
				CLANG_WARN_OBJC_ROOT_CLASS = YES_ERROR;
				CLANG_WARN_UNREACHABLE_CODE = YES;
				CLANG_WARN__DUPLICATE_METHOD_MATCH = YES;
				"CODE_SIGN_IDENTITY[sdk=iphoneos*]" = "iPhone Developer";
				COPY_PHASE_STRIP = NO;
				ENABLE_STRICT_OBJC_MSGSEND = YES;
				GCC_C_LANGUAGE_STANDARD = gnu99;
				GCC_DYNAMIC_NO_PIC = NO;
				GCC_OPTIMIZATION_LEVEL = 0;
				GCC_PREPROCESSOR_DEFINITIONS = (
					"DEBUG=1",
					"$(inherited)",
				);
				GCC_SYMBOLS_PRIVATE_EXTERN = NO;
				GCC_WARN_64_TO_32_BIT_CONVERSION = YES;
				GCC_WARN_ABOUT_RETURN_TYPE = YES_ERROR;
				GCC_WARN_UNDECLARED_SELECTOR = YES;
				GCC_WARN_UNINITIALIZED_AUTOS = YES_AGGRESSIVE;
				GCC_WARN_UNUSED_FUNCTION = YES;
				GCC_WARN_UNUSED_VARIABLE = YES;
				IPHONEOS_DEPLOYMENT_TARGET = 8.1;
				MTL_ENABLE_DEBUG_INFO = YES;
				ONLY_ACTIVE_ARCH = YES;
				SDKROOT = iphoneos;
			};
			name = Debug;
		};
		C4A9D5111A736D0A00DA4AEA /* Release */ = {
			isa = XCBuildConfiguration;
			buildSettings = {
				ALWAYS_SEARCH_USER_PATHS = NO;
				CLANG_CXX_LANGUAGE_STANDARD = "gnu++0x";
				CLANG_CXX_LIBRARY = "libc++";
				CLANG_ENABLE_MODULES = YES;
				CLANG_ENABLE_OBJC_ARC = YES;
				CLANG_WARN_BOOL_CONVERSION = YES;
				CLANG_WARN_CONSTANT_CONVERSION = YES;
				CLANG_WARN_DIRECT_OBJC_ISA_USAGE = YES_ERROR;
				CLANG_WARN_EMPTY_BODY = YES;
				CLANG_WARN_ENUM_CONVERSION = YES;
				CLANG_WARN_INT_CONVERSION = YES;
				CLANG_WARN_OBJC_ROOT_CLASS = YES_ERROR;
				CLANG_WARN_UNREACHABLE_CODE = YES;
				CLANG_WARN__DUPLICATE_METHOD_MATCH = YES;
				"CODE_SIGN_IDENTITY[sdk=iphoneos*]" = "iPhone Developer";
				COPY_PHASE_STRIP = YES;
				ENABLE_NS_ASSERTIONS = NO;
				ENABLE_STRICT_OBJC_MSGSEND = YES;
				GCC_C_LANGUAGE_STANDARD = gnu99;
				GCC_WARN_64_TO_32_BIT_CONVERSION = YES;
				GCC_WARN_ABOUT_RETURN_TYPE = YES_ERROR;
				GCC_WARN_UNDECLARED_SELECTOR = YES;
				GCC_WARN_UNINITIALIZED_AUTOS = YES_AGGRESSIVE;
				GCC_WARN_UNUSED_FUNCTION = YES;
				GCC_WARN_UNUSED_VARIABLE = YES;
				IPHONEOS_DEPLOYMENT_TARGET = 8.1;
				MTL_ENABLE_DEBUG_INFO = NO;
				SDKROOT = iphoneos;
				VALIDATE_PRODUCT = YES;
			};
			name = Release;
		};
		C4A9D5131A736D0A00DA4AEA /* Debug */ = {
			isa = XCBuildConfiguration;
			buildSettings = {
				ASSETCATALOG_COMPILER_APPICON_NAME = AppIcon;
				INFOPLIST_FILE = originalSlideGame/Info.plist;
				LD_RUNPATH_SEARCH_PATHS = "$(inherited) @executable_path/Frameworks";
				PRODUCT_NAME = "$(TARGET_NAME)";
			};
			name = Debug;
		};
		C4A9D5141A736D0A00DA4AEA /* Release */ = {
			isa = XCBuildConfiguration;
			buildSettings = {
				ASSETCATALOG_COMPILER_APPICON_NAME = AppIcon;
				INFOPLIST_FILE = originalSlideGame/Info.plist;
				LD_RUNPATH_SEARCH_PATHS = "$(inherited) @executable_path/Frameworks";
				PRODUCT_NAME = "$(TARGET_NAME)";
			};
			name = Release;
		};
		C4A9D5161A736D0A00DA4AEA /* Debug */ = {
			isa = XCBuildConfiguration;
			buildSettings = {
				BUNDLE_LOADER = "$(TEST_HOST)";
				FRAMEWORK_SEARCH_PATHS = (
					"$(SDKROOT)/Developer/Library/Frameworks",
					"$(inherited)",
				);
				GCC_PREPROCESSOR_DEFINITIONS = (
					"DEBUG=1",
					"$(inherited)",
				);
				INFOPLIST_FILE = originalSlideGameTests/Info.plist;
				LD_RUNPATH_SEARCH_PATHS = "$(inherited) @executable_path/Frameworks @loader_path/Frameworks";
				PRODUCT_NAME = "$(TARGET_NAME)";
				TEST_HOST = "$(BUILT_PRODUCTS_DIR)/originalSlideGame.app/originalSlideGame";
			};
			name = Debug;
		};
		C4A9D5171A736D0A00DA4AEA /* Release */ = {
			isa = XCBuildConfiguration;
			buildSettings = {
				BUNDLE_LOADER = "$(TEST_HOST)";
				FRAMEWORK_SEARCH_PATHS = (
					"$(SDKROOT)/Developer/Library/Frameworks",
					"$(inherited)",
				);
				INFOPLIST_FILE = originalSlideGameTests/Info.plist;
				LD_RUNPATH_SEARCH_PATHS = "$(inherited) @executable_path/Frameworks @loader_path/Frameworks";
				PRODUCT_NAME = "$(TARGET_NAME)";
				TEST_HOST = "$(BUILT_PRODUCTS_DIR)/originalSlideGame.app/originalSlideGame";
			};
			name = Release;
		};
/* End XCBuildConfiguration section */

/* Begin XCConfigurationList section */
		C4A9D4E71A736D0900DA4AEA /* Build configuration list for PBXProject "originalSlideGame" */ = {
			isa = XCConfigurationList;
			buildConfigurations = (
				C4A9D5101A736D0A00DA4AEA /* Debug */,
				C4A9D5111A736D0A00DA4AEA /* Release */,
			);
			defaultConfigurationIsVisible = 0;
			defaultConfigurationName = Release;
		};
		C4A9D5121A736D0A00DA4AEA /* Build configuration list for PBXNativeTarget "originalSlideGame" */ = {
			isa = XCConfigurationList;
			buildConfigurations = (
				C4A9D5131A736D0A00DA4AEA /* Debug */,
				C4A9D5141A736D0A00DA4AEA /* Release */,
			);
			defaultConfigurationIsVisible = 0;
			defaultConfigurationName = Release;
		};
		C4A9D5151A736D0A00DA4AEA /* Build configuration list for PBXNativeTarget "originalSlideGameTests" */ = {
			isa = XCConfigurationList;
			buildConfigurations = (
				C4A9D5161A736D0A00DA4AEA /* Debug */,
				C4A9D5171A736D0A00DA4AEA /* Release */,
			);
			defaultConfigurationIsVisible = 0;
			defaultConfigurationName = Release;
		};
/* End XCConfigurationList section */

/* Begin XCVersionGroup section */
		C4A9D4F61A736D0900DA4AEA /* originalSlideGame.xcdatamodeld */ = {
			isa = XCVersionGroup;
			children = (
				C4A9D4F71A736D0900DA4AEA /* originalSlideGame.xcdatamodel */,
			);
			currentVersion = C4A9D4F71A736D0900DA4AEA /* originalSlideGame.xcdatamodel */;
			path = originalSlideGame.xcdatamodeld;
			sourceTree = "<group>";
			versionGroupType = wrapper.xcdatamodel;
		};
/* End XCVersionGroup section */
	};
	rootObject = C4A9D4E41A736D0900DA4AEA /* Project object */;
}
